{
    "format_version": "0.1",
    "terraform_version": "0.13.0",
    "variables": {
        "acl": {
            "value": "private"
        },
        "bucket": {
            "value": "test-bucket-20200825"
        },
        "bucket_prefix": {
            "value": []
        },
        "bucket_suffix": {
            "value": []
        },
        "cors_rule": {
            "value": {
                "allowed_headers": [
                    "*"
                ],
                "allowed_methods": [
                    "PUT",
                    "POST"
                ],
                "allowed_origins": [
                    "*"
                ],
                "expose_headers": [],
                "max_age_seconds": [
                    3000
                ]
            }
        },
        "custom_policy": {
            "value": null
        },
        "disable_rw_policy": {
            "value": null
        },
        "encryption": {
            "value": false
        },
        "error_document": {
            "value": "error.html"
        },
        "index_document": {
            "value": "index.html"
        },
        "kms_master_key_id": {
            "value": "AES256"
        },
        "logging_bucket": {
            "value": null
        },
        "mfa_delete": {
            "value": false
        },
        "provider_region": {
            "value": "us-east-1"
        },
        "read_access": {
            "value": []
        },
        "region": {
            "value": "us-east-1"
        },
        "static_hosting": {
            "value": false
        },
        "tags": {
            "value": {
                "Module_GitHub_URL": "https://github.com/TheCloudMage/TF-AWS-S3-Module.git",
                "Provisioned_By": "Terraform"
            }
        },
        "versioning": {
            "value": false
        },
        "write_access": {
            "value": []
        }
    },
    "planned_values": {
        "outputs": {
            "arn": {
                "sensitive": false
            },
            "bucket_domain_name": {
                "sensitive": false
            },
            "bucket_regional_domain_name": {
                "sensitive": false
            },
            "id": {
                "sensitive": false
            },
            "region": {
                "sensitive": false
            }
        },
        "root_module": {
            "child_modules": [
                {
                    "resources": [
                        {
                            "address": "module.defaults.aws_s3_bucket.this",
                            "mode": "managed",
                            "type": "aws_s3_bucket",
                            "name": "this",
                            "provider_name": "registry.terraform.io/hashicorp/aws",
                            "schema_version": 0,
                            "values": {
                                "acl": "private",
                                "bucket": "test-bucket-20200825",
                                "bucket_prefix": null,
                                "cors_rule": [
                                    {
                                        "allowed_headers": [
                                            "*"
                                        ],
                                        "allowed_methods": [
                                            "GET",
                                            "PUT",
                                            "POST"
                                        ],
                                        "allowed_origins": [
                                            "*"
                                        ],
                                        "expose_headers": [],
                                        "max_age_seconds": 3000
                                    }
                                ],
                                "force_destroy": false,
                                "grant": [],
                                "lifecycle_rule": [],
                                "logging": [],
                                "object_lock_configuration": [],
                                "policy": null,
                                "replication_configuration": [],
                                "server_side_encryption_configuration": [],
                                "versioning": [
                                    {
                                        "enabled": false,
                                        "mfa_delete": false
                                    }
                                ],
                                "website": []
                            }
                        },
                        {
                            "address": "module.defaults.aws_s3_bucket_policy.this",
                            "mode": "managed",
                            "type": "aws_s3_bucket_policy",
                            "name": "this",
                            "provider_name": "registry.terraform.io/hashicorp/aws",
                            "schema_version": 0,
                            "values": {
                                "policy": "{\n  \"Version\": \"2012-10-17\",\n  \"Statement\": [\n    {\n      \"Sid\": \"DenyNonSecureTransport\",\n      \"Effect\": \"Deny\",\n      \"Action\": \"s3:*\",\n      \"Resource\": [\n        \"arn:aws:s3:::test-bucket-20200825/*\",\n        \"arn:aws:s3:::test-bucket-20200825\"\n      ],\n      \"Principal\": {\n        \"AWS\": \"*\"\n      },\n      \"Condition\": {\n        \"Bool\": {\n          \"aws:SecureTransport\": [\n            \"false\"\n          ]\n        }\n      }\n    }\n  ]\n}"
                            }
                        },
                        {
                            "address": "module.defaults.data.aws_iam_policy_document.custom_policy",
                            "mode": "data",
                            "type": "aws_iam_policy_document",
                            "name": "custom_policy",
                            "provider_name": "registry.terraform.io/hashicorp/aws",
                            "schema_version": 0,
                            "values": {
                                "id": "2247369030",
                                "json": "{\n  \"Version\": \"2012-10-17\",\n  \"Statement\": [\n    {\n      \"Sid\": \"DenyNonSecureTransport\",\n      \"Effect\": \"Deny\",\n      \"Action\": \"s3:*\",\n      \"Resource\": [\n        \"arn:aws:s3:::test-bucket-20200825/*\",\n        \"arn:aws:s3:::test-bucket-20200825\"\n      ],\n      \"Principal\": {\n        \"AWS\": \"*\"\n      },\n      \"Condition\": {\n        \"Bool\": {\n          \"aws:SecureTransport\": [\n            \"false\"\n          ]\n        }\n      }\n    }\n  ]\n}",
                                "override_json": null,
                                "policy_id": null,
                                "source_json": "{\n  \"Version\": \"2012-10-17\",\n  \"Statement\": [\n    {\n      \"Sid\": \"DenyNonSecureTransport\",\n      \"Effect\": \"Deny\",\n      \"Action\": \"s3:*\",\n      \"Resource\": [\n        \"arn:aws:s3:::test-bucket-20200825/*\",\n        \"arn:aws:s3:::test-bucket-20200825\"\n      ],\n      \"Principal\": {\n        \"AWS\": \"*\"\n      },\n      \"Condition\": {\n        \"Bool\": {\n          \"aws:SecureTransport\": [\n            \"false\"\n          ]\n        }\n      }\n    }\n  ]\n}",
                                "statement": null,
                                "version": "2012-10-17"
                            }
                        },
                        {
                            "address": "module.defaults.data.aws_iam_policy_document.encryption_in_transit",
                            "mode": "data",
                            "type": "aws_iam_policy_document",
                            "name": "encryption_in_transit",
                            "provider_name": "registry.terraform.io/hashicorp/aws",
                            "schema_version": 0,
                            "values": {
                                "id": "3873094285",
                                "json": "{\n  \"Version\": \"2012-10-17\",\n  \"Statement\": [\n    {\n      \"Sid\": \"DenyNonSecureTransport\",\n      \"Effect\": \"Deny\",\n      \"Action\": \"s3:*\",\n      \"Resource\": [\n        \"arn:aws:s3:::test-bucket-20200825/*\",\n        \"arn:aws:s3:::test-bucket-20200825\"\n      ],\n      \"Principal\": {\n        \"AWS\": \"*\"\n      },\n      \"Condition\": {\n        \"Bool\": {\n          \"aws:SecureTransport\": \"false\"\n        }\n      }\n    }\n  ]\n}",
                                "override_json": null,
                                "policy_id": null,
                                "source_json": null,
                                "statement": [
                                    {
                                        "actions": [
                                            "s3:*"
                                        ],
                                        "condition": [
                                            {
                                                "test": "Bool",
                                                "values": [
                                                    "false"
                                                ],
                                                "variable": "aws:SecureTransport"
                                            }
                                        ],
                                        "effect": "Deny",
                                        "not_actions": [],
                                        "not_principals": [],
                                        "not_resources": [],
                                        "principals": [
                                            {
                                                "identifiers": [
                                                    "*"
                                                ],
                                                "type": "AWS"
                                            }
                                        ],
                                        "resources": [
                                            "arn:aws:s3:::test-bucket-20200825",
                                            "arn:aws:s3:::test-bucket-20200825/*"
                                        ],
                                        "sid": "DenyNonSecureTransport"
                                    }
                                ],
                                "version": "2012-10-17"
                            }
                        },
                        {
                            "address": "module.defaults.data.aws_iam_policy_document.read_access",
                            "mode": "data",
                            "type": "aws_iam_policy_document",
                            "name": "read_access",
                            "provider_name": "registry.terraform.io/hashicorp/aws",
                            "schema_version": 0,
                            "values": {
                                "id": "4041298476",
                                "json": "{\n  \"Version\": \"2012-10-17\",\n  \"Statement\": [\n    {\n      \"Sid\": \"ReadAccess\",\n      \"Effect\": \"Allow\",\n      \"Action\": [\n        \"s3:ListMultipartUploadParts\",\n        \"s3:ListBucketVersions\",\n        \"s3:ListBucketMultipartUploads\",\n        \"s3:ListBucket*\",\n        \"s3:ListAllMyBuckets\",\n        \"s3:HeadBucket\",\n        \"s3:GetObjectVersion\",\n        \"s3:GetObjectTagging\",\n        \"s3:GetObject\",\n        \"s3:GetEncryptionConfiguration\",\n        \"s3:GetBucketVersioning\",\n        \"s3:GetBucketLocation\"\n      ],\n      \"Resource\": [\n        \"arn:aws:s3:::test-bucket-20200825/*\",\n        \"arn:aws:s3:::test-bucket-20200825\"\n      ],\n      \"Principal\": {\n        \"AWS\": \"arn:aws:iam::321340180252:root\"\n      }\n    }\n  ]\n}",
                                "override_json": null,
                                "policy_id": null,
                                "source_json": null,
                                "statement": [
                                    {
                                        "actions": [
                                            "s3:GetBucketLocation",
                                            "s3:GetBucketVersioning",
                                            "s3:GetEncryptionConfiguration",
                                            "s3:GetObject",
                                            "s3:GetObjectTagging",
                                            "s3:GetObjectVersion",
                                            "s3:HeadBucket",
                                            "s3:ListAllMyBuckets",
                                            "s3:ListBucket*",
                                            "s3:ListBucketMultipartUploads",
                                            "s3:ListBucketVersions",
                                            "s3:ListMultipartUploadParts"
                                        ],
                                        "condition": [],
                                        "effect": "Allow",
                                        "not_actions": [],
                                        "not_principals": [],
                                        "not_resources": [],
                                        "principals": [
                                            {
                                                "identifiers": [
                                                    "arn:aws:iam::321340180252:root"
                                                ],
                                                "type": "AWS"
                                            }
                                        ],
                                        "resources": [
                                            "arn:aws:s3:::test-bucket-20200825",
                                            "arn:aws:s3:::test-bucket-20200825/*"
                                        ],
                                        "sid": "ReadAccess"
                                    }
                                ],
                                "version": "2012-10-17"
                            }
                        },
                        {
                            "address": "module.defaults.data.aws_iam_policy_document.read_policy",
                            "mode": "data",
                            "type": "aws_iam_policy_document",
                            "name": "read_policy",
                            "provider_name": "registry.terraform.io/hashicorp/aws",
                            "schema_version": 0,
                            "values": {
                                "id": "2247369030",
                                "json": "{\n  \"Version\": \"2012-10-17\",\n  \"Statement\": [\n    {\n      \"Sid\": \"DenyNonSecureTransport\",\n      \"Effect\": \"Deny\",\n      \"Action\": \"s3:*\",\n      \"Resource\": [\n        \"arn:aws:s3:::test-bucket-20200825/*\",\n        \"arn:aws:s3:::test-bucket-20200825\"\n      ],\n      \"Principal\": {\n        \"AWS\": \"*\"\n      },\n      \"Condition\": {\n        \"Bool\": {\n          \"aws:SecureTransport\": [\n            \"false\"\n          ]\n        }\n      }\n    }\n  ]\n}",
                                "override_json": null,
                                "policy_id": null,
                                "source_json": "{\n  \"Version\": \"2012-10-17\",\n  \"Statement\": [\n    {\n      \"Sid\": \"DenyNonSecureTransport\",\n      \"Effect\": \"Deny\",\n      \"Action\": \"s3:*\",\n      \"Resource\": [\n        \"arn:aws:s3:::test-bucket-20200825/*\",\n        \"arn:aws:s3:::test-bucket-20200825\"\n      ],\n      \"Principal\": {\n        \"AWS\": \"*\"\n      },\n      \"Condition\": {\n        \"Bool\": {\n          \"aws:SecureTransport\": \"false\"\n        }\n      }\n    }\n  ]\n}",
                                "statement": null,
                                "version": "2012-10-17"
                            }
                        },
                        {
                            "address": "module.defaults.data.aws_iam_policy_document.this",
                            "mode": "data",
                            "type": "aws_iam_policy_document",
                            "name": "this",
                            "provider_name": "registry.terraform.io/hashicorp/aws",
                            "schema_version": 0,
                            "values": {
                                "id": "2247369030",
                                "json": "{\n  \"Version\": \"2012-10-17\",\n  \"Statement\": [\n    {\n      \"Sid\": \"DenyNonSecureTransport\",\n      \"Effect\": \"Deny\",\n      \"Action\": \"s3:*\",\n      \"Resource\": [\n        \"arn:aws:s3:::test-bucket-20200825/*\",\n        \"arn:aws:s3:::test-bucket-20200825\"\n      ],\n      \"Principal\": {\n        \"AWS\": \"*\"\n      },\n      \"Condition\": {\n        \"Bool\": {\n          \"aws:SecureTransport\": [\n            \"false\"\n          ]\n        }\n      }\n    }\n  ]\n}",
                                "override_json": null,
                                "policy_id": null,
                                "source_json": "{\n  \"Version\": \"2012-10-17\",\n  \"Statement\": [\n    {\n      \"Sid\": \"DenyNonSecureTransport\",\n      \"Effect\": \"Deny\",\n      \"Action\": \"s3:*\",\n      \"Resource\": [\n        \"arn:aws:s3:::test-bucket-20200825/*\",\n        \"arn:aws:s3:::test-bucket-20200825\"\n      ],\n      \"Principal\": {\n        \"AWS\": \"*\"\n      },\n      \"Condition\": {\n        \"Bool\": {\n          \"aws:SecureTransport\": [\n            \"false\"\n          ]\n        }\n      }\n    }\n  ]\n}",
                                "statement": null,
                                "version": "2012-10-17"
                            }
                        },
                        {
                            "address": "module.defaults.data.aws_iam_policy_document.write_access",
                            "mode": "data",
                            "type": "aws_iam_policy_document",
                            "name": "write_access",
                            "provider_name": "registry.terraform.io/hashicorp/aws",
                            "schema_version": 0,
                            "values": {
                                "id": "3715200857",
                                "json": "{\n  \"Version\": \"2012-10-17\",\n  \"Statement\": [\n    {\n      \"Sid\": \"WriteAccess\",\n      \"Effect\": \"Allow\",\n      \"Action\": [\n        \"s3:RestoreObject\",\n        \"s3:PutObjectRetention\",\n        \"s3:PutObject\",\n        \"s3:DeleteObjectVersion\",\n        \"s3:DeleteObject\",\n        \"s3:AbortMultipartUpload\"\n      ],\n      \"Resource\": [\n        \"arn:aws:s3:::test-bucket-20200825/*\",\n        \"arn:aws:s3:::test-bucket-20200825\"\n      ],\n      \"Principal\": {\n        \"AWS\": \"arn:aws:iam::321340180252:root\"\n      }\n    }\n  ]\n}",
                                "override_json": null,
                                "policy_id": null,
                                "source_json": null,
                                "statement": [
                                    {
                                        "actions": [
                                            "s3:AbortMultipartUpload",
                                            "s3:DeleteObject",
                                            "s3:DeleteObjectVersion",
                                            "s3:PutObject",
                                            "s3:PutObjectRetention",
                                            "s3:RestoreObject"
                                        ],
                                        "condition": [],
                                        "effect": "Allow",
                                        "not_actions": [],
                                        "not_principals": [],
                                        "not_resources": [],
                                        "principals": [
                                            {
                                                "identifiers": [
                                                    "arn:aws:iam::321340180252:root"
                                                ],
                                                "type": "AWS"
                                            }
                                        ],
                                        "resources": [
                                            "arn:aws:s3:::test-bucket-20200825",
                                            "arn:aws:s3:::test-bucket-20200825/*"
                                        ],
                                        "sid": "WriteAccess"
                                    }
                                ],
                                "version": "2012-10-17"
                            }
                        },
                        {
                            "address": "module.defaults.data.aws_iam_policy_document.write_policy",
                            "mode": "data",
                            "type": "aws_iam_policy_document",
                            "name": "write_policy",
                            "provider_name": "registry.terraform.io/hashicorp/aws",
                            "schema_version": 0,
                            "values": {
                                "id": "2247369030",
                                "json": "{\n  \"Version\": \"2012-10-17\",\n  \"Statement\": [\n    {\n      \"Sid\": \"DenyNonSecureTransport\",\n      \"Effect\": \"Deny\",\n      \"Action\": \"s3:*\",\n      \"Resource\": [\n        \"arn:aws:s3:::test-bucket-20200825/*\",\n        \"arn:aws:s3:::test-bucket-20200825\"\n      ],\n      \"Principal\": {\n        \"AWS\": \"*\"\n      },\n      \"Condition\": {\n        \"Bool\": {\n          \"aws:SecureTransport\": [\n            \"false\"\n          ]\n        }\n      }\n    }\n  ]\n}",
                                "override_json": null,
                                "policy_id": null,
                                "source_json": "{\n  \"Version\": \"2012-10-17\",\n  \"Statement\": [\n    {\n      \"Sid\": \"DenyNonSecureTransport\",\n      \"Effect\": \"Deny\",\n      \"Action\": \"s3:*\",\n      \"Resource\": [\n        \"arn:aws:s3:::test-bucket-20200825/*\",\n        \"arn:aws:s3:::test-bucket-20200825\"\n      ],\n      \"Principal\": {\n        \"AWS\": \"*\"\n      },\n      \"Condition\": {\n        \"Bool\": {\n          \"aws:SecureTransport\": [\n            \"false\"\n          ]\n        }\n      }\n    }\n  ]\n}",
                                "statement": null,
                                "version": "2012-10-17"
                            }
                        }
                    ],
                    "address": "module.defaults"
                }
            ]
        }
    },
    "resource_changes": [
        {
            "address": "module.defaults.aws_s3_bucket.this",
            "module_address": "module.defaults",
            "mode": "managed",
            "type": "aws_s3_bucket",
            "name": "this",
            "provider_name": "registry.terraform.io/hashicorp/aws",
            "change": {
                "actions": [
                    "create"
                ],
                "before": null,
                "after": {
                    "acl": "private",
                    "bucket": "test-bucket-20200825",
                    "bucket_prefix": null,
                    "cors_rule": [
                        {
                            "allowed_headers": [
                                "*"
                            ],
                            "allowed_methods": [
                                "GET",
                                "PUT",
                                "POST"
                            ],
                            "allowed_origins": [
                                "*"
                            ],
                            "expose_headers": [],
                            "max_age_seconds": 3000
                        }
                    ],
                    "force_destroy": false,
                    "grant": [],
                    "lifecycle_rule": [],
                    "logging": [],
                    "object_lock_configuration": [],
                    "policy": null,
                    "replication_configuration": [],
                    "server_side_encryption_configuration": [],
                    "versioning": [
                        {
                            "enabled": false,
                            "mfa_delete": false
                        }
                    ],
                    "website": []
                },
                "after_unknown": {
                    "acceleration_status": true,
                    "arn": true,
                    "bucket_domain_name": true,
                    "bucket_regional_domain_name": true,
                    "cors_rule": [
                        {
                            "allowed_headers": [
                                false
                            ],
                            "allowed_methods": [
                                false,
                                false,
                                false
                            ],
                            "allowed_origins": [
                                false
                            ],
                            "expose_headers": []
                        }
                    ],
                    "grant": [],
                    "hosted_zone_id": true,
                    "id": true,
                    "lifecycle_rule": [],
                    "logging": [],
                    "object_lock_configuration": [],
                    "region": true,
                    "replication_configuration": [],
                    "request_payer": true,
                    "server_side_encryption_configuration": [],
                    "tags": true,
                    "versioning": [
                        {}
                    ],
                    "website": [],
                    "website_domain": true,
                    "website_endpoint": true
                }
            }
        },
        {
            "address": "module.defaults.aws_s3_bucket_policy.this",
            "module_address": "module.defaults",
            "mode": "managed",
            "type": "aws_s3_bucket_policy",
            "name": "this",
            "provider_name": "registry.terraform.io/hashicorp/aws",
            "change": {
                "actions": [
                    "create"
                ],
                "before": null,
                "after": {
                    "policy": "{\n  \"Version\": \"2012-10-17\",\n  \"Statement\": [\n    {\n      \"Sid\": \"DenyNonSecureTransport\",\n      \"Effect\": \"Deny\",\n      \"Action\": \"s3:*\",\n      \"Resource\": [\n        \"arn:aws:s3:::test-bucket-20200825/*\",\n        \"arn:aws:s3:::test-bucket-20200825\"\n      ],\n      \"Principal\": {\n        \"AWS\": \"*\"\n      },\n      \"Condition\": {\n        \"Bool\": {\n          \"aws:SecureTransport\": [\n            \"false\"\n          ]\n        }\n      }\n    }\n  ]\n}"
                },
                "after_unknown": {
                    "bucket": true,
                    "id": true
                }
            }
        },
        {
            "address": "module.defaults.data.aws_iam_policy_document.custom_policy",
            "module_address": "module.defaults",
            "mode": "data",
            "type": "aws_iam_policy_document",
            "name": "custom_policy",
            "provider_name": "registry.terraform.io/hashicorp/aws",
            "change": {
                "actions": [
                    "no-op"
                ],
                "before": {
                    "id": "2247369030",
                    "json": "{\n  \"Version\": \"2012-10-17\",\n  \"Statement\": [\n    {\n      \"Sid\": \"DenyNonSecureTransport\",\n      \"Effect\": \"Deny\",\n      \"Action\": \"s3:*\",\n      \"Resource\": [\n        \"arn:aws:s3:::test-bucket-20200825/*\",\n        \"arn:aws:s3:::test-bucket-20200825\"\n      ],\n      \"Principal\": {\n        \"AWS\": \"*\"\n      },\n      \"Condition\": {\n        \"Bool\": {\n          \"aws:SecureTransport\": [\n            \"false\"\n          ]\n        }\n      }\n    }\n  ]\n}",
                    "override_json": null,
                    "policy_id": null,
                    "source_json": "{\n  \"Version\": \"2012-10-17\",\n  \"Statement\": [\n    {\n      \"Sid\": \"DenyNonSecureTransport\",\n      \"Effect\": \"Deny\",\n      \"Action\": \"s3:*\",\n      \"Resource\": [\n        \"arn:aws:s3:::test-bucket-20200825/*\",\n        \"arn:aws:s3:::test-bucket-20200825\"\n      ],\n      \"Principal\": {\n        \"AWS\": \"*\"\n      },\n      \"Condition\": {\n        \"Bool\": {\n          \"aws:SecureTransport\": [\n            \"false\"\n          ]\n        }\n      }\n    }\n  ]\n}",
                    "statement": null,
                    "version": "2012-10-17"
                },
                "after": {
                    "id": "2247369030",
                    "json": "{\n  \"Version\": \"2012-10-17\",\n  \"Statement\": [\n    {\n      \"Sid\": \"DenyNonSecureTransport\",\n      \"Effect\": \"Deny\",\n      \"Action\": \"s3:*\",\n      \"Resource\": [\n        \"arn:aws:s3:::test-bucket-20200825/*\",\n        \"arn:aws:s3:::test-bucket-20200825\"\n      ],\n      \"Principal\": {\n        \"AWS\": \"*\"\n      },\n      \"Condition\": {\n        \"Bool\": {\n          \"aws:SecureTransport\": [\n            \"false\"\n          ]\n        }\n      }\n    }\n  ]\n}",
                    "override_json": null,
                    "policy_id": null,
                    "source_json": "{\n  \"Version\": \"2012-10-17\",\n  \"Statement\": [\n    {\n      \"Sid\": \"DenyNonSecureTransport\",\n      \"Effect\": \"Deny\",\n      \"Action\": \"s3:*\",\n      \"Resource\": [\n        \"arn:aws:s3:::test-bucket-20200825/*\",\n        \"arn:aws:s3:::test-bucket-20200825\"\n      ],\n      \"Principal\": {\n        \"AWS\": \"*\"\n      },\n      \"Condition\": {\n        \"Bool\": {\n          \"aws:SecureTransport\": [\n            \"false\"\n          ]\n        }\n      }\n    }\n  ]\n}",
                    "statement": null,
                    "version": "2012-10-17"
                },
                "after_unknown": {}
            }
        },
        {
            "address": "module.defaults.data.aws_iam_policy_document.encryption_in_transit",
            "module_address": "module.defaults",
            "mode": "data",
            "type": "aws_iam_policy_document",
            "name": "encryption_in_transit",
            "provider_name": "registry.terraform.io/hashicorp/aws",
            "change": {
                "actions": [
                    "no-op"
                ],
                "before": {
                    "id": "3873094285",
                    "json": "{\n  \"Version\": \"2012-10-17\",\n  \"Statement\": [\n    {\n      \"Sid\": \"DenyNonSecureTransport\",\n      \"Effect\": \"Deny\",\n      \"Action\": \"s3:*\",\n      \"Resource\": [\n        \"arn:aws:s3:::test-bucket-20200825/*\",\n        \"arn:aws:s3:::test-bucket-20200825\"\n      ],\n      \"Principal\": {\n        \"AWS\": \"*\"\n      },\n      \"Condition\": {\n        \"Bool\": {\n          \"aws:SecureTransport\": \"false\"\n        }\n      }\n    }\n  ]\n}",
                    "override_json": null,
                    "policy_id": null,
                    "source_json": null,
                    "statement": [
                        {
                            "actions": [
                                "s3:*"
                            ],
                            "condition": [
                                {
                                    "test": "Bool",
                                    "values": [
                                        "false"
                                    ],
                                    "variable": "aws:SecureTransport"
                                }
                            ],
                            "effect": "Deny",
                            "not_actions": [],
                            "not_principals": [],
                            "not_resources": [],
                            "principals": [
                                {
                                    "identifiers": [
                                        "*"
                                    ],
                                    "type": "AWS"
                                }
                            ],
                            "resources": [
                                "arn:aws:s3:::test-bucket-20200825",
                                "arn:aws:s3:::test-bucket-20200825/*"
                            ],
                            "sid": "DenyNonSecureTransport"
                        }
                    ],
                    "version": "2012-10-17"
                },
                "after": {
                    "id": "3873094285",
                    "json": "{\n  \"Version\": \"2012-10-17\",\n  \"Statement\": [\n    {\n      \"Sid\": \"DenyNonSecureTransport\",\n      \"Effect\": \"Deny\",\n      \"Action\": \"s3:*\",\n      \"Resource\": [\n        \"arn:aws:s3:::test-bucket-20200825/*\",\n        \"arn:aws:s3:::test-bucket-20200825\"\n      ],\n      \"Principal\": {\n        \"AWS\": \"*\"\n      },\n      \"Condition\": {\n        \"Bool\": {\n          \"aws:SecureTransport\": \"false\"\n        }\n      }\n    }\n  ]\n}",
                    "override_json": null,
                    "policy_id": null,
                    "source_json": null,
                    "statement": [
                        {
                            "actions": [
                                "s3:*"
                            ],
                            "condition": [
                                {
                                    "test": "Bool",
                                    "values": [
                                        "false"
                                    ],
                                    "variable": "aws:SecureTransport"
                                }
                            ],
                            "effect": "Deny",
                            "not_actions": [],
                            "not_principals": [],
                            "not_resources": [],
                            "principals": [
                                {
                                    "identifiers": [
                                        "*"
                                    ],
                                    "type": "AWS"
                                }
                            ],
                            "resources": [
                                "arn:aws:s3:::test-bucket-20200825",
                                "arn:aws:s3:::test-bucket-20200825/*"
                            ],
                            "sid": "DenyNonSecureTransport"
                        }
                    ],
                    "version": "2012-10-17"
                },
                "after_unknown": {}
            }
        },
        {
            "address": "module.defaults.data.aws_iam_policy_document.read_access",
            "module_address": "module.defaults",
            "mode": "data",
            "type": "aws_iam_policy_document",
            "name": "read_access",
            "provider_name": "registry.terraform.io/hashicorp/aws",
            "change": {
                "actions": [
                    "no-op"
                ],
                "before": {
                    "id": "4041298476",
                    "json": "{\n  \"Version\": \"2012-10-17\",\n  \"Statement\": [\n    {\n      \"Sid\": \"ReadAccess\",\n      \"Effect\": \"Allow\",\n      \"Action\": [\n        \"s3:ListMultipartUploadParts\",\n        \"s3:ListBucketVersions\",\n        \"s3:ListBucketMultipartUploads\",\n        \"s3:ListBucket*\",\n        \"s3:ListAllMyBuckets\",\n        \"s3:HeadBucket\",\n        \"s3:GetObjectVersion\",\n        \"s3:GetObjectTagging\",\n        \"s3:GetObject\",\n        \"s3:GetEncryptionConfiguration\",\n        \"s3:GetBucketVersioning\",\n        \"s3:GetBucketLocation\"\n      ],\n      \"Resource\": [\n        \"arn:aws:s3:::test-bucket-20200825/*\",\n        \"arn:aws:s3:::test-bucket-20200825\"\n      ],\n      \"Principal\": {\n        \"AWS\": \"arn:aws:iam::321340180252:root\"\n      }\n    }\n  ]\n}",
                    "override_json": null,
                    "policy_id": null,
                    "source_json": null,
                    "statement": [
                        {
                            "actions": [
                                "s3:GetBucketLocation",
                                "s3:GetBucketVersioning",
                                "s3:GetEncryptionConfiguration",
                                "s3:GetObject",
                                "s3:GetObjectTagging",
                                "s3:GetObjectVersion",
                                "s3:HeadBucket",
                                "s3:ListAllMyBuckets",
                                "s3:ListBucket*",
                                "s3:ListBucketMultipartUploads",
                                "s3:ListBucketVersions",
                                "s3:ListMultipartUploadParts"
                            ],
                            "condition": [],
                            "effect": "Allow",
                            "not_actions": [],
                            "not_principals": [],
                            "not_resources": [],
                            "principals": [
                                {
                                    "identifiers": [
                                        "arn:aws:iam::321340180252:root"
                                    ],
                                    "type": "AWS"
                                }
                            ],
                            "resources": [
                                "arn:aws:s3:::test-bucket-20200825",
                                "arn:aws:s3:::test-bucket-20200825/*"
                            ],
                            "sid": "ReadAccess"
                        }
                    ],
                    "version": "2012-10-17"
                },
                "after": {
                    "id": "4041298476",
                    "json": "{\n  \"Version\": \"2012-10-17\",\n  \"Statement\": [\n    {\n      \"Sid\": \"ReadAccess\",\n      \"Effect\": \"Allow\",\n      \"Action\": [\n        \"s3:ListMultipartUploadParts\",\n        \"s3:ListBucketVersions\",\n        \"s3:ListBucketMultipartUploads\",\n        \"s3:ListBucket*\",\n        \"s3:ListAllMyBuckets\",\n        \"s3:HeadBucket\",\n        \"s3:GetObjectVersion\",\n        \"s3:GetObjectTagging\",\n        \"s3:GetObject\",\n        \"s3:GetEncryptionConfiguration\",\n        \"s3:GetBucketVersioning\",\n        \"s3:GetBucketLocation\"\n      ],\n      \"Resource\": [\n        \"arn:aws:s3:::test-bucket-20200825/*\",\n        \"arn:aws:s3:::test-bucket-20200825\"\n      ],\n      \"Principal\": {\n        \"AWS\": \"arn:aws:iam::321340180252:root\"\n      }\n    }\n  ]\n}",
                    "override_json": null,
                    "policy_id": null,
                    "source_json": null,
                    "statement": [
                        {
                            "actions": [
                                "s3:GetBucketLocation",
                                "s3:GetBucketVersioning",
                                "s3:GetEncryptionConfiguration",
                                "s3:GetObject",
                                "s3:GetObjectTagging",
                                "s3:GetObjectVersion",
                                "s3:HeadBucket",
                                "s3:ListAllMyBuckets",
                                "s3:ListBucket*",
                                "s3:ListBucketMultipartUploads",
                                "s3:ListBucketVersions",
                                "s3:ListMultipartUploadParts"
                            ],
                            "condition": [],
                            "effect": "Allow",
                            "not_actions": [],
                            "not_principals": [],
                            "not_resources": [],
                            "principals": [
                                {
                                    "identifiers": [
                                        "arn:aws:iam::321340180252:root"
                                    ],
                                    "type": "AWS"
                                }
                            ],
                            "resources": [
                                "arn:aws:s3:::test-bucket-20200825",
                                "arn:aws:s3:::test-bucket-20200825/*"
                            ],
                            "sid": "ReadAccess"
                        }
                    ],
                    "version": "2012-10-17"
                },
                "after_unknown": {}
            }
        },
        {
            "address": "module.defaults.data.aws_iam_policy_document.read_policy",
            "module_address": "module.defaults",
            "mode": "data",
            "type": "aws_iam_policy_document",
            "name": "read_policy",
            "provider_name": "registry.terraform.io/hashicorp/aws",
            "change": {
                "actions": [
                    "no-op"
                ],
                "before": {
                    "id": "2247369030",
                    "json": "{\n  \"Version\": \"2012-10-17\",\n  \"Statement\": [\n    {\n      \"Sid\": \"DenyNonSecureTransport\",\n      \"Effect\": \"Deny\",\n      \"Action\": \"s3:*\",\n      \"Resource\": [\n        \"arn:aws:s3:::test-bucket-20200825/*\",\n        \"arn:aws:s3:::test-bucket-20200825\"\n      ],\n      \"Principal\": {\n        \"AWS\": \"*\"\n      },\n      \"Condition\": {\n        \"Bool\": {\n          \"aws:SecureTransport\": [\n            \"false\"\n          ]\n        }\n      }\n    }\n  ]\n}",
                    "override_json": null,
                    "policy_id": null,
                    "source_json": "{\n  \"Version\": \"2012-10-17\",\n  \"Statement\": [\n    {\n      \"Sid\": \"DenyNonSecureTransport\",\n      \"Effect\": \"Deny\",\n      \"Action\": \"s3:*\",\n      \"Resource\": [\n        \"arn:aws:s3:::test-bucket-20200825/*\",\n        \"arn:aws:s3:::test-bucket-20200825\"\n      ],\n      \"Principal\": {\n        \"AWS\": \"*\"\n      },\n      \"Condition\": {\n        \"Bool\": {\n          \"aws:SecureTransport\": \"false\"\n        }\n      }\n    }\n  ]\n}",
                    "statement": null,
                    "version": "2012-10-17"
                },
                "after": {
                    "id": "2247369030",
                    "json": "{\n  \"Version\": \"2012-10-17\",\n  \"Statement\": [\n    {\n      \"Sid\": \"DenyNonSecureTransport\",\n      \"Effect\": \"Deny\",\n      \"Action\": \"s3:*\",\n      \"Resource\": [\n        \"arn:aws:s3:::test-bucket-20200825/*\",\n        \"arn:aws:s3:::test-bucket-20200825\"\n      ],\n      \"Principal\": {\n        \"AWS\": \"*\"\n      },\n      \"Condition\": {\n        \"Bool\": {\n          \"aws:SecureTransport\": [\n            \"false\"\n          ]\n        }\n      }\n    }\n  ]\n}",
                    "override_json": null,
                    "policy_id": null,
                    "source_json": "{\n  \"Version\": \"2012-10-17\",\n  \"Statement\": [\n    {\n      \"Sid\": \"DenyNonSecureTransport\",\n      \"Effect\": \"Deny\",\n      \"Action\": \"s3:*\",\n      \"Resource\": [\n        \"arn:aws:s3:::test-bucket-20200825/*\",\n        \"arn:aws:s3:::test-bucket-20200825\"\n      ],\n      \"Principal\": {\n        \"AWS\": \"*\"\n      },\n      \"Condition\": {\n        \"Bool\": {\n          \"aws:SecureTransport\": \"false\"\n        }\n      }\n    }\n  ]\n}",
                    "statement": null,
                    "version": "2012-10-17"
                },
                "after_unknown": {}
            }
        },
        {
            "address": "module.defaults.data.aws_iam_policy_document.this",
            "module_address": "module.defaults",
            "mode": "data",
            "type": "aws_iam_policy_document",
            "name": "this",
            "provider_name": "registry.terraform.io/hashicorp/aws",
            "change": {
                "actions": [
                    "no-op"
                ],
                "before": {
                    "id": "2247369030",
                    "json": "{\n  \"Version\": \"2012-10-17\",\n  \"Statement\": [\n    {\n      \"Sid\": \"DenyNonSecureTransport\",\n      \"Effect\": \"Deny\",\n      \"Action\": \"s3:*\",\n      \"Resource\": [\n        \"arn:aws:s3:::test-bucket-20200825/*\",\n        \"arn:aws:s3:::test-bucket-20200825\"\n      ],\n      \"Principal\": {\n        \"AWS\": \"*\"\n      },\n      \"Condition\": {\n        \"Bool\": {\n          \"aws:SecureTransport\": [\n            \"false\"\n          ]\n        }\n      }\n    }\n  ]\n}",
                    "override_json": null,
                    "policy_id": null,
                    "source_json": "{\n  \"Version\": \"2012-10-17\",\n  \"Statement\": [\n    {\n      \"Sid\": \"DenyNonSecureTransport\",\n      \"Effect\": \"Deny\",\n      \"Action\": \"s3:*\",\n      \"Resource\": [\n        \"arn:aws:s3:::test-bucket-20200825/*\",\n        \"arn:aws:s3:::test-bucket-20200825\"\n      ],\n      \"Principal\": {\n        \"AWS\": \"*\"\n      },\n      \"Condition\": {\n        \"Bool\": {\n          \"aws:SecureTransport\": [\n            \"false\"\n          ]\n        }\n      }\n    }\n  ]\n}",
                    "statement": null,
                    "version": "2012-10-17"
                },
                "after": {
                    "id": "2247369030",
                    "json": "{\n  \"Version\": \"2012-10-17\",\n  \"Statement\": [\n    {\n      \"Sid\": \"DenyNonSecureTransport\",\n      \"Effect\": \"Deny\",\n      \"Action\": \"s3:*\",\n      \"Resource\": [\n        \"arn:aws:s3:::test-bucket-20200825/*\",\n        \"arn:aws:s3:::test-bucket-20200825\"\n      ],\n      \"Principal\": {\n        \"AWS\": \"*\"\n      },\n      \"Condition\": {\n        \"Bool\": {\n          \"aws:SecureTransport\": [\n            \"false\"\n          ]\n        }\n      }\n    }\n  ]\n}",
                    "override_json": null,
                    "policy_id": null,
                    "source_json": "{\n  \"Version\": \"2012-10-17\",\n  \"Statement\": [\n    {\n      \"Sid\": \"DenyNonSecureTransport\",\n      \"Effect\": \"Deny\",\n      \"Action\": \"s3:*\",\n      \"Resource\": [\n        \"arn:aws:s3:::test-bucket-20200825/*\",\n        \"arn:aws:s3:::test-bucket-20200825\"\n      ],\n      \"Principal\": {\n        \"AWS\": \"*\"\n      },\n      \"Condition\": {\n        \"Bool\": {\n          \"aws:SecureTransport\": [\n            \"false\"\n          ]\n        }\n      }\n    }\n  ]\n}",
                    "statement": null,
                    "version": "2012-10-17"
                },
                "after_unknown": {}
            }
        },
        {
            "address": "module.defaults.data.aws_iam_policy_document.write_access",
            "module_address": "module.defaults",
            "mode": "data",
            "type": "aws_iam_policy_document",
            "name": "write_access",
            "provider_name": "registry.terraform.io/hashicorp/aws",
            "change": {
                "actions": [
                    "no-op"
                ],
                "before": {
                    "id": "3715200857",
                    "json": "{\n  \"Version\": \"2012-10-17\",\n  \"Statement\": [\n    {\n      \"Sid\": \"WriteAccess\",\n      \"Effect\": \"Allow\",\n      \"Action\": [\n        \"s3:RestoreObject\",\n        \"s3:PutObjectRetention\",\n        \"s3:PutObject\",\n        \"s3:DeleteObjectVersion\",\n        \"s3:DeleteObject\",\n        \"s3:AbortMultipartUpload\"\n      ],\n      \"Resource\": [\n        \"arn:aws:s3:::test-bucket-20200825/*\",\n        \"arn:aws:s3:::test-bucket-20200825\"\n      ],\n      \"Principal\": {\n        \"AWS\": \"arn:aws:iam::321340180252:root\"\n      }\n    }\n  ]\n}",
                    "override_json": null,
                    "policy_id": null,
                    "source_json": null,
                    "statement": [
                        {
                            "actions": [
                                "s3:AbortMultipartUpload",
                                "s3:DeleteObject",
                                "s3:DeleteObjectVersion",
                                "s3:PutObject",
                                "s3:PutObjectRetention",
                                "s3:RestoreObject"
                            ],
                            "condition": [],
                            "effect": "Allow",
                            "not_actions": [],
                            "not_principals": [],
                            "not_resources": [],
                            "principals": [
                                {
                                    "identifiers": [
                                        "arn:aws:iam::321340180252:root"
                                    ],
                                    "type": "AWS"
                                }
                            ],
                            "resources": [
                                "arn:aws:s3:::test-bucket-20200825",
                                "arn:aws:s3:::test-bucket-20200825/*"
                            ],
                            "sid": "WriteAccess"
                        }
                    ],
                    "version": "2012-10-17"
                },
                "after": {
                    "id": "3715200857",
                    "json": "{\n  \"Version\": \"2012-10-17\",\n  \"Statement\": [\n    {\n      \"Sid\": \"WriteAccess\",\n      \"Effect\": \"Allow\",\n      \"Action\": [\n        \"s3:RestoreObject\",\n        \"s3:PutObjectRetention\",\n        \"s3:PutObject\",\n        \"s3:DeleteObjectVersion\",\n        \"s3:DeleteObject\",\n        \"s3:AbortMultipartUpload\"\n      ],\n      \"Resource\": [\n        \"arn:aws:s3:::test-bucket-20200825/*\",\n        \"arn:aws:s3:::test-bucket-20200825\"\n      ],\n      \"Principal\": {\n        \"AWS\": \"arn:aws:iam::321340180252:root\"\n      }\n    }\n  ]\n}",
                    "override_json": null,
                    "policy_id": null,
                    "source_json": null,
                    "statement": [
                        {
                            "actions": [
                                "s3:AbortMultipartUpload",
                                "s3:DeleteObject",
                                "s3:DeleteObjectVersion",
                                "s3:PutObject",
                                "s3:PutObjectRetention",
                                "s3:RestoreObject"
                            ],
                            "condition": [],
                            "effect": "Allow",
                            "not_actions": [],
                            "not_principals": [],
                            "not_resources": [],
                            "principals": [
                                {
                                    "identifiers": [
                                        "arn:aws:iam::321340180252:root"
                                    ],
                                    "type": "AWS"
                                }
                            ],
                            "resources": [
                                "arn:aws:s3:::test-bucket-20200825",
                                "arn:aws:s3:::test-bucket-20200825/*"
                            ],
                            "sid": "WriteAccess"
                        }
                    ],
                    "version": "2012-10-17"
                },
                "after_unknown": {}
            }
        },
        {
            "address": "module.defaults.data.aws_iam_policy_document.write_policy",
            "module_address": "module.defaults",
            "mode": "data",
            "type": "aws_iam_policy_document",
            "name": "write_policy",
            "provider_name": "registry.terraform.io/hashicorp/aws",
            "change": {
                "actions": [
                    "no-op"
                ],
                "before": {
                    "id": "2247369030",
                    "json": "{\n  \"Version\": \"2012-10-17\",\n  \"Statement\": [\n    {\n      \"Sid\": \"DenyNonSecureTransport\",\n      \"Effect\": \"Deny\",\n      \"Action\": \"s3:*\",\n      \"Resource\": [\n        \"arn:aws:s3:::test-bucket-20200825/*\",\n        \"arn:aws:s3:::test-bucket-20200825\"\n      ],\n      \"Principal\": {\n        \"AWS\": \"*\"\n      },\n      \"Condition\": {\n        \"Bool\": {\n          \"aws:SecureTransport\": [\n            \"false\"\n          ]\n        }\n      }\n    }\n  ]\n}",
                    "override_json": null,
                    "policy_id": null,
                    "source_json": "{\n  \"Version\": \"2012-10-17\",\n  \"Statement\": [\n    {\n      \"Sid\": \"DenyNonSecureTransport\",\n      \"Effect\": \"Deny\",\n      \"Action\": \"s3:*\",\n      \"Resource\": [\n        \"arn:aws:s3:::test-bucket-20200825/*\",\n        \"arn:aws:s3:::test-bucket-20200825\"\n      ],\n      \"Principal\": {\n        \"AWS\": \"*\"\n      },\n      \"Condition\": {\n        \"Bool\": {\n          \"aws:SecureTransport\": [\n            \"false\"\n          ]\n        }\n      }\n    }\n  ]\n}",
                    "statement": null,
                    "version": "2012-10-17"
                },
                "after": {
                    "id": "2247369030",
                    "json": "{\n  \"Version\": \"2012-10-17\",\n  \"Statement\": [\n    {\n      \"Sid\": \"DenyNonSecureTransport\",\n      \"Effect\": \"Deny\",\n      \"Action\": \"s3:*\",\n      \"Resource\": [\n        \"arn:aws:s3:::test-bucket-20200825/*\",\n        \"arn:aws:s3:::test-bucket-20200825\"\n      ],\n      \"Principal\": {\n        \"AWS\": \"*\"\n      },\n      \"Condition\": {\n        \"Bool\": {\n          \"aws:SecureTransport\": [\n            \"false\"\n          ]\n        }\n      }\n    }\n  ]\n}",
                    "override_json": null,
                    "policy_id": null,
                    "source_json": "{\n  \"Version\": \"2012-10-17\",\n  \"Statement\": [\n    {\n      \"Sid\": \"DenyNonSecureTransport\",\n      \"Effect\": \"Deny\",\n      \"Action\": \"s3:*\",\n      \"Resource\": [\n        \"arn:aws:s3:::test-bucket-20200825/*\",\n        \"arn:aws:s3:::test-bucket-20200825\"\n      ],\n      \"Principal\": {\n        \"AWS\": \"*\"\n      },\n      \"Condition\": {\n        \"Bool\": {\n          \"aws:SecureTransport\": [\n            \"false\"\n          ]\n        }\n      }\n    }\n  ]\n}",
                    "statement": null,
                    "version": "2012-10-17"
                },
                "after_unknown": {}
            }
        }
    ],
    "output_changes": {
        "arn": {
            "actions": [
                "create"
            ],
            "before": null,
            "after_unknown": true
        },
        "bucket_domain_name": {
            "actions": [
                "create"
            ],
            "before": null,
            "after_unknown": true
        },
        "bucket_regional_domain_name": {
            "actions": [
                "create"
            ],
            "before": null,
            "after_unknown": true
        },
        "hosted_zone_id": {
            "actions": [
                "delete"
            ],
            "before": null,
            "after": null,
            "after_unknown": false
        },
        "id": {
            "actions": [
                "create"
            ],
            "before": null,
            "after_unknown": true
        },
        "region": {
            "actions": [
                "create"
            ],
            "before": null,
            "after_unknown": true
        },
        "website_domain": {
            "actions": [
                "delete"
            ],
            "before": null,
            "after": null,
            "after_unknown": false
        },
        "website_endpoint": {
            "actions": [
                "delete"
            ],
            "before": null,
            "after": null,
            "after_unknown": false
        }
    },
    "prior_state": {
        "format_version": "0.1",
        "terraform_version": "0.13.0",
        "values": {
            "root_module": {
                "child_modules": [
                    {
                        "resources": [
                            {
                                "address": "module.defaults.data.aws_caller_identity.current",
                                "mode": "data",
                                "type": "aws_caller_identity",
                                "name": "current",
                                "provider_name": "registry.terraform.io/hashicorp/aws",
                                "schema_version": 0,
                                "values": {
                                    "account_id": "321340180252",
                                    "arn": "arn:aws:iam::321340180252:user/septre",
                                    "id": "2020-08-26 14:14:22.699731 +0000 UTC",
                                    "user_id": "AIDAUVUK6A4OKZQ5BXDDI"
                                }
                            },
                            {
                                "address": "module.defaults.data.aws_iam_policy_document.custom_policy",
                                "mode": "data",
                                "type": "aws_iam_policy_document",
                                "name": "custom_policy",
                                "provider_name": "registry.terraform.io/hashicorp/aws",
                                "schema_version": 0,
                                "values": {
                                    "id": "2247369030",
                                    "json": "{\n  \"Version\": \"2012-10-17\",\n  \"Statement\": [\n    {\n      \"Sid\": \"DenyNonSecureTransport\",\n      \"Effect\": \"Deny\",\n      \"Action\": \"s3:*\",\n      \"Resource\": [\n        \"arn:aws:s3:::test-bucket-20200825/*\",\n        \"arn:aws:s3:::test-bucket-20200825\"\n      ],\n      \"Principal\": {\n        \"AWS\": \"*\"\n      },\n      \"Condition\": {\n        \"Bool\": {\n          \"aws:SecureTransport\": [\n            \"false\"\n          ]\n        }\n      }\n    }\n  ]\n}",
                                    "override_json": null,
                                    "policy_id": null,
                                    "source_json": "{\n  \"Version\": \"2012-10-17\",\n  \"Statement\": [\n    {\n      \"Sid\": \"DenyNonSecureTransport\",\n      \"Effect\": \"Deny\",\n      \"Action\": \"s3:*\",\n      \"Resource\": [\n        \"arn:aws:s3:::test-bucket-20200825/*\",\n        \"arn:aws:s3:::test-bucket-20200825\"\n      ],\n      \"Principal\": {\n        \"AWS\": \"*\"\n      },\n      \"Condition\": {\n        \"Bool\": {\n          \"aws:SecureTransport\": [\n            \"false\"\n          ]\n        }\n      }\n    }\n  ]\n}",
                                    "statement": null,
                                    "version": "2012-10-17"
                                }
                            },
                            {
                                "address": "module.defaults.data.aws_iam_policy_document.encryption_in_transit",
                                "mode": "data",
                                "type": "aws_iam_policy_document",
                                "name": "encryption_in_transit",
                                "provider_name": "registry.terraform.io/hashicorp/aws",
                                "schema_version": 0,
                                "values": {
                                    "id": "3873094285",
                                    "json": "{\n  \"Version\": \"2012-10-17\",\n  \"Statement\": [\n    {\n      \"Sid\": \"DenyNonSecureTransport\",\n      \"Effect\": \"Deny\",\n      \"Action\": \"s3:*\",\n      \"Resource\": [\n        \"arn:aws:s3:::test-bucket-20200825/*\",\n        \"arn:aws:s3:::test-bucket-20200825\"\n      ],\n      \"Principal\": {\n        \"AWS\": \"*\"\n      },\n      \"Condition\": {\n        \"Bool\": {\n          \"aws:SecureTransport\": \"false\"\n        }\n      }\n    }\n  ]\n}",
                                    "override_json": null,
                                    "policy_id": null,
                                    "source_json": null,
                                    "statement": [
                                        {
                                            "actions": [
                                                "s3:*"
                                            ],
                                            "condition": [
                                                {
                                                    "test": "Bool",
                                                    "values": [
                                                        "false"
                                                    ],
                                                    "variable": "aws:SecureTransport"
                                                }
                                            ],
                                            "effect": "Deny",
                                            "not_actions": [],
                                            "not_principals": [],
                                            "not_resources": [],
                                            "principals": [
                                                {
                                                    "identifiers": [
                                                        "*"
                                                    ],
                                                    "type": "AWS"
                                                }
                                            ],
                                            "resources": [
                                                "arn:aws:s3:::test-bucket-20200825",
                                                "arn:aws:s3:::test-bucket-20200825/*"
                                            ],
                                            "sid": "DenyNonSecureTransport"
                                        }
                                    ],
                                    "version": "2012-10-17"
                                }
                            },
                            {
                                "address": "module.defaults.data.aws_iam_policy_document.read_access",
                                "mode": "data",
                                "type": "aws_iam_policy_document",
                                "name": "read_access",
                                "provider_name": "registry.terraform.io/hashicorp/aws",
                                "schema_version": 0,
                                "values": {
                                    "id": "4041298476",
                                    "json": "{\n  \"Version\": \"2012-10-17\",\n  \"Statement\": [\n    {\n      \"Sid\": \"ReadAccess\",\n      \"Effect\": \"Allow\",\n      \"Action\": [\n        \"s3:ListMultipartUploadParts\",\n        \"s3:ListBucketVersions\",\n        \"s3:ListBucketMultipartUploads\",\n        \"s3:ListBucket*\",\n        \"s3:ListAllMyBuckets\",\n        \"s3:HeadBucket\",\n        \"s3:GetObjectVersion\",\n        \"s3:GetObjectTagging\",\n        \"s3:GetObject\",\n        \"s3:GetEncryptionConfiguration\",\n        \"s3:GetBucketVersioning\",\n        \"s3:GetBucketLocation\"\n      ],\n      \"Resource\": [\n        \"arn:aws:s3:::test-bucket-20200825/*\",\n        \"arn:aws:s3:::test-bucket-20200825\"\n      ],\n      \"Principal\": {\n        \"AWS\": \"arn:aws:iam::321340180252:root\"\n      }\n    }\n  ]\n}",
                                    "override_json": null,
                                    "policy_id": null,
                                    "source_json": null,
                                    "statement": [
                                        {
                                            "actions": [
                                                "s3:GetBucketLocation",
                                                "s3:GetBucketVersioning",
                                                "s3:GetEncryptionConfiguration",
                                                "s3:GetObject",
                                                "s3:GetObjectTagging",
                                                "s3:GetObjectVersion",
                                                "s3:HeadBucket",
                                                "s3:ListAllMyBuckets",
                                                "s3:ListBucket*",
                                                "s3:ListBucketMultipartUploads",
                                                "s3:ListBucketVersions",
                                                "s3:ListMultipartUploadParts"
                                            ],
                                            "condition": [],
                                            "effect": "Allow",
                                            "not_actions": [],
                                            "not_principals": [],
                                            "not_resources": [],
                                            "principals": [
                                                {
                                                    "identifiers": [
                                                        "arn:aws:iam::321340180252:root"
                                                    ],
                                                    "type": "AWS"
                                                }
                                            ],
                                            "resources": [
                                                "arn:aws:s3:::test-bucket-20200825",
                                                "arn:aws:s3:::test-bucket-20200825/*"
                                            ],
                                            "sid": "ReadAccess"
                                        }
                                    ],
                                    "version": "2012-10-17"
                                }
                            },
                            {
                                "address": "module.defaults.data.aws_iam_policy_document.read_policy",
                                "mode": "data",
                                "type": "aws_iam_policy_document",
                                "name": "read_policy",
                                "provider_name": "registry.terraform.io/hashicorp/aws",
                                "schema_version": 0,
                                "values": {
                                    "id": "2247369030",
                                    "json": "{\n  \"Version\": \"2012-10-17\",\n  \"Statement\": [\n    {\n      \"Sid\": \"DenyNonSecureTransport\",\n      \"Effect\": \"Deny\",\n      \"Action\": \"s3:*\",\n      \"Resource\": [\n        \"arn:aws:s3:::test-bucket-20200825/*\",\n        \"arn:aws:s3:::test-bucket-20200825\"\n      ],\n      \"Principal\": {\n        \"AWS\": \"*\"\n      },\n      \"Condition\": {\n        \"Bool\": {\n          \"aws:SecureTransport\": [\n            \"false\"\n          ]\n        }\n      }\n    }\n  ]\n}",
                                    "override_json": null,
                                    "policy_id": null,
                                    "source_json": "{\n  \"Version\": \"2012-10-17\",\n  \"Statement\": [\n    {\n      \"Sid\": \"DenyNonSecureTransport\",\n      \"Effect\": \"Deny\",\n      \"Action\": \"s3:*\",\n      \"Resource\": [\n        \"arn:aws:s3:::test-bucket-20200825/*\",\n        \"arn:aws:s3:::test-bucket-20200825\"\n      ],\n      \"Principal\": {\n        \"AWS\": \"*\"\n      },\n      \"Condition\": {\n        \"Bool\": {\n          \"aws:SecureTransport\": \"false\"\n        }\n      }\n    }\n  ]\n}",
                                    "statement": null,
                                    "version": "2012-10-17"
                                }
                            },
                            {
                                "address": "module.defaults.data.aws_iam_policy_document.this",
                                "mode": "data",
                                "type": "aws_iam_policy_document",
                                "name": "this",
                                "provider_name": "registry.terraform.io/hashicorp/aws",
                                "schema_version": 0,
                                "values": {
                                    "id": "2247369030",
                                    "json": "{\n  \"Version\": \"2012-10-17\",\n  \"Statement\": [\n    {\n      \"Sid\": \"DenyNonSecureTransport\",\n      \"Effect\": \"Deny\",\n      \"Action\": \"s3:*\",\n      \"Resource\": [\n        \"arn:aws:s3:::test-bucket-20200825/*\",\n        \"arn:aws:s3:::test-bucket-20200825\"\n      ],\n      \"Principal\": {\n        \"AWS\": \"*\"\n      },\n      \"Condition\": {\n        \"Bool\": {\n          \"aws:SecureTransport\": [\n            \"false\"\n          ]\n        }\n      }\n    }\n  ]\n}",
                                    "override_json": null,
                                    "policy_id": null,
                                    "source_json": "{\n  \"Version\": \"2012-10-17\",\n  \"Statement\": [\n    {\n      \"Sid\": \"DenyNonSecureTransport\",\n      \"Effect\": \"Deny\",\n      \"Action\": \"s3:*\",\n      \"Resource\": [\n        \"arn:aws:s3:::test-bucket-20200825/*\",\n        \"arn:aws:s3:::test-bucket-20200825\"\n      ],\n      \"Principal\": {\n        \"AWS\": \"*\"\n      },\n      \"Condition\": {\n        \"Bool\": {\n          \"aws:SecureTransport\": [\n            \"false\"\n          ]\n        }\n      }\n    }\n  ]\n}",
                                    "statement": null,
                                    "version": "2012-10-17"
                                }
                            },
                            {
                                "address": "module.defaults.data.aws_iam_policy_document.write_access",
                                "mode": "data",
                                "type": "aws_iam_policy_document",
                                "name": "write_access",
                                "provider_name": "registry.terraform.io/hashicorp/aws",
                                "schema_version": 0,
                                "values": {
                                    "id": "3715200857",
                                    "json": "{\n  \"Version\": \"2012-10-17\",\n  \"Statement\": [\n    {\n      \"Sid\": \"WriteAccess\",\n      \"Effect\": \"Allow\",\n      \"Action\": [\n        \"s3:RestoreObject\",\n        \"s3:PutObjectRetention\",\n        \"s3:PutObject\",\n        \"s3:DeleteObjectVersion\",\n        \"s3:DeleteObject\",\n        \"s3:AbortMultipartUpload\"\n      ],\n      \"Resource\": [\n        \"arn:aws:s3:::test-bucket-20200825/*\",\n        \"arn:aws:s3:::test-bucket-20200825\"\n      ],\n      \"Principal\": {\n        \"AWS\": \"arn:aws:iam::321340180252:root\"\n      }\n    }\n  ]\n}",
                                    "override_json": null,
                                    "policy_id": null,
                                    "source_json": null,
                                    "statement": [
                                        {
                                            "actions": [
                                                "s3:AbortMultipartUpload",
                                                "s3:DeleteObject",
                                                "s3:DeleteObjectVersion",
                                                "s3:PutObject",
                                                "s3:PutObjectRetention",
                                                "s3:RestoreObject"
                                            ],
                                            "condition": [],
                                            "effect": "Allow",
                                            "not_actions": [],
                                            "not_principals": [],
                                            "not_resources": [],
                                            "principals": [
                                                {
                                                    "identifiers": [
                                                        "arn:aws:iam::321340180252:root"
                                                    ],
                                                    "type": "AWS"
                                                }
                                            ],
                                            "resources": [
                                                "arn:aws:s3:::test-bucket-20200825",
                                                "arn:aws:s3:::test-bucket-20200825/*"
                                            ],
                                            "sid": "WriteAccess"
                                        }
                                    ],
                                    "version": "2012-10-17"
                                }
                            },
                            {
                                "address": "module.defaults.data.aws_iam_policy_document.write_policy",
                                "mode": "data",
                                "type": "aws_iam_policy_document",
                                "name": "write_policy",
                                "provider_name": "registry.terraform.io/hashicorp/aws",
                                "schema_version": 0,
                                "values": {
                                    "id": "2247369030",
                                    "json": "{\n  \"Version\": \"2012-10-17\",\n  \"Statement\": [\n    {\n      \"Sid\": \"DenyNonSecureTransport\",\n      \"Effect\": \"Deny\",\n      \"Action\": \"s3:*\",\n      \"Resource\": [\n        \"arn:aws:s3:::test-bucket-20200825/*\",\n        \"arn:aws:s3:::test-bucket-20200825\"\n      ],\n      \"Principal\": {\n        \"AWS\": \"*\"\n      },\n      \"Condition\": {\n        \"Bool\": {\n          \"aws:SecureTransport\": [\n            \"false\"\n          ]\n        }\n      }\n    }\n  ]\n}",
                                    "override_json": null,
                                    "policy_id": null,
                                    "source_json": "{\n  \"Version\": \"2012-10-17\",\n  \"Statement\": [\n    {\n      \"Sid\": \"DenyNonSecureTransport\",\n      \"Effect\": \"Deny\",\n      \"Action\": \"s3:*\",\n      \"Resource\": [\n        \"arn:aws:s3:::test-bucket-20200825/*\",\n        \"arn:aws:s3:::test-bucket-20200825\"\n      ],\n      \"Principal\": {\n        \"AWS\": \"*\"\n      },\n      \"Condition\": {\n        \"Bool\": {\n          \"aws:SecureTransport\": [\n            \"false\"\n          ]\n        }\n      }\n    }\n  ]\n}",
                                    "statement": null,
                                    "version": "2012-10-17"
                                }
                            }
                        ],
                        "address": "module.defaults"
                    }
                ]
            }
        }
    },
    "configuration": {
        "provider_config": {
            "aws": {
                "name": "aws",
                "expressions": {
                    "region": {
                        "references": [
                            "var.provider_region"
                        ]
                    }
                }
            }
        },
        "root_module": {
            "outputs": {
                "arn": {
                    "expression": {
                        "references": [
                            "module.defaults.arn"
                        ]
                    }
                },
                "bucket_domain_name": {
                    "expression": {
                        "references": [
                            "module.defaults.bucket_domain_name"
                        ]
                    }
                },
                "bucket_regional_domain_name": {
                    "expression": {
                        "references": [
                            "module.defaults.bucket_regional_domain_name"
                        ]
                    }
                },
                "hosted_zone_id": {
                    "expression": {
                        "references": [
                            "module.defaults.hosted_zone_id"
                        ]
                    }
                },
                "id": {
                    "expression": {
                        "references": [
                            "module.defaults.id"
                        ]
                    }
                },
                "region": {
                    "expression": {
                        "references": [
                            "module.defaults.region"
                        ]
                    }
                },
                "website_domain": {
                    "expression": {
                        "references": [
                            "module.defaults.website_domain"
                        ]
                    }
                },
                "website_endpoint": {
                    "expression": {
                        "references": [
                            "module.defaults.website_endpoint"
                        ]
                    }
                }
            },
            "resources": [
                {
                    "address": "data.aws_iam_policy_document.test_policy",
                    "mode": "data",
                    "type": "aws_iam_policy_document",
                    "name": "test_policy",
                    "provider_config_key": "aws",
                    "expressions": {
                        "statement": [
                            {
                                "actions": {
                                    "constant_value": [
                                        "s3:DeleteObject",
                                        "s3:DeleteObjectVersion",
                                        "s3:AbortMultipartUpload"
                                    ]
                                },
                                "principals": [
                                    {
                                        "identifiers": {
                                            "constant_value": [
                                                "arn:aws:iam::123456789101:role/AWS-S3W-Role"
                                            ]
                                        },
                                        "type": {
                                            "constant_value": "AWS"
                                        }
                                    }
                                ],
                                "resources": {
                                    "constant_value": [
                                        "%BUCKET%",
                                        "%BUCKET%/*"
                                    ]
                                }
                            }
                        ]
                    },
                    "schema_version": 0
                }
            ],
            "module_calls": {
                "cmk_encryption": {
                    "source": "../",
                    "expressions": {
                        "bucket": {
                            "references": [
                                "var.bucket"
                            ]
                        },
                        "encryption": {
                            "constant_value": true
                        },
                        "kms_master_key_id": {
                            "constant_value": "arn:aws:kms:us-east-1:123456789101:key/127ab3c4-de5f-6e7d-898c-7ba6b5432abc"
                        }
                    },
                    "module": {
                        "outputs": {
                            "arn": {
                                "expression": {
                                    "references": [
                                        "aws_s3_bucket.this"
                                    ]
                                },
                                "description": "The Amazon Resource Name (ARN) of the provisioned S3 bucket. Will be of format arn:aws:s3:::bucketname"
                            },
                            "bucket_domain_name": {
                                "expression": {
                                    "references": [
                                        "aws_s3_bucket.this"
                                    ]
                                },
                                "description": "The bucket domain name. Will be of format bucketname.s3.amazonaws.com"
                            },
                            "bucket_regional_domain_name": {
                                "expression": {
                                    "references": [
                                        "aws_s3_bucket.this"
                                    ]
                                },
                                "description": "The bucket region-specific domain name."
                            },
                            "hosted_zone_id": {
                                "expression": {
                                    "references": [
                                        "var.static_hosting",
                                        "aws_s3_bucket.this"
                                    ]
                                },
                                "description": "The Route 53 Hosted Zone ID for this bucket's region."
                            },
                            "id": {
                                "expression": {
                                    "references": [
                                        "aws_s3_bucket.this"
                                    ]
                                },
                                "description": "The globally unique identifier for the provisioned S3 bucket."
                            },
                            "region": {
                                "expression": {
                                    "references": [
                                        "aws_s3_bucket.this"
                                    ]
                                },
                                "description": "The AWS region the provisioned S3 bucket resides in"
                            },
                            "website_domain": {
                                "expression": {
                                    "references": [
                                        "var.static_hosting",
                                        "aws_s3_bucket.this"
                                    ]
                                },
                                "description": "The domain of the static S3 website endpoint, if static_hosting was enabled. If not, this will be an empty string. This is used to create Route 53 alias records."
                            },
                            "website_endpoint": {
                                "expression": {
                                    "references": [
                                        "var.static_hosting",
                                        "aws_s3_bucket.this"
                                    ]
                                },
                                "description": "The static S3 website endpoint, if static_hosting was enabled. If not, this will be an empty string."
                            }
                        },
                        "resources": [
                            {
                                "address": "aws_s3_bucket.this",
                                "mode": "managed",
                                "type": "aws_s3_bucket",
                                "name": "this",
                                "provider_config_key": "cmk_encryption:aws",
                                "expressions": {
                                    "acl": {
                                        "references": [
                                            "var.acl"
                                        ]
                                    },
                                    "bucket": {
                                        "references": [
                                            "local.bucket_name"
                                        ]
                                    },
                                    "tags": {
                                        "references": [
                                            "var.tags",
                                            "local.bucket_name",
                                            "data.aws_caller_identity.current",
                                            "data.aws_caller_identity.current",
                                            "var.encryption",
                                            "local.sse_algorithm"
                                        ]
                                    },
                                    "versioning": [
                                        {
                                            "enabled": {
                                                "references": [
                                                    "var.versioning"
                                                ]
                                            },
                                            "mfa_delete": {
                                                "references": [
                                                    "var.mfa_delete"
                                                ]
                                            }
                                        }
                                    ]
                                },
                                "schema_version": 0
                            },
                            {
                                "address": "aws_s3_bucket_policy.this",
                                "mode": "managed",
                                "type": "aws_s3_bucket_policy",
                                "name": "this",
                                "provider_config_key": "cmk_encryption:aws",
                                "expressions": {
                                    "bucket": {
                                        "references": [
                                            "aws_s3_bucket.this"
                                        ]
                                    },
                                    "policy": {
                                        "references": [
                                            "data.aws_iam_policy_document.this"
                                        ]
                                    }
                                },
                                "schema_version": 0
                            },
                            {
                                "address": "data.aws_caller_identity.current",
                                "mode": "data",
                                "type": "aws_caller_identity",
                                "name": "current",
                                "provider_config_key": "cmk_encryption:aws",
                                "schema_version": 0
                            },
                            {
                                "address": "data.aws_iam_policy_document.custom_policy",
                                "mode": "data",
                                "type": "aws_iam_policy_document",
                                "name": "custom_policy",
                                "provider_config_key": "cmk_encryption:aws",
                                "expressions": {
                                    "override_json": {
                                        "references": [
                                            "var.custom_policy",
                                            "var.custom_policy",
                                            "aws_s3_bucket.this"
                                        ]
                                    },
                                    "source_json": {
                                        "references": [
                                            "data.aws_iam_policy_document.write_policy"
                                        ]
                                    }
                                },
                                "schema_version": 0
                            },
                            {
                                "address": "data.aws_iam_policy_document.encryption_in_transit",
                                "mode": "data",
                                "type": "aws_iam_policy_document",
                                "name": "encryption_in_transit",
                                "provider_config_key": "cmk_encryption:aws",
                                "expressions": {
                                    "statement": [
                                        {
                                            "actions": {
                                                "constant_value": [
                                                    "s3:*"
                                                ]
                                            },
                                            "condition": [
                                                {
                                                    "test": {
                                                        "constant_value": "Bool"
                                                    },
                                                    "values": {
                                                        "constant_value": [
                                                            "false"
                                                        ]
                                                    },
                                                    "variable": {
                                                        "constant_value": "aws:SecureTransport"
                                                    }
                                                }
                                            ],
                                            "effect": {
                                                "constant_value": "Deny"
                                            },
                                            "principals": [
                                                {
                                                    "identifiers": {
                                                        "constant_value": [
                                                            "*"
                                                        ]
                                                    },
                                                    "type": {
                                                        "constant_value": "AWS"
                                                    }
                                                }
                                            ],
                                            "resources": {
                                                "references": [
                                                    "local.bucket_name",
                                                    "local.bucket_name"
                                                ]
                                            },
                                            "sid": {
                                                "constant_value": "DenyNonSecureTransport"
                                            }
                                        }
                                    ]
                                },
                                "schema_version": 0
                            },
                            {
                                "address": "data.aws_iam_policy_document.read_access",
                                "mode": "data",
                                "type": "aws_iam_policy_document",
                                "name": "read_access",
                                "provider_config_key": "cmk_encryption:aws",
                                "expressions": {
                                    "statement": [
                                        {
                                            "actions": {
                                                "constant_value": [
                                                    "s3:HeadBucket",
                                                    "s3:ListBucket*",
                                                    "s3:ListAllMyBuckets",
                                                    "s3:ListBucketVersions",
                                                    "s3:ListBucketMultipartUploads",
                                                    "s3:ListMultipartUploadParts",
                                                    "s3:GetBucketLocation",
                                                    "s3:GetBucketVersioning",
                                                    "s3:GetEncryptionConfiguration",
                                                    "s3:GetObjectTagging",
                                                    "s3:GetObjectVersion",
                                                    "s3:GetObject"
                                                ]
                                            },
                                            "effect": {
                                                "constant_value": "Allow"
                                            },
                                            "principals": [
                                                {
                                                    "identifiers": {
                                                        "references": [
                                                            "var.read_access",
                                                            "var.read_access",
                                                            "data.aws_caller_identity.current"
                                                        ]
                                                    },
                                                    "type": {
                                                        "constant_value": "AWS"
                                                    }
                                                }
                                            ],
                                            "resources": {
                                                "references": [
                                                    "local.bucket_name",
                                                    "local.bucket_name"
                                                ]
                                            },
                                            "sid": {
                                                "constant_value": "ReadAccess"
                                            }
                                        }
                                    ]
                                },
                                "schema_version": 0
                            },
                            {
                                "address": "data.aws_iam_policy_document.read_policy",
                                "mode": "data",
                                "type": "aws_iam_policy_document",
                                "name": "read_policy",
                                "provider_config_key": "cmk_encryption:aws",
                                "expressions": {
                                    "override_json": {
                                        "references": [
                                            "var.read_access",
                                            "data.aws_iam_policy_document.read_access"
                                        ]
                                    },
                                    "source_json": {
                                        "references": [
                                            "data.aws_iam_policy_document.encryption_in_transit"
                                        ]
                                    }
                                },
                                "schema_version": 0
                            },
                            {
                                "address": "data.aws_iam_policy_document.this",
                                "mode": "data",
                                "type": "aws_iam_policy_document",
                                "name": "this",
                                "provider_config_key": "cmk_encryption:aws",
                                "expressions": {
                                    "source_json": {
                                        "references": [
                                            "var.disable_rw_policy",
                                            "var.custom_policy",
                                            "aws_s3_bucket.this",
                                            "data.aws_iam_policy_document.custom_policy"
                                        ]
                                    }
                                },
                                "schema_version": 0
                            },
                            {
                                "address": "data.aws_iam_policy_document.write_access",
                                "mode": "data",
                                "type": "aws_iam_policy_document",
                                "name": "write_access",
                                "provider_config_key": "cmk_encryption:aws",
                                "expressions": {
                                    "statement": [
                                        {
                                            "actions": {
                                                "constant_value": [
                                                    "s3:AbortMultipartUpload",
                                                    "s3:PutObject",
                                                    "s3:PutObjectRetention",
                                                    "s3:DeleteObject",
                                                    "s3:DeleteObjectVersion",
                                                    "s3:RestoreObject"
                                                ]
                                            },
                                            "effect": {
                                                "constant_value": "Allow"
                                            },
                                            "principals": [
                                                {
                                                    "identifiers": {
                                                        "references": [
                                                            "var.write_access",
                                                            "var.write_access",
                                                            "data.aws_caller_identity.current"
                                                        ]
                                                    },
                                                    "type": {
                                                        "constant_value": "AWS"
                                                    }
                                                }
                                            ],
                                            "resources": {
                                                "references": [
                                                    "local.bucket_name",
                                                    "local.bucket_name"
                                                ]
                                            },
                                            "sid": {
                                                "constant_value": "WriteAccess"
                                            }
                                        }
                                    ]
                                },
                                "schema_version": 0
                            },
                            {
                                "address": "data.aws_iam_policy_document.write_policy",
                                "mode": "data",
                                "type": "aws_iam_policy_document",
                                "name": "write_policy",
                                "provider_config_key": "cmk_encryption:aws",
                                "expressions": {
                                    "override_json": {
                                        "references": [
                                            "var.write_access",
                                            "data.aws_iam_policy_document.write_access"
                                        ]
                                    },
                                    "source_json": {
                                        "references": [
                                            "data.aws_iam_policy_document.read_policy"
                                        ]
                                    }
                                },
                                "schema_version": 0
                            }
                        ],
                        "variables": {
                            "acl": {
                                "default": "private",
                                "description": "The Access Control List that will be placed on the bucket. Acceptable Values are: 'private', 'public-read', 'public-read-write', 'aws-exec-read', 'authenticated-read', 'bucket-owner-read', 'bucket-owner-full-control', or 'log-delivery-write'"
                            },
                            "bucket": {
                                "description": "The base name that will be given to the S3 bucket. This base name can be made unique by specifing values for bucket_prefix, bucket_suffix, or both."
                            },
                            "bucket_prefix": {
                                "default": [],
                                "description": "A prefix list that will be added to the start of the bucket name. For example if bucket_prefix=['test'], then the bucket will be named 'test-${bucket}'. This module will also look for the keywords 'region_prefix' and 'account_prefix' and will substitute the current region, or account_id within the module as in the example: bucket_prefix=['test', 'region_prefix', 'account_prefix'], resulting in the bucket 'test-us-east-1-1234567890101-${bucket}'. If left blank no prefix will be added."
                            },
                            "bucket_suffix": {
                                "default": [],
                                "description": "A suffix list that will be added to the end of the bucket name. For example if bucket_suffix=['test'], then the bucket will be named '${bucket}-test'. This module will also look for the keywords 'region_suffix' and 'account_suffix' and will substitute the current region, or account_id within the module as in the example: bucket_suffix=['region_suffix', 'account_suffix', 'test'], resulting in the bucket name '${bucket}-us-east-1-1234567890101-test'. If left blank no suffix will be added."
                            },
                            "cors_rule": {
                                "default": {
                                    "allowed_headers": [
                                        "*"
                                    ],
                                    "allowed_methods": [
                                        "GET",
                                        "PUT",
                                        "POST"
                                    ],
                                    "allowed_origins": [
                                        "*"
                                    ],
                                    "expose_headers": [],
                                    "max_age_seconds": [
                                        "3000"
                                    ]
                                },
                                "description": "Cross Origin Resource Sharing ruleset to apply to the bucket"
                            },
                            "custom_policy": {
                                "default": null,
                                "description": "A bucket policy in the form of a data iam_policy_document. Use %BUCKET% for bucket name. This policy will be added to the read_access/write_access policy."
                            },
                            "disable_rw_policy": {
                                "default": false,
                                "description": "Setting this optional flag to true will disable any automatically generated policies and will ONLY use the custom_policy. The read_access and write_access vars will be ignored."
                            },
                            "encryption": {
                                "default": false,
                                "description": "Flag to enable bucket object encryption."
                            },
                            "error_document": {
                                "default": "error.html",
                                "description": "Value of the error file served by the static hosting bucket server if static hosting is enabled."
                            },
                            "index_document": {
                                "default": "index.html",
                                "description": "Value of the index file served by the static hosting bucket server if static hosting is enabled."
                            },
                            "kms_master_key_id": {
                                "default": "AES256",
                                "description": "The key that will be used to encrypt objects within the new bucket. If the default value of AES256 is unchanged, S3 will encrypt objects with the default KMS key. If a KMS CMK ARN is provided, then S3 will encrypt objects with the specified KMS key instead."
                            },
                            "logging_bucket": {
                                "default": null,
                                "description": "The base name of an S3 bucket designated as the log bucket for the provisioned s3 buckets access logs"
                            },
                            "mfa_delete": {
                                "default": false,
                                "description": "Flag to enable the requirement of MFA in order to delete a bucket, object, or disable object versioning."
                            },
                            "read_access": {
                                "default": [],
                                "description": "List of users/roles that will be granted permissions to LIST, DESCRIBE, and GET objects from the provisioned S3 bucket."
                            },
                            "region": {
                                "default": "us-east-1",
                                "description": "The AWS region where the S3 bucket will be provisioned."
                            },
                            "static_hosting": {
                                "default": false,
                                "description": "Flag that can be set to turn on static hosting within a bucket."
                            },
                            "tags": {
                                "default": {
                                    "Module_GitHub_URL": "https://github.com/TheCloudMage/TF-AWS-S3-Module.git",
                                    "Provisioned_By": "Terraform"
                                },
                                "description": "Specify any tags that should be added to the S3 bucket being provisioned."
                            },
                            "versioning": {
                                "default": false,
                                "description": "Flag to enable bucket object versioning."
                            },
                            "write_access": {
                                "default": [],
                                "description": "List of users/roles that will be granted permissions to PUT, and DELETE objects to/from the provisioned S3 bucket."
                            }
                        }
                    }
                },
                "combined_policy": {
                    "source": "../",
                    "expressions": {
                        "bucket": {
                            "references": [
                                "var.bucket"
                            ]
                        },
                        "bucket_prefix": {
                            "constant_value": [
                                "account_prefix",
                                "custom"
                            ]
                        },
                        "bucket_suffix": {
                            "constant_value": [
                                "region_suffix",
                                "combined"
                            ]
                        },
                        "custom_policy": {
                            "references": [
                                "data.aws_iam_policy_document.test_policy"
                            ]
                        },
                        "read_access": {
                            "constant_value": [
                                "arn:aws:iam::123456789101:role/AWS-S3-ReadOnly-Role"
                            ]
                        },
                        "region": {
                            "constant_value": "us-west-2"
                        },
                        "write_access": {
                            "constant_value": [
                                "arn:aws:iam::123456789101:role/AWS-S3-Write-Role"
                            ]
                        }
                    },
                    "module": {
                        "outputs": {
                            "arn": {
                                "expression": {
                                    "references": [
                                        "aws_s3_bucket.this"
                                    ]
                                },
                                "description": "The Amazon Resource Name (ARN) of the provisioned S3 bucket. Will be of format arn:aws:s3:::bucketname"
                            },
                            "bucket_domain_name": {
                                "expression": {
                                    "references": [
                                        "aws_s3_bucket.this"
                                    ]
                                },
                                "description": "The bucket domain name. Will be of format bucketname.s3.amazonaws.com"
                            },
                            "bucket_regional_domain_name": {
                                "expression": {
                                    "references": [
                                        "aws_s3_bucket.this"
                                    ]
                                },
                                "description": "The bucket region-specific domain name."
                            },
                            "hosted_zone_id": {
                                "expression": {
                                    "references": [
                                        "var.static_hosting",
                                        "aws_s3_bucket.this"
                                    ]
                                },
                                "description": "The Route 53 Hosted Zone ID for this bucket's region."
                            },
                            "id": {
                                "expression": {
                                    "references": [
                                        "aws_s3_bucket.this"
                                    ]
                                },
                                "description": "The globally unique identifier for the provisioned S3 bucket."
                            },
                            "region": {
                                "expression": {
                                    "references": [
                                        "aws_s3_bucket.this"
                                    ]
                                },
                                "description": "The AWS region the provisioned S3 bucket resides in"
                            },
                            "website_domain": {
                                "expression": {
                                    "references": [
                                        "var.static_hosting",
                                        "aws_s3_bucket.this"
                                    ]
                                },
                                "description": "The domain of the static S3 website endpoint, if static_hosting was enabled. If not, this will be an empty string. This is used to create Route 53 alias records."
                            },
                            "website_endpoint": {
                                "expression": {
                                    "references": [
                                        "var.static_hosting",
                                        "aws_s3_bucket.this"
                                    ]
                                },
                                "description": "The static S3 website endpoint, if static_hosting was enabled. If not, this will be an empty string."
                            }
                        },
                        "resources": [
                            {
                                "address": "aws_s3_bucket.this",
                                "mode": "managed",
                                "type": "aws_s3_bucket",
                                "name": "this",
                                "provider_config_key": "combined_policy:aws",
                                "expressions": {
                                    "acl": {
                                        "references": [
                                            "var.acl"
                                        ]
                                    },
                                    "bucket": {
                                        "references": [
                                            "local.bucket_name"
                                        ]
                                    },
                                    "tags": {
                                        "references": [
                                            "var.tags",
                                            "local.bucket_name",
                                            "data.aws_caller_identity.current",
                                            "data.aws_caller_identity.current",
                                            "var.encryption",
                                            "local.sse_algorithm"
                                        ]
                                    },
                                    "versioning": [
                                        {
                                            "enabled": {
                                                "references": [
                                                    "var.versioning"
                                                ]
                                            },
                                            "mfa_delete": {
                                                "references": [
                                                    "var.mfa_delete"
                                                ]
                                            }
                                        }
                                    ]
                                },
                                "schema_version": 0
                            },
                            {
                                "address": "aws_s3_bucket_policy.this",
                                "mode": "managed",
                                "type": "aws_s3_bucket_policy",
                                "name": "this",
                                "provider_config_key": "combined_policy:aws",
                                "expressions": {
                                    "bucket": {
                                        "references": [
                                            "aws_s3_bucket.this"
                                        ]
                                    },
                                    "policy": {
                                        "references": [
                                            "data.aws_iam_policy_document.this"
                                        ]
                                    }
                                },
                                "schema_version": 0
                            },
                            {
                                "address": "data.aws_caller_identity.current",
                                "mode": "data",
                                "type": "aws_caller_identity",
                                "name": "current",
                                "provider_config_key": "combined_policy:aws",
                                "schema_version": 0
                            },
                            {
                                "address": "data.aws_iam_policy_document.custom_policy",
                                "mode": "data",
                                "type": "aws_iam_policy_document",
                                "name": "custom_policy",
                                "provider_config_key": "combined_policy:aws",
                                "expressions": {
                                    "override_json": {
                                        "references": [
                                            "var.custom_policy",
                                            "var.custom_policy",
                                            "aws_s3_bucket.this"
                                        ]
                                    },
                                    "source_json": {
                                        "references": [
                                            "data.aws_iam_policy_document.write_policy"
                                        ]
                                    }
                                },
                                "schema_version": 0
                            },
                            {
                                "address": "data.aws_iam_policy_document.encryption_in_transit",
                                "mode": "data",
                                "type": "aws_iam_policy_document",
                                "name": "encryption_in_transit",
                                "provider_config_key": "combined_policy:aws",
                                "expressions": {
                                    "statement": [
                                        {
                                            "actions": {
                                                "constant_value": [
                                                    "s3:*"
                                                ]
                                            },
                                            "condition": [
                                                {
                                                    "test": {
                                                        "constant_value": "Bool"
                                                    },
                                                    "values": {
                                                        "constant_value": [
                                                            "false"
                                                        ]
                                                    },
                                                    "variable": {
                                                        "constant_value": "aws:SecureTransport"
                                                    }
                                                }
                                            ],
                                            "effect": {
                                                "constant_value": "Deny"
                                            },
                                            "principals": [
                                                {
                                                    "identifiers": {
                                                        "constant_value": [
                                                            "*"
                                                        ]
                                                    },
                                                    "type": {
                                                        "constant_value": "AWS"
                                                    }
                                                }
                                            ],
                                            "resources": {
                                                "references": [
                                                    "local.bucket_name",
                                                    "local.bucket_name"
                                                ]
                                            },
                                            "sid": {
                                                "constant_value": "DenyNonSecureTransport"
                                            }
                                        }
                                    ]
                                },
                                "schema_version": 0
                            },
                            {
                                "address": "data.aws_iam_policy_document.read_access",
                                "mode": "data",
                                "type": "aws_iam_policy_document",
                                "name": "read_access",
                                "provider_config_key": "combined_policy:aws",
                                "expressions": {
                                    "statement": [
                                        {
                                            "actions": {
                                                "constant_value": [
                                                    "s3:HeadBucket",
                                                    "s3:ListBucket*",
                                                    "s3:ListAllMyBuckets",
                                                    "s3:ListBucketVersions",
                                                    "s3:ListBucketMultipartUploads",
                                                    "s3:ListMultipartUploadParts",
                                                    "s3:GetBucketLocation",
                                                    "s3:GetBucketVersioning",
                                                    "s3:GetEncryptionConfiguration",
                                                    "s3:GetObjectTagging",
                                                    "s3:GetObjectVersion",
                                                    "s3:GetObject"
                                                ]
                                            },
                                            "effect": {
                                                "constant_value": "Allow"
                                            },
                                            "principals": [
                                                {
                                                    "identifiers": {
                                                        "references": [
                                                            "var.read_access",
                                                            "var.read_access",
                                                            "data.aws_caller_identity.current"
                                                        ]
                                                    },
                                                    "type": {
                                                        "constant_value": "AWS"
                                                    }
                                                }
                                            ],
                                            "resources": {
                                                "references": [
                                                    "local.bucket_name",
                                                    "local.bucket_name"
                                                ]
                                            },
                                            "sid": {
                                                "constant_value": "ReadAccess"
                                            }
                                        }
                                    ]
                                },
                                "schema_version": 0
                            },
                            {
                                "address": "data.aws_iam_policy_document.read_policy",
                                "mode": "data",
                                "type": "aws_iam_policy_document",
                                "name": "read_policy",
                                "provider_config_key": "combined_policy:aws",
                                "expressions": {
                                    "override_json": {
                                        "references": [
                                            "var.read_access",
                                            "data.aws_iam_policy_document.read_access"
                                        ]
                                    },
                                    "source_json": {
                                        "references": [
                                            "data.aws_iam_policy_document.encryption_in_transit"
                                        ]
                                    }
                                },
                                "schema_version": 0
                            },
                            {
                                "address": "data.aws_iam_policy_document.this",
                                "mode": "data",
                                "type": "aws_iam_policy_document",
                                "name": "this",
                                "provider_config_key": "combined_policy:aws",
                                "expressions": {
                                    "source_json": {
                                        "references": [
                                            "var.disable_rw_policy",
                                            "var.custom_policy",
                                            "aws_s3_bucket.this",
                                            "data.aws_iam_policy_document.custom_policy"
                                        ]
                                    }
                                },
                                "schema_version": 0
                            },
                            {
                                "address": "data.aws_iam_policy_document.write_access",
                                "mode": "data",
                                "type": "aws_iam_policy_document",
                                "name": "write_access",
                                "provider_config_key": "combined_policy:aws",
                                "expressions": {
                                    "statement": [
                                        {
                                            "actions": {
                                                "constant_value": [
                                                    "s3:AbortMultipartUpload",
                                                    "s3:PutObject",
                                                    "s3:PutObjectRetention",
                                                    "s3:DeleteObject",
                                                    "s3:DeleteObjectVersion",
                                                    "s3:RestoreObject"
                                                ]
                                            },
                                            "effect": {
                                                "constant_value": "Allow"
                                            },
                                            "principals": [
                                                {
                                                    "identifiers": {
                                                        "references": [
                                                            "var.write_access",
                                                            "var.write_access",
                                                            "data.aws_caller_identity.current"
                                                        ]
                                                    },
                                                    "type": {
                                                        "constant_value": "AWS"
                                                    }
                                                }
                                            ],
                                            "resources": {
                                                "references": [
                                                    "local.bucket_name",
                                                    "local.bucket_name"
                                                ]
                                            },
                                            "sid": {
                                                "constant_value": "WriteAccess"
                                            }
                                        }
                                    ]
                                },
                                "schema_version": 0
                            },
                            {
                                "address": "data.aws_iam_policy_document.write_policy",
                                "mode": "data",
                                "type": "aws_iam_policy_document",
                                "name": "write_policy",
                                "provider_config_key": "combined_policy:aws",
                                "expressions": {
                                    "override_json": {
                                        "references": [
                                            "var.write_access",
                                            "data.aws_iam_policy_document.write_access"
                                        ]
                                    },
                                    "source_json": {
                                        "references": [
                                            "data.aws_iam_policy_document.read_policy"
                                        ]
                                    }
                                },
                                "schema_version": 0
                            }
                        ],
                        "variables": {
                            "acl": {
                                "default": "private",
                                "description": "The Access Control List that will be placed on the bucket. Acceptable Values are: 'private', 'public-read', 'public-read-write', 'aws-exec-read', 'authenticated-read', 'bucket-owner-read', 'bucket-owner-full-control', or 'log-delivery-write'"
                            },
                            "bucket": {
                                "description": "The base name that will be given to the S3 bucket. This base name can be made unique by specifing values for bucket_prefix, bucket_suffix, or both."
                            },
                            "bucket_prefix": {
                                "default": [],
                                "description": "A prefix list that will be added to the start of the bucket name. For example if bucket_prefix=['test'], then the bucket will be named 'test-${bucket}'. This module will also look for the keywords 'region_prefix' and 'account_prefix' and will substitute the current region, or account_id within the module as in the example: bucket_prefix=['test', 'region_prefix', 'account_prefix'], resulting in the bucket 'test-us-east-1-1234567890101-${bucket}'. If left blank no prefix will be added."
                            },
                            "bucket_suffix": {
                                "default": [],
                                "description": "A suffix list that will be added to the end of the bucket name. For example if bucket_suffix=['test'], then the bucket will be named '${bucket}-test'. This module will also look for the keywords 'region_suffix' and 'account_suffix' and will substitute the current region, or account_id within the module as in the example: bucket_suffix=['region_suffix', 'account_suffix', 'test'], resulting in the bucket name '${bucket}-us-east-1-1234567890101-test'. If left blank no suffix will be added."
                            },
                            "cors_rule": {
                                "default": {
                                    "allowed_headers": [
                                        "*"
                                    ],
                                    "allowed_methods": [
                                        "GET",
                                        "PUT",
                                        "POST"
                                    ],
                                    "allowed_origins": [
                                        "*"
                                    ],
                                    "expose_headers": [],
                                    "max_age_seconds": [
                                        "3000"
                                    ]
                                },
                                "description": "Cross Origin Resource Sharing ruleset to apply to the bucket"
                            },
                            "custom_policy": {
                                "default": null,
                                "description": "A bucket policy in the form of a data iam_policy_document. Use %BUCKET% for bucket name. This policy will be added to the read_access/write_access policy."
                            },
                            "disable_rw_policy": {
                                "default": false,
                                "description": "Setting this optional flag to true will disable any automatically generated policies and will ONLY use the custom_policy. The read_access and write_access vars will be ignored."
                            },
                            "encryption": {
                                "default": false,
                                "description": "Flag to enable bucket object encryption."
                            },
                            "error_document": {
                                "default": "error.html",
                                "description": "Value of the error file served by the static hosting bucket server if static hosting is enabled."
                            },
                            "index_document": {
                                "default": "index.html",
                                "description": "Value of the index file served by the static hosting bucket server if static hosting is enabled."
                            },
                            "kms_master_key_id": {
                                "default": "AES256",
                                "description": "The key that will be used to encrypt objects within the new bucket. If the default value of AES256 is unchanged, S3 will encrypt objects with the default KMS key. If a KMS CMK ARN is provided, then S3 will encrypt objects with the specified KMS key instead."
                            },
                            "logging_bucket": {
                                "default": null,
                                "description": "The base name of an S3 bucket designated as the log bucket for the provisioned s3 buckets access logs"
                            },
                            "mfa_delete": {
                                "default": false,
                                "description": "Flag to enable the requirement of MFA in order to delete a bucket, object, or disable object versioning."
                            },
                            "read_access": {
                                "default": [],
                                "description": "List of users/roles that will be granted permissions to LIST, DESCRIBE, and GET objects from the provisioned S3 bucket."
                            },
                            "region": {
                                "default": "us-east-1",
                                "description": "The AWS region where the S3 bucket will be provisioned."
                            },
                            "static_hosting": {
                                "default": false,
                                "description": "Flag that can be set to turn on static hosting within a bucket."
                            },
                            "tags": {
                                "default": {
                                    "Module_GitHub_URL": "https://github.com/TheCloudMage/TF-AWS-S3-Module.git",
                                    "Provisioned_By": "Terraform"
                                },
                                "description": "Specify any tags that should be added to the S3 bucket being provisioned."
                            },
                            "versioning": {
                                "default": false,
                                "description": "Flag to enable bucket object versioning."
                            },
                            "write_access": {
                                "default": [],
                                "description": "List of users/roles that will be granted permissions to PUT, and DELETE objects to/from the provisioned S3 bucket."
                            }
                        }
                    }
                },
                "custom_policy": {
                    "source": "../",
                    "expressions": {
                        "bucket": {
                            "references": [
                                "var.bucket"
                            ]
                        },
                        "bucket_prefix": {
                            "constant_value": [
                                "account_prefix",
                                "custom"
                            ]
                        },
                        "custom_policy": {
                            "references": [
                                "data.aws_iam_policy_document.test_policy"
                            ]
                        },
                        "region": {
                            "constant_value": "us-west-2"
                        }
                    },
                    "module": {
                        "outputs": {
                            "arn": {
                                "expression": {
                                    "references": [
                                        "aws_s3_bucket.this"
                                    ]
                                },
                                "description": "The Amazon Resource Name (ARN) of the provisioned S3 bucket. Will be of format arn:aws:s3:::bucketname"
                            },
                            "bucket_domain_name": {
                                "expression": {
                                    "references": [
                                        "aws_s3_bucket.this"
                                    ]
                                },
                                "description": "The bucket domain name. Will be of format bucketname.s3.amazonaws.com"
                            },
                            "bucket_regional_domain_name": {
                                "expression": {
                                    "references": [
                                        "aws_s3_bucket.this"
                                    ]
                                },
                                "description": "The bucket region-specific domain name."
                            },
                            "hosted_zone_id": {
                                "expression": {
                                    "references": [
                                        "var.static_hosting",
                                        "aws_s3_bucket.this"
                                    ]
                                },
                                "description": "The Route 53 Hosted Zone ID for this bucket's region."
                            },
                            "id": {
                                "expression": {
                                    "references": [
                                        "aws_s3_bucket.this"
                                    ]
                                },
                                "description": "The globally unique identifier for the provisioned S3 bucket."
                            },
                            "region": {
                                "expression": {
                                    "references": [
                                        "aws_s3_bucket.this"
                                    ]
                                },
                                "description": "The AWS region the provisioned S3 bucket resides in"
                            },
                            "website_domain": {
                                "expression": {
                                    "references": [
                                        "var.static_hosting",
                                        "aws_s3_bucket.this"
                                    ]
                                },
                                "description": "The domain of the static S3 website endpoint, if static_hosting was enabled. If not, this will be an empty string. This is used to create Route 53 alias records."
                            },
                            "website_endpoint": {
                                "expression": {
                                    "references": [
                                        "var.static_hosting",
                                        "aws_s3_bucket.this"
                                    ]
                                },
                                "description": "The static S3 website endpoint, if static_hosting was enabled. If not, this will be an empty string."
                            }
                        },
                        "resources": [
                            {
                                "address": "aws_s3_bucket.this",
                                "mode": "managed",
                                "type": "aws_s3_bucket",
                                "name": "this",
                                "provider_config_key": "custom_policy:aws",
                                "expressions": {
                                    "acl": {
                                        "references": [
                                            "var.acl"
                                        ]
                                    },
                                    "bucket": {
                                        "references": [
                                            "local.bucket_name"
                                        ]
                                    },
                                    "tags": {
                                        "references": [
                                            "var.tags",
                                            "local.bucket_name",
                                            "data.aws_caller_identity.current",
                                            "data.aws_caller_identity.current",
                                            "var.encryption",
                                            "local.sse_algorithm"
                                        ]
                                    },
                                    "versioning": [
                                        {
                                            "enabled": {
                                                "references": [
                                                    "var.versioning"
                                                ]
                                            },
                                            "mfa_delete": {
                                                "references": [
                                                    "var.mfa_delete"
                                                ]
                                            }
                                        }
                                    ]
                                },
                                "schema_version": 0
                            },
                            {
                                "address": "aws_s3_bucket_policy.this",
                                "mode": "managed",
                                "type": "aws_s3_bucket_policy",
                                "name": "this",
                                "provider_config_key": "custom_policy:aws",
                                "expressions": {
                                    "bucket": {
                                        "references": [
                                            "aws_s3_bucket.this"
                                        ]
                                    },
                                    "policy": {
                                        "references": [
                                            "data.aws_iam_policy_document.this"
                                        ]
                                    }
                                },
                                "schema_version": 0
                            },
                            {
                                "address": "data.aws_caller_identity.current",
                                "mode": "data",
                                "type": "aws_caller_identity",
                                "name": "current",
                                "provider_config_key": "custom_policy:aws",
                                "schema_version": 0
                            },
                            {
                                "address": "data.aws_iam_policy_document.custom_policy",
                                "mode": "data",
                                "type": "aws_iam_policy_document",
                                "name": "custom_policy",
                                "provider_config_key": "custom_policy:aws",
                                "expressions": {
                                    "override_json": {
                                        "references": [
                                            "var.custom_policy",
                                            "var.custom_policy",
                                            "aws_s3_bucket.this"
                                        ]
                                    },
                                    "source_json": {
                                        "references": [
                                            "data.aws_iam_policy_document.write_policy"
                                        ]
                                    }
                                },
                                "schema_version": 0
                            },
                            {
                                "address": "data.aws_iam_policy_document.encryption_in_transit",
                                "mode": "data",
                                "type": "aws_iam_policy_document",
                                "name": "encryption_in_transit",
                                "provider_config_key": "custom_policy:aws",
                                "expressions": {
                                    "statement": [
                                        {
                                            "actions": {
                                                "constant_value": [
                                                    "s3:*"
                                                ]
                                            },
                                            "condition": [
                                                {
                                                    "test": {
                                                        "constant_value": "Bool"
                                                    },
                                                    "values": {
                                                        "constant_value": [
                                                            "false"
                                                        ]
                                                    },
                                                    "variable": {
                                                        "constant_value": "aws:SecureTransport"
                                                    }
                                                }
                                            ],
                                            "effect": {
                                                "constant_value": "Deny"
                                            },
                                            "principals": [
                                                {
                                                    "identifiers": {
                                                        "constant_value": [
                                                            "*"
                                                        ]
                                                    },
                                                    "type": {
                                                        "constant_value": "AWS"
                                                    }
                                                }
                                            ],
                                            "resources": {
                                                "references": [
                                                    "local.bucket_name",
                                                    "local.bucket_name"
                                                ]
                                            },
                                            "sid": {
                                                "constant_value": "DenyNonSecureTransport"
                                            }
                                        }
                                    ]
                                },
                                "schema_version": 0
                            },
                            {
                                "address": "data.aws_iam_policy_document.read_access",
                                "mode": "data",
                                "type": "aws_iam_policy_document",
                                "name": "read_access",
                                "provider_config_key": "custom_policy:aws",
                                "expressions": {
                                    "statement": [
                                        {
                                            "actions": {
                                                "constant_value": [
                                                    "s3:HeadBucket",
                                                    "s3:ListBucket*",
                                                    "s3:ListAllMyBuckets",
                                                    "s3:ListBucketVersions",
                                                    "s3:ListBucketMultipartUploads",
                                                    "s3:ListMultipartUploadParts",
                                                    "s3:GetBucketLocation",
                                                    "s3:GetBucketVersioning",
                                                    "s3:GetEncryptionConfiguration",
                                                    "s3:GetObjectTagging",
                                                    "s3:GetObjectVersion",
                                                    "s3:GetObject"
                                                ]
                                            },
                                            "effect": {
                                                "constant_value": "Allow"
                                            },
                                            "principals": [
                                                {
                                                    "identifiers": {
                                                        "references": [
                                                            "var.read_access",
                                                            "var.read_access",
                                                            "data.aws_caller_identity.current"
                                                        ]
                                                    },
                                                    "type": {
                                                        "constant_value": "AWS"
                                                    }
                                                }
                                            ],
                                            "resources": {
                                                "references": [
                                                    "local.bucket_name",
                                                    "local.bucket_name"
                                                ]
                                            },
                                            "sid": {
                                                "constant_value": "ReadAccess"
                                            }
                                        }
                                    ]
                                },
                                "schema_version": 0
                            },
                            {
                                "address": "data.aws_iam_policy_document.read_policy",
                                "mode": "data",
                                "type": "aws_iam_policy_document",
                                "name": "read_policy",
                                "provider_config_key": "custom_policy:aws",
                                "expressions": {
                                    "override_json": {
                                        "references": [
                                            "var.read_access",
                                            "data.aws_iam_policy_document.read_access"
                                        ]
                                    },
                                    "source_json": {
                                        "references": [
                                            "data.aws_iam_policy_document.encryption_in_transit"
                                        ]
                                    }
                                },
                                "schema_version": 0
                            },
                            {
                                "address": "data.aws_iam_policy_document.this",
                                "mode": "data",
                                "type": "aws_iam_policy_document",
                                "name": "this",
                                "provider_config_key": "custom_policy:aws",
                                "expressions": {
                                    "source_json": {
                                        "references": [
                                            "var.disable_rw_policy",
                                            "var.custom_policy",
                                            "aws_s3_bucket.this",
                                            "data.aws_iam_policy_document.custom_policy"
                                        ]
                                    }
                                },
                                "schema_version": 0
                            },
                            {
                                "address": "data.aws_iam_policy_document.write_access",
                                "mode": "data",
                                "type": "aws_iam_policy_document",
                                "name": "write_access",
                                "provider_config_key": "custom_policy:aws",
                                "expressions": {
                                    "statement": [
                                        {
                                            "actions": {
                                                "constant_value": [
                                                    "s3:AbortMultipartUpload",
                                                    "s3:PutObject",
                                                    "s3:PutObjectRetention",
                                                    "s3:DeleteObject",
                                                    "s3:DeleteObjectVersion",
                                                    "s3:RestoreObject"
                                                ]
                                            },
                                            "effect": {
                                                "constant_value": "Allow"
                                            },
                                            "principals": [
                                                {
                                                    "identifiers": {
                                                        "references": [
                                                            "var.write_access",
                                                            "var.write_access",
                                                            "data.aws_caller_identity.current"
                                                        ]
                                                    },
                                                    "type": {
                                                        "constant_value": "AWS"
                                                    }
                                                }
                                            ],
                                            "resources": {
                                                "references": [
                                                    "local.bucket_name",
                                                    "local.bucket_name"
                                                ]
                                            },
                                            "sid": {
                                                "constant_value": "WriteAccess"
                                            }
                                        }
                                    ]
                                },
                                "schema_version": 0
                            },
                            {
                                "address": "data.aws_iam_policy_document.write_policy",
                                "mode": "data",
                                "type": "aws_iam_policy_document",
                                "name": "write_policy",
                                "provider_config_key": "custom_policy:aws",
                                "expressions": {
                                    "override_json": {
                                        "references": [
                                            "var.write_access",
                                            "data.aws_iam_policy_document.write_access"
                                        ]
                                    },
                                    "source_json": {
                                        "references": [
                                            "data.aws_iam_policy_document.read_policy"
                                        ]
                                    }
                                },
                                "schema_version": 0
                            }
                        ],
                        "variables": {
                            "acl": {
                                "default": "private",
                                "description": "The Access Control List that will be placed on the bucket. Acceptable Values are: 'private', 'public-read', 'public-read-write', 'aws-exec-read', 'authenticated-read', 'bucket-owner-read', 'bucket-owner-full-control', or 'log-delivery-write'"
                            },
                            "bucket": {
                                "description": "The base name that will be given to the S3 bucket. This base name can be made unique by specifing values for bucket_prefix, bucket_suffix, or both."
                            },
                            "bucket_prefix": {
                                "default": [],
                                "description": "A prefix list that will be added to the start of the bucket name. For example if bucket_prefix=['test'], then the bucket will be named 'test-${bucket}'. This module will also look for the keywords 'region_prefix' and 'account_prefix' and will substitute the current region, or account_id within the module as in the example: bucket_prefix=['test', 'region_prefix', 'account_prefix'], resulting in the bucket 'test-us-east-1-1234567890101-${bucket}'. If left blank no prefix will be added."
                            },
                            "bucket_suffix": {
                                "default": [],
                                "description": "A suffix list that will be added to the end of the bucket name. For example if bucket_suffix=['test'], then the bucket will be named '${bucket}-test'. This module will also look for the keywords 'region_suffix' and 'account_suffix' and will substitute the current region, or account_id within the module as in the example: bucket_suffix=['region_suffix', 'account_suffix', 'test'], resulting in the bucket name '${bucket}-us-east-1-1234567890101-test'. If left blank no suffix will be added."
                            },
                            "cors_rule": {
                                "default": {
                                    "allowed_headers": [
                                        "*"
                                    ],
                                    "allowed_methods": [
                                        "GET",
                                        "PUT",
                                        "POST"
                                    ],
                                    "allowed_origins": [
                                        "*"
                                    ],
                                    "expose_headers": [],
                                    "max_age_seconds": [
                                        "3000"
                                    ]
                                },
                                "description": "Cross Origin Resource Sharing ruleset to apply to the bucket"
                            },
                            "custom_policy": {
                                "default": null,
                                "description": "A bucket policy in the form of a data iam_policy_document. Use %BUCKET% for bucket name. This policy will be added to the read_access/write_access policy."
                            },
                            "disable_rw_policy": {
                                "default": false,
                                "description": "Setting this optional flag to true will disable any automatically generated policies and will ONLY use the custom_policy. The read_access and write_access vars will be ignored."
                            },
                            "encryption": {
                                "default": false,
                                "description": "Flag to enable bucket object encryption."
                            },
                            "error_document": {
                                "default": "error.html",
                                "description": "Value of the error file served by the static hosting bucket server if static hosting is enabled."
                            },
                            "index_document": {
                                "default": "index.html",
                                "description": "Value of the index file served by the static hosting bucket server if static hosting is enabled."
                            },
                            "kms_master_key_id": {
                                "default": "AES256",
                                "description": "The key that will be used to encrypt objects within the new bucket. If the default value of AES256 is unchanged, S3 will encrypt objects with the default KMS key. If a KMS CMK ARN is provided, then S3 will encrypt objects with the specified KMS key instead."
                            },
                            "logging_bucket": {
                                "default": null,
                                "description": "The base name of an S3 bucket designated as the log bucket for the provisioned s3 buckets access logs"
                            },
                            "mfa_delete": {
                                "default": false,
                                "description": "Flag to enable the requirement of MFA in order to delete a bucket, object, or disable object versioning."
                            },
                            "read_access": {
                                "default": [],
                                "description": "List of users/roles that will be granted permissions to LIST, DESCRIBE, and GET objects from the provisioned S3 bucket."
                            },
                            "region": {
                                "default": "us-east-1",
                                "description": "The AWS region where the S3 bucket will be provisioned."
                            },
                            "static_hosting": {
                                "default": false,
                                "description": "Flag that can be set to turn on static hosting within a bucket."
                            },
                            "tags": {
                                "default": {
                                    "Module_GitHub_URL": "https://github.com/TheCloudMage/TF-AWS-S3-Module.git",
                                    "Provisioned_By": "Terraform"
                                },
                                "description": "Specify any tags that should be added to the S3 bucket being provisioned."
                            },
                            "versioning": {
                                "default": false,
                                "description": "Flag to enable bucket object versioning."
                            },
                            "write_access": {
                                "default": [],
                                "description": "List of users/roles that will be granted permissions to PUT, and DELETE objects to/from the provisioned S3 bucket."
                            }
                        }
                    }
                },
                "default_encryption": {
                    "source": "../",
                    "expressions": {
                        "bucket": {
                            "references": [
                                "var.bucket"
                            ]
                        },
                        "encryption": {
                            "constant_value": true
                        },
                        "region": {
                            "constant_value": "us-east-1"
                        }
                    },
                    "module": {
                        "outputs": {
                            "arn": {
                                "expression": {
                                    "references": [
                                        "aws_s3_bucket.this"
                                    ]
                                },
                                "description": "The Amazon Resource Name (ARN) of the provisioned S3 bucket. Will be of format arn:aws:s3:::bucketname"
                            },
                            "bucket_domain_name": {
                                "expression": {
                                    "references": [
                                        "aws_s3_bucket.this"
                                    ]
                                },
                                "description": "The bucket domain name. Will be of format bucketname.s3.amazonaws.com"
                            },
                            "bucket_regional_domain_name": {
                                "expression": {
                                    "references": [
                                        "aws_s3_bucket.this"
                                    ]
                                },
                                "description": "The bucket region-specific domain name."
                            },
                            "hosted_zone_id": {
                                "expression": {
                                    "references": [
                                        "var.static_hosting",
                                        "aws_s3_bucket.this"
                                    ]
                                },
                                "description": "The Route 53 Hosted Zone ID for this bucket's region."
                            },
                            "id": {
                                "expression": {
                                    "references": [
                                        "aws_s3_bucket.this"
                                    ]
                                },
                                "description": "The globally unique identifier for the provisioned S3 bucket."
                            },
                            "region": {
                                "expression": {
                                    "references": [
                                        "aws_s3_bucket.this"
                                    ]
                                },
                                "description": "The AWS region the provisioned S3 bucket resides in"
                            },
                            "website_domain": {
                                "expression": {
                                    "references": [
                                        "var.static_hosting",
                                        "aws_s3_bucket.this"
                                    ]
                                },
                                "description": "The domain of the static S3 website endpoint, if static_hosting was enabled. If not, this will be an empty string. This is used to create Route 53 alias records."
                            },
                            "website_endpoint": {
                                "expression": {
                                    "references": [
                                        "var.static_hosting",
                                        "aws_s3_bucket.this"
                                    ]
                                },
                                "description": "The static S3 website endpoint, if static_hosting was enabled. If not, this will be an empty string."
                            }
                        },
                        "resources": [
                            {
                                "address": "aws_s3_bucket.this",
                                "mode": "managed",
                                "type": "aws_s3_bucket",
                                "name": "this",
                                "provider_config_key": "default_encryption:aws",
                                "expressions": {
                                    "acl": {
                                        "references": [
                                            "var.acl"
                                        ]
                                    },
                                    "bucket": {
                                        "references": [
                                            "local.bucket_name"
                                        ]
                                    },
                                    "tags": {
                                        "references": [
                                            "var.tags",
                                            "local.bucket_name",
                                            "data.aws_caller_identity.current",
                                            "data.aws_caller_identity.current",
                                            "var.encryption",
                                            "local.sse_algorithm"
                                        ]
                                    },
                                    "versioning": [
                                        {
                                            "enabled": {
                                                "references": [
                                                    "var.versioning"
                                                ]
                                            },
                                            "mfa_delete": {
                                                "references": [
                                                    "var.mfa_delete"
                                                ]
                                            }
                                        }
                                    ]
                                },
                                "schema_version": 0
                            },
                            {
                                "address": "aws_s3_bucket_policy.this",
                                "mode": "managed",
                                "type": "aws_s3_bucket_policy",
                                "name": "this",
                                "provider_config_key": "default_encryption:aws",
                                "expressions": {
                                    "bucket": {
                                        "references": [
                                            "aws_s3_bucket.this"
                                        ]
                                    },
                                    "policy": {
                                        "references": [
                                            "data.aws_iam_policy_document.this"
                                        ]
                                    }
                                },
                                "schema_version": 0
                            },
                            {
                                "address": "data.aws_caller_identity.current",
                                "mode": "data",
                                "type": "aws_caller_identity",
                                "name": "current",
                                "provider_config_key": "default_encryption:aws",
                                "schema_version": 0
                            },
                            {
                                "address": "data.aws_iam_policy_document.custom_policy",
                                "mode": "data",
                                "type": "aws_iam_policy_document",
                                "name": "custom_policy",
                                "provider_config_key": "default_encryption:aws",
                                "expressions": {
                                    "override_json": {
                                        "references": [
                                            "var.custom_policy",
                                            "var.custom_policy",
                                            "aws_s3_bucket.this"
                                        ]
                                    },
                                    "source_json": {
                                        "references": [
                                            "data.aws_iam_policy_document.write_policy"
                                        ]
                                    }
                                },
                                "schema_version": 0
                            },
                            {
                                "address": "data.aws_iam_policy_document.encryption_in_transit",
                                "mode": "data",
                                "type": "aws_iam_policy_document",
                                "name": "encryption_in_transit",
                                "provider_config_key": "default_encryption:aws",
                                "expressions": {
                                    "statement": [
                                        {
                                            "actions": {
                                                "constant_value": [
                                                    "s3:*"
                                                ]
                                            },
                                            "condition": [
                                                {
                                                    "test": {
                                                        "constant_value": "Bool"
                                                    },
                                                    "values": {
                                                        "constant_value": [
                                                            "false"
                                                        ]
                                                    },
                                                    "variable": {
                                                        "constant_value": "aws:SecureTransport"
                                                    }
                                                }
                                            ],
                                            "effect": {
                                                "constant_value": "Deny"
                                            },
                                            "principals": [
                                                {
                                                    "identifiers": {
                                                        "constant_value": [
                                                            "*"
                                                        ]
                                                    },
                                                    "type": {
                                                        "constant_value": "AWS"
                                                    }
                                                }
                                            ],
                                            "resources": {
                                                "references": [
                                                    "local.bucket_name",
                                                    "local.bucket_name"
                                                ]
                                            },
                                            "sid": {
                                                "constant_value": "DenyNonSecureTransport"
                                            }
                                        }
                                    ]
                                },
                                "schema_version": 0
                            },
                            {
                                "address": "data.aws_iam_policy_document.read_access",
                                "mode": "data",
                                "type": "aws_iam_policy_document",
                                "name": "read_access",
                                "provider_config_key": "default_encryption:aws",
                                "expressions": {
                                    "statement": [
                                        {
                                            "actions": {
                                                "constant_value": [
                                                    "s3:HeadBucket",
                                                    "s3:ListBucket*",
                                                    "s3:ListAllMyBuckets",
                                                    "s3:ListBucketVersions",
                                                    "s3:ListBucketMultipartUploads",
                                                    "s3:ListMultipartUploadParts",
                                                    "s3:GetBucketLocation",
                                                    "s3:GetBucketVersioning",
                                                    "s3:GetEncryptionConfiguration",
                                                    "s3:GetObjectTagging",
                                                    "s3:GetObjectVersion",
                                                    "s3:GetObject"
                                                ]
                                            },
                                            "effect": {
                                                "constant_value": "Allow"
                                            },
                                            "principals": [
                                                {
                                                    "identifiers": {
                                                        "references": [
                                                            "var.read_access",
                                                            "var.read_access",
                                                            "data.aws_caller_identity.current"
                                                        ]
                                                    },
                                                    "type": {
                                                        "constant_value": "AWS"
                                                    }
                                                }
                                            ],
                                            "resources": {
                                                "references": [
                                                    "local.bucket_name",
                                                    "local.bucket_name"
                                                ]
                                            },
                                            "sid": {
                                                "constant_value": "ReadAccess"
                                            }
                                        }
                                    ]
                                },
                                "schema_version": 0
                            },
                            {
                                "address": "data.aws_iam_policy_document.read_policy",
                                "mode": "data",
                                "type": "aws_iam_policy_document",
                                "name": "read_policy",
                                "provider_config_key": "default_encryption:aws",
                                "expressions": {
                                    "override_json": {
                                        "references": [
                                            "var.read_access",
                                            "data.aws_iam_policy_document.read_access"
                                        ]
                                    },
                                    "source_json": {
                                        "references": [
                                            "data.aws_iam_policy_document.encryption_in_transit"
                                        ]
                                    }
                                },
                                "schema_version": 0
                            },
                            {
                                "address": "data.aws_iam_policy_document.this",
                                "mode": "data",
                                "type": "aws_iam_policy_document",
                                "name": "this",
                                "provider_config_key": "default_encryption:aws",
                                "expressions": {
                                    "source_json": {
                                        "references": [
                                            "var.disable_rw_policy",
                                            "var.custom_policy",
                                            "aws_s3_bucket.this",
                                            "data.aws_iam_policy_document.custom_policy"
                                        ]
                                    }
                                },
                                "schema_version": 0
                            },
                            {
                                "address": "data.aws_iam_policy_document.write_access",
                                "mode": "data",
                                "type": "aws_iam_policy_document",
                                "name": "write_access",
                                "provider_config_key": "default_encryption:aws",
                                "expressions": {
                                    "statement": [
                                        {
                                            "actions": {
                                                "constant_value": [
                                                    "s3:AbortMultipartUpload",
                                                    "s3:PutObject",
                                                    "s3:PutObjectRetention",
                                                    "s3:DeleteObject",
                                                    "s3:DeleteObjectVersion",
                                                    "s3:RestoreObject"
                                                ]
                                            },
                                            "effect": {
                                                "constant_value": "Allow"
                                            },
                                            "principals": [
                                                {
                                                    "identifiers": {
                                                        "references": [
                                                            "var.write_access",
                                                            "var.write_access",
                                                            "data.aws_caller_identity.current"
                                                        ]
                                                    },
                                                    "type": {
                                                        "constant_value": "AWS"
                                                    }
                                                }
                                            ],
                                            "resources": {
                                                "references": [
                                                    "local.bucket_name",
                                                    "local.bucket_name"
                                                ]
                                            },
                                            "sid": {
                                                "constant_value": "WriteAccess"
                                            }
                                        }
                                    ]
                                },
                                "schema_version": 0
                            },
                            {
                                "address": "data.aws_iam_policy_document.write_policy",
                                "mode": "data",
                                "type": "aws_iam_policy_document",
                                "name": "write_policy",
                                "provider_config_key": "default_encryption:aws",
                                "expressions": {
                                    "override_json": {
                                        "references": [
                                            "var.write_access",
                                            "data.aws_iam_policy_document.write_access"
                                        ]
                                    },
                                    "source_json": {
                                        "references": [
                                            "data.aws_iam_policy_document.read_policy"
                                        ]
                                    }
                                },
                                "schema_version": 0
                            }
                        ],
                        "variables": {
                            "acl": {
                                "default": "private",
                                "description": "The Access Control List that will be placed on the bucket. Acceptable Values are: 'private', 'public-read', 'public-read-write', 'aws-exec-read', 'authenticated-read', 'bucket-owner-read', 'bucket-owner-full-control', or 'log-delivery-write'"
                            },
                            "bucket": {
                                "description": "The base name that will be given to the S3 bucket. This base name can be made unique by specifing values for bucket_prefix, bucket_suffix, or both."
                            },
                            "bucket_prefix": {
                                "default": [],
                                "description": "A prefix list that will be added to the start of the bucket name. For example if bucket_prefix=['test'], then the bucket will be named 'test-${bucket}'. This module will also look for the keywords 'region_prefix' and 'account_prefix' and will substitute the current region, or account_id within the module as in the example: bucket_prefix=['test', 'region_prefix', 'account_prefix'], resulting in the bucket 'test-us-east-1-1234567890101-${bucket}'. If left blank no prefix will be added."
                            },
                            "bucket_suffix": {
                                "default": [],
                                "description": "A suffix list that will be added to the end of the bucket name. For example if bucket_suffix=['test'], then the bucket will be named '${bucket}-test'. This module will also look for the keywords 'region_suffix' and 'account_suffix' and will substitute the current region, or account_id within the module as in the example: bucket_suffix=['region_suffix', 'account_suffix', 'test'], resulting in the bucket name '${bucket}-us-east-1-1234567890101-test'. If left blank no suffix will be added."
                            },
                            "cors_rule": {
                                "default": {
                                    "allowed_headers": [
                                        "*"
                                    ],
                                    "allowed_methods": [
                                        "GET",
                                        "PUT",
                                        "POST"
                                    ],
                                    "allowed_origins": [
                                        "*"
                                    ],
                                    "expose_headers": [],
                                    "max_age_seconds": [
                                        "3000"
                                    ]
                                },
                                "description": "Cross Origin Resource Sharing ruleset to apply to the bucket"
                            },
                            "custom_policy": {
                                "default": null,
                                "description": "A bucket policy in the form of a data iam_policy_document. Use %BUCKET% for bucket name. This policy will be added to the read_access/write_access policy."
                            },
                            "disable_rw_policy": {
                                "default": false,
                                "description": "Setting this optional flag to true will disable any automatically generated policies and will ONLY use the custom_policy. The read_access and write_access vars will be ignored."
                            },
                            "encryption": {
                                "default": false,
                                "description": "Flag to enable bucket object encryption."
                            },
                            "error_document": {
                                "default": "error.html",
                                "description": "Value of the error file served by the static hosting bucket server if static hosting is enabled."
                            },
                            "index_document": {
                                "default": "index.html",
                                "description": "Value of the index file served by the static hosting bucket server if static hosting is enabled."
                            },
                            "kms_master_key_id": {
                                "default": "AES256",
                                "description": "The key that will be used to encrypt objects within the new bucket. If the default value of AES256 is unchanged, S3 will encrypt objects with the default KMS key. If a KMS CMK ARN is provided, then S3 will encrypt objects with the specified KMS key instead."
                            },
                            "logging_bucket": {
                                "default": null,
                                "description": "The base name of an S3 bucket designated as the log bucket for the provisioned s3 buckets access logs"
                            },
                            "mfa_delete": {
                                "default": false,
                                "description": "Flag to enable the requirement of MFA in order to delete a bucket, object, or disable object versioning."
                            },
                            "read_access": {
                                "default": [],
                                "description": "List of users/roles that will be granted permissions to LIST, DESCRIBE, and GET objects from the provisioned S3 bucket."
                            },
                            "region": {
                                "default": "us-east-1",
                                "description": "The AWS region where the S3 bucket will be provisioned."
                            },
                            "static_hosting": {
                                "default": false,
                                "description": "Flag that can be set to turn on static hosting within a bucket."
                            },
                            "tags": {
                                "default": {
                                    "Module_GitHub_URL": "https://github.com/TheCloudMage/TF-AWS-S3-Module.git",
                                    "Provisioned_By": "Terraform"
                                },
                                "description": "Specify any tags that should be added to the S3 bucket being provisioned."
                            },
                            "versioning": {
                                "default": false,
                                "description": "Flag to enable bucket object versioning."
                            },
                            "write_access": {
                                "default": [],
                                "description": "List of users/roles that will be granted permissions to PUT, and DELETE objects to/from the provisioned S3 bucket."
                            }
                        }
                    }
                },
                "defaults": {
                    "source": "../",
                    "expressions": {
                        "bucket": {
                            "references": [
                                "var.bucket"
                            ]
                        },
                        "tags": {
                            "constant_value": {
                                "Module_GitHub_URL": "https://github.com/TheCloudMage/TF-AWS-S3-Module.git",
                                "Provisioned_By": "Terraform",
                                "Testing": "True"
                            }
                        }
                    },
                    "module": {
                        "outputs": {
                            "arn": {
                                "expression": {
                                    "references": [
                                        "aws_s3_bucket.this"
                                    ]
                                },
                                "description": "The Amazon Resource Name (ARN) of the provisioned S3 bucket. Will be of format arn:aws:s3:::bucketname"
                            },
                            "bucket_domain_name": {
                                "expression": {
                                    "references": [
                                        "aws_s3_bucket.this"
                                    ]
                                },
                                "description": "The bucket domain name. Will be of format bucketname.s3.amazonaws.com"
                            },
                            "bucket_regional_domain_name": {
                                "expression": {
                                    "references": [
                                        "aws_s3_bucket.this"
                                    ]
                                },
                                "description": "The bucket region-specific domain name."
                            },
                            "hosted_zone_id": {
                                "expression": {
                                    "references": [
                                        "var.static_hosting",
                                        "aws_s3_bucket.this"
                                    ]
                                },
                                "description": "The Route 53 Hosted Zone ID for this bucket's region."
                            },
                            "id": {
                                "expression": {
                                    "references": [
                                        "aws_s3_bucket.this"
                                    ]
                                },
                                "description": "The globally unique identifier for the provisioned S3 bucket."
                            },
                            "region": {
                                "expression": {
                                    "references": [
                                        "aws_s3_bucket.this"
                                    ]
                                },
                                "description": "The AWS region the provisioned S3 bucket resides in"
                            },
                            "website_domain": {
                                "expression": {
                                    "references": [
                                        "var.static_hosting",
                                        "aws_s3_bucket.this"
                                    ]
                                },
                                "description": "The domain of the static S3 website endpoint, if static_hosting was enabled. If not, this will be an empty string. This is used to create Route 53 alias records."
                            },
                            "website_endpoint": {
                                "expression": {
                                    "references": [
                                        "var.static_hosting",
                                        "aws_s3_bucket.this"
                                    ]
                                },
                                "description": "The static S3 website endpoint, if static_hosting was enabled. If not, this will be an empty string."
                            }
                        },
                        "resources": [
                            {
                                "address": "aws_s3_bucket.this",
                                "mode": "managed",
                                "type": "aws_s3_bucket",
                                "name": "this",
                                "provider_config_key": "defaults:aws",
                                "expressions": {
                                    "acl": {
                                        "references": [
                                            "var.acl"
                                        ]
                                    },
                                    "bucket": {
                                        "references": [
                                            "local.bucket_name"
                                        ]
                                    },
                                    "tags": {
                                        "references": [
                                            "var.tags",
                                            "local.bucket_name",
                                            "data.aws_caller_identity.current",
                                            "data.aws_caller_identity.current",
                                            "var.encryption",
                                            "local.sse_algorithm"
                                        ]
                                    },
                                    "versioning": [
                                        {
                                            "enabled": {
                                                "references": [
                                                    "var.versioning"
                                                ]
                                            },
                                            "mfa_delete": {
                                                "references": [
                                                    "var.mfa_delete"
                                                ]
                                            }
                                        }
                                    ]
                                },
                                "schema_version": 0
                            },
                            {
                                "address": "aws_s3_bucket_policy.this",
                                "mode": "managed",
                                "type": "aws_s3_bucket_policy",
                                "name": "this",
                                "provider_config_key": "defaults:aws",
                                "expressions": {
                                    "bucket": {
                                        "references": [
                                            "aws_s3_bucket.this"
                                        ]
                                    },
                                    "policy": {
                                        "references": [
                                            "data.aws_iam_policy_document.this"
                                        ]
                                    }
                                },
                                "schema_version": 0
                            },
                            {
                                "address": "data.aws_caller_identity.current",
                                "mode": "data",
                                "type": "aws_caller_identity",
                                "name": "current",
                                "provider_config_key": "defaults:aws",
                                "schema_version": 0
                            },
                            {
                                "address": "data.aws_iam_policy_document.custom_policy",
                                "mode": "data",
                                "type": "aws_iam_policy_document",
                                "name": "custom_policy",
                                "provider_config_key": "defaults:aws",
                                "expressions": {
                                    "override_json": {
                                        "references": [
                                            "var.custom_policy",
                                            "var.custom_policy",
                                            "aws_s3_bucket.this"
                                        ]
                                    },
                                    "source_json": {
                                        "references": [
                                            "data.aws_iam_policy_document.write_policy"
                                        ]
                                    }
                                },
                                "schema_version": 0
                            },
                            {
                                "address": "data.aws_iam_policy_document.encryption_in_transit",
                                "mode": "data",
                                "type": "aws_iam_policy_document",
                                "name": "encryption_in_transit",
                                "provider_config_key": "defaults:aws",
                                "expressions": {
                                    "statement": [
                                        {
                                            "actions": {
                                                "constant_value": [
                                                    "s3:*"
                                                ]
                                            },
                                            "condition": [
                                                {
                                                    "test": {
                                                        "constant_value": "Bool"
                                                    },
                                                    "values": {
                                                        "constant_value": [
                                                            "false"
                                                        ]
                                                    },
                                                    "variable": {
                                                        "constant_value": "aws:SecureTransport"
                                                    }
                                                }
                                            ],
                                            "effect": {
                                                "constant_value": "Deny"
                                            },
                                            "principals": [
                                                {
                                                    "identifiers": {
                                                        "constant_value": [
                                                            "*"
                                                        ]
                                                    },
                                                    "type": {
                                                        "constant_value": "AWS"
                                                    }
                                                }
                                            ],
                                            "resources": {
                                                "references": [
                                                    "local.bucket_name",
                                                    "local.bucket_name"
                                                ]
                                            },
                                            "sid": {
                                                "constant_value": "DenyNonSecureTransport"
                                            }
                                        }
                                    ]
                                },
                                "schema_version": 0
                            },
                            {
                                "address": "data.aws_iam_policy_document.read_access",
                                "mode": "data",
                                "type": "aws_iam_policy_document",
                                "name": "read_access",
                                "provider_config_key": "defaults:aws",
                                "expressions": {
                                    "statement": [
                                        {
                                            "actions": {
                                                "constant_value": [
                                                    "s3:HeadBucket",
                                                    "s3:ListBucket*",
                                                    "s3:ListAllMyBuckets",
                                                    "s3:ListBucketVersions",
                                                    "s3:ListBucketMultipartUploads",
                                                    "s3:ListMultipartUploadParts",
                                                    "s3:GetBucketLocation",
                                                    "s3:GetBucketVersioning",
                                                    "s3:GetEncryptionConfiguration",
                                                    "s3:GetObjectTagging",
                                                    "s3:GetObjectVersion",
                                                    "s3:GetObject"
                                                ]
                                            },
                                            "effect": {
                                                "constant_value": "Allow"
                                            },
                                            "principals": [
                                                {
                                                    "identifiers": {
                                                        "references": [
                                                            "var.read_access",
                                                            "var.read_access",
                                                            "data.aws_caller_identity.current"
                                                        ]
                                                    },
                                                    "type": {
                                                        "constant_value": "AWS"
                                                    }
                                                }
                                            ],
                                            "resources": {
                                                "references": [
                                                    "local.bucket_name",
                                                    "local.bucket_name"
                                                ]
                                            },
                                            "sid": {
                                                "constant_value": "ReadAccess"
                                            }
                                        }
                                    ]
                                },
                                "schema_version": 0
                            },
                            {
                                "address": "data.aws_iam_policy_document.read_policy",
                                "mode": "data",
                                "type": "aws_iam_policy_document",
                                "name": "read_policy",
                                "provider_config_key": "defaults:aws",
                                "expressions": {
                                    "override_json": {
                                        "references": [
                                            "var.read_access",
                                            "data.aws_iam_policy_document.read_access"
                                        ]
                                    },
                                    "source_json": {
                                        "references": [
                                            "data.aws_iam_policy_document.encryption_in_transit"
                                        ]
                                    }
                                },
                                "schema_version": 0
                            },
                            {
                                "address": "data.aws_iam_policy_document.this",
                                "mode": "data",
                                "type": "aws_iam_policy_document",
                                "name": "this",
                                "provider_config_key": "defaults:aws",
                                "expressions": {
                                    "source_json": {
                                        "references": [
                                            "var.disable_rw_policy",
                                            "var.custom_policy",
                                            "aws_s3_bucket.this",
                                            "data.aws_iam_policy_document.custom_policy"
                                        ]
                                    }
                                },
                                "schema_version": 0
                            },
                            {
                                "address": "data.aws_iam_policy_document.write_access",
                                "mode": "data",
                                "type": "aws_iam_policy_document",
                                "name": "write_access",
                                "provider_config_key": "defaults:aws",
                                "expressions": {
                                    "statement": [
                                        {
                                            "actions": {
                                                "constant_value": [
                                                    "s3:AbortMultipartUpload",
                                                    "s3:PutObject",
                                                    "s3:PutObjectRetention",
                                                    "s3:DeleteObject",
                                                    "s3:DeleteObjectVersion",
                                                    "s3:RestoreObject"
                                                ]
                                            },
                                            "effect": {
                                                "constant_value": "Allow"
                                            },
                                            "principals": [
                                                {
                                                    "identifiers": {
                                                        "references": [
                                                            "var.write_access",
                                                            "var.write_access",
                                                            "data.aws_caller_identity.current"
                                                        ]
                                                    },
                                                    "type": {
                                                        "constant_value": "AWS"
                                                    }
                                                }
                                            ],
                                            "resources": {
                                                "references": [
                                                    "local.bucket_name",
                                                    "local.bucket_name"
                                                ]
                                            },
                                            "sid": {
                                                "constant_value": "WriteAccess"
                                            }
                                        }
                                    ]
                                },
                                "schema_version": 0
                            },
                            {
                                "address": "data.aws_iam_policy_document.write_policy",
                                "mode": "data",
                                "type": "aws_iam_policy_document",
                                "name": "write_policy",
                                "provider_config_key": "defaults:aws",
                                "expressions": {
                                    "override_json": {
                                        "references": [
                                            "var.write_access",
                                            "data.aws_iam_policy_document.write_access"
                                        ]
                                    },
                                    "source_json": {
                                        "references": [
                                            "data.aws_iam_policy_document.read_policy"
                                        ]
                                    }
                                },
                                "schema_version": 0
                            }
                        ],
                        "variables": {
                            "acl": {
                                "default": "private",
                                "description": "The Access Control List that will be placed on the bucket. Acceptable Values are: 'private', 'public-read', 'public-read-write', 'aws-exec-read', 'authenticated-read', 'bucket-owner-read', 'bucket-owner-full-control', or 'log-delivery-write'"
                            },
                            "bucket": {
                                "description": "The base name that will be given to the S3 bucket. This base name can be made unique by specifing values for bucket_prefix, bucket_suffix, or both."
                            },
                            "bucket_prefix": {
                                "default": [],
                                "description": "A prefix list that will be added to the start of the bucket name. For example if bucket_prefix=['test'], then the bucket will be named 'test-${bucket}'. This module will also look for the keywords 'region_prefix' and 'account_prefix' and will substitute the current region, or account_id within the module as in the example: bucket_prefix=['test', 'region_prefix', 'account_prefix'], resulting in the bucket 'test-us-east-1-1234567890101-${bucket}'. If left blank no prefix will be added."
                            },
                            "bucket_suffix": {
                                "default": [],
                                "description": "A suffix list that will be added to the end of the bucket name. For example if bucket_suffix=['test'], then the bucket will be named '${bucket}-test'. This module will also look for the keywords 'region_suffix' and 'account_suffix' and will substitute the current region, or account_id within the module as in the example: bucket_suffix=['region_suffix', 'account_suffix', 'test'], resulting in the bucket name '${bucket}-us-east-1-1234567890101-test'. If left blank no suffix will be added."
                            },
                            "cors_rule": {
                                "default": {
                                    "allowed_headers": [
                                        "*"
                                    ],
                                    "allowed_methods": [
                                        "GET",
                                        "PUT",
                                        "POST"
                                    ],
                                    "allowed_origins": [
                                        "*"
                                    ],
                                    "expose_headers": [],
                                    "max_age_seconds": [
                                        "3000"
                                    ]
                                },
                                "description": "Cross Origin Resource Sharing ruleset to apply to the bucket"
                            },
                            "custom_policy": {
                                "default": null,
                                "description": "A bucket policy in the form of a data iam_policy_document. Use %BUCKET% for bucket name. This policy will be added to the read_access/write_access policy."
                            },
                            "disable_rw_policy": {
                                "default": false,
                                "description": "Setting this optional flag to true will disable any automatically generated policies and will ONLY use the custom_policy. The read_access and write_access vars will be ignored."
                            },
                            "encryption": {
                                "default": false,
                                "description": "Flag to enable bucket object encryption."
                            },
                            "error_document": {
                                "default": "error.html",
                                "description": "Value of the error file served by the static hosting bucket server if static hosting is enabled."
                            },
                            "index_document": {
                                "default": "index.html",
                                "description": "Value of the index file served by the static hosting bucket server if static hosting is enabled."
                            },
                            "kms_master_key_id": {
                                "default": "AES256",
                                "description": "The key that will be used to encrypt objects within the new bucket. If the default value of AES256 is unchanged, S3 will encrypt objects with the default KMS key. If a KMS CMK ARN is provided, then S3 will encrypt objects with the specified KMS key instead."
                            },
                            "logging_bucket": {
                                "default": null,
                                "description": "The base name of an S3 bucket designated as the log bucket for the provisioned s3 buckets access logs"
                            },
                            "mfa_delete": {
                                "default": false,
                                "description": "Flag to enable the requirement of MFA in order to delete a bucket, object, or disable object versioning."
                            },
                            "read_access": {
                                "default": [],
                                "description": "List of users/roles that will be granted permissions to LIST, DESCRIBE, and GET objects from the provisioned S3 bucket."
                            },
                            "region": {
                                "default": "us-east-1",
                                "description": "The AWS region where the S3 bucket will be provisioned."
                            },
                            "static_hosting": {
                                "default": false,
                                "description": "Flag that can be set to turn on static hosting within a bucket."
                            },
                            "tags": {
                                "default": {
                                    "Module_GitHub_URL": "https://github.com/TheCloudMage/TF-AWS-S3-Module.git",
                                    "Provisioned_By": "Terraform"
                                },
                                "description": "Specify any tags that should be added to the S3 bucket being provisioned."
                            },
                            "versioning": {
                                "default": false,
                                "description": "Flag to enable bucket object versioning."
                            },
                            "write_access": {
                                "default": [],
                                "description": "List of users/roles that will be granted permissions to PUT, and DELETE objects to/from the provisioned S3 bucket."
                            }
                        }
                    }
                },
                "hosting": {
                    "source": "../",
                    "expressions": {
                        "bucket": {
                            "references": [
                                "var.bucket"
                            ]
                        },
                        "cors_rule": {
                            "constant_value": {
                                "allowed_headers": [
                                    "*"
                                ],
                                "allowed_methods": [
                                    "POST"
                                ],
                                "allowed_origins": [
                                    "*"
                                ],
                                "expose_headers": [],
                                "max_age_seconds": [
                                    1500
                                ]
                            }
                        },
                        "error_document": {
                            "constant_value": "error.py"
                        },
                        "index_document": {
                            "constant_value": "index.py"
                        },
                        "static_hosting": {
                            "constant_value": true
                        }
                    },
                    "module": {
                        "outputs": {
                            "arn": {
                                "expression": {
                                    "references": [
                                        "aws_s3_bucket.this"
                                    ]
                                },
                                "description": "The Amazon Resource Name (ARN) of the provisioned S3 bucket. Will be of format arn:aws:s3:::bucketname"
                            },
                            "bucket_domain_name": {
                                "expression": {
                                    "references": [
                                        "aws_s3_bucket.this"
                                    ]
                                },
                                "description": "The bucket domain name. Will be of format bucketname.s3.amazonaws.com"
                            },
                            "bucket_regional_domain_name": {
                                "expression": {
                                    "references": [
                                        "aws_s3_bucket.this"
                                    ]
                                },
                                "description": "The bucket region-specific domain name."
                            },
                            "hosted_zone_id": {
                                "expression": {
                                    "references": [
                                        "var.static_hosting",
                                        "aws_s3_bucket.this"
                                    ]
                                },
                                "description": "The Route 53 Hosted Zone ID for this bucket's region."
                            },
                            "id": {
                                "expression": {
                                    "references": [
                                        "aws_s3_bucket.this"
                                    ]
                                },
                                "description": "The globally unique identifier for the provisioned S3 bucket."
                            },
                            "region": {
                                "expression": {
                                    "references": [
                                        "aws_s3_bucket.this"
                                    ]
                                },
                                "description": "The AWS region the provisioned S3 bucket resides in"
                            },
                            "website_domain": {
                                "expression": {
                                    "references": [
                                        "var.static_hosting",
                                        "aws_s3_bucket.this"
                                    ]
                                },
                                "description": "The domain of the static S3 website endpoint, if static_hosting was enabled. If not, this will be an empty string. This is used to create Route 53 alias records."
                            },
                            "website_endpoint": {
                                "expression": {
                                    "references": [
                                        "var.static_hosting",
                                        "aws_s3_bucket.this"
                                    ]
                                },
                                "description": "The static S3 website endpoint, if static_hosting was enabled. If not, this will be an empty string."
                            }
                        },
                        "resources": [
                            {
                                "address": "aws_s3_bucket.this",
                                "mode": "managed",
                                "type": "aws_s3_bucket",
                                "name": "this",
                                "provider_config_key": "hosting:aws",
                                "expressions": {
                                    "acl": {
                                        "references": [
                                            "var.acl"
                                        ]
                                    },
                                    "bucket": {
                                        "references": [
                                            "local.bucket_name"
                                        ]
                                    },
                                    "tags": {
                                        "references": [
                                            "var.tags",
                                            "local.bucket_name",
                                            "data.aws_caller_identity.current",
                                            "data.aws_caller_identity.current",
                                            "var.encryption",
                                            "local.sse_algorithm"
                                        ]
                                    },
                                    "versioning": [
                                        {
                                            "enabled": {
                                                "references": [
                                                    "var.versioning"
                                                ]
                                            },
                                            "mfa_delete": {
                                                "references": [
                                                    "var.mfa_delete"
                                                ]
                                            }
                                        }
                                    ]
                                },
                                "schema_version": 0
                            },
                            {
                                "address": "aws_s3_bucket_policy.this",
                                "mode": "managed",
                                "type": "aws_s3_bucket_policy",
                                "name": "this",
                                "provider_config_key": "hosting:aws",
                                "expressions": {
                                    "bucket": {
                                        "references": [
                                            "aws_s3_bucket.this"
                                        ]
                                    },
                                    "policy": {
                                        "references": [
                                            "data.aws_iam_policy_document.this"
                                        ]
                                    }
                                },
                                "schema_version": 0
                            },
                            {
                                "address": "data.aws_caller_identity.current",
                                "mode": "data",
                                "type": "aws_caller_identity",
                                "name": "current",
                                "provider_config_key": "hosting:aws",
                                "schema_version": 0
                            },
                            {
                                "address": "data.aws_iam_policy_document.custom_policy",
                                "mode": "data",
                                "type": "aws_iam_policy_document",
                                "name": "custom_policy",
                                "provider_config_key": "hosting:aws",
                                "expressions": {
                                    "override_json": {
                                        "references": [
                                            "var.custom_policy",
                                            "var.custom_policy",
                                            "aws_s3_bucket.this"
                                        ]
                                    },
                                    "source_json": {
                                        "references": [
                                            "data.aws_iam_policy_document.write_policy"
                                        ]
                                    }
                                },
                                "schema_version": 0
                            },
                            {
                                "address": "data.aws_iam_policy_document.encryption_in_transit",
                                "mode": "data",
                                "type": "aws_iam_policy_document",
                                "name": "encryption_in_transit",
                                "provider_config_key": "hosting:aws",
                                "expressions": {
                                    "statement": [
                                        {
                                            "actions": {
                                                "constant_value": [
                                                    "s3:*"
                                                ]
                                            },
                                            "condition": [
                                                {
                                                    "test": {
                                                        "constant_value": "Bool"
                                                    },
                                                    "values": {
                                                        "constant_value": [
                                                            "false"
                                                        ]
                                                    },
                                                    "variable": {
                                                        "constant_value": "aws:SecureTransport"
                                                    }
                                                }
                                            ],
                                            "effect": {
                                                "constant_value": "Deny"
                                            },
                                            "principals": [
                                                {
                                                    "identifiers": {
                                                        "constant_value": [
                                                            "*"
                                                        ]
                                                    },
                                                    "type": {
                                                        "constant_value": "AWS"
                                                    }
                                                }
                                            ],
                                            "resources": {
                                                "references": [
                                                    "local.bucket_name",
                                                    "local.bucket_name"
                                                ]
                                            },
                                            "sid": {
                                                "constant_value": "DenyNonSecureTransport"
                                            }
                                        }
                                    ]
                                },
                                "schema_version": 0
                            },
                            {
                                "address": "data.aws_iam_policy_document.read_access",
                                "mode": "data",
                                "type": "aws_iam_policy_document",
                                "name": "read_access",
                                "provider_config_key": "hosting:aws",
                                "expressions": {
                                    "statement": [
                                        {
                                            "actions": {
                                                "constant_value": [
                                                    "s3:HeadBucket",
                                                    "s3:ListBucket*",
                                                    "s3:ListAllMyBuckets",
                                                    "s3:ListBucketVersions",
                                                    "s3:ListBucketMultipartUploads",
                                                    "s3:ListMultipartUploadParts",
                                                    "s3:GetBucketLocation",
                                                    "s3:GetBucketVersioning",
                                                    "s3:GetEncryptionConfiguration",
                                                    "s3:GetObjectTagging",
                                                    "s3:GetObjectVersion",
                                                    "s3:GetObject"
                                                ]
                                            },
                                            "effect": {
                                                "constant_value": "Allow"
                                            },
                                            "principals": [
                                                {
                                                    "identifiers": {
                                                        "references": [
                                                            "var.read_access",
                                                            "var.read_access",
                                                            "data.aws_caller_identity.current"
                                                        ]
                                                    },
                                                    "type": {
                                                        "constant_value": "AWS"
                                                    }
                                                }
                                            ],
                                            "resources": {
                                                "references": [
                                                    "local.bucket_name",
                                                    "local.bucket_name"
                                                ]
                                            },
                                            "sid": {
                                                "constant_value": "ReadAccess"
                                            }
                                        }
                                    ]
                                },
                                "schema_version": 0
                            },
                            {
                                "address": "data.aws_iam_policy_document.read_policy",
                                "mode": "data",
                                "type": "aws_iam_policy_document",
                                "name": "read_policy",
                                "provider_config_key": "hosting:aws",
                                "expressions": {
                                    "override_json": {
                                        "references": [
                                            "var.read_access",
                                            "data.aws_iam_policy_document.read_access"
                                        ]
                                    },
                                    "source_json": {
                                        "references": [
                                            "data.aws_iam_policy_document.encryption_in_transit"
                                        ]
                                    }
                                },
                                "schema_version": 0
                            },
                            {
                                "address": "data.aws_iam_policy_document.this",
                                "mode": "data",
                                "type": "aws_iam_policy_document",
                                "name": "this",
                                "provider_config_key": "hosting:aws",
                                "expressions": {
                                    "source_json": {
                                        "references": [
                                            "var.disable_rw_policy",
                                            "var.custom_policy",
                                            "aws_s3_bucket.this",
                                            "data.aws_iam_policy_document.custom_policy"
                                        ]
                                    }
                                },
                                "schema_version": 0
                            },
                            {
                                "address": "data.aws_iam_policy_document.write_access",
                                "mode": "data",
                                "type": "aws_iam_policy_document",
                                "name": "write_access",
                                "provider_config_key": "hosting:aws",
                                "expressions": {
                                    "statement": [
                                        {
                                            "actions": {
                                                "constant_value": [
                                                    "s3:AbortMultipartUpload",
                                                    "s3:PutObject",
                                                    "s3:PutObjectRetention",
                                                    "s3:DeleteObject",
                                                    "s3:DeleteObjectVersion",
                                                    "s3:RestoreObject"
                                                ]
                                            },
                                            "effect": {
                                                "constant_value": "Allow"
                                            },
                                            "principals": [
                                                {
                                                    "identifiers": {
                                                        "references": [
                                                            "var.write_access",
                                                            "var.write_access",
                                                            "data.aws_caller_identity.current"
                                                        ]
                                                    },
                                                    "type": {
                                                        "constant_value": "AWS"
                                                    }
                                                }
                                            ],
                                            "resources": {
                                                "references": [
                                                    "local.bucket_name",
                                                    "local.bucket_name"
                                                ]
                                            },
                                            "sid": {
                                                "constant_value": "WriteAccess"
                                            }
                                        }
                                    ]
                                },
                                "schema_version": 0
                            },
                            {
                                "address": "data.aws_iam_policy_document.write_policy",
                                "mode": "data",
                                "type": "aws_iam_policy_document",
                                "name": "write_policy",
                                "provider_config_key": "hosting:aws",
                                "expressions": {
                                    "override_json": {
                                        "references": [
                                            "var.write_access",
                                            "data.aws_iam_policy_document.write_access"
                                        ]
                                    },
                                    "source_json": {
                                        "references": [
                                            "data.aws_iam_policy_document.read_policy"
                                        ]
                                    }
                                },
                                "schema_version": 0
                            }
                        ],
                        "variables": {
                            "acl": {
                                "default": "private",
                                "description": "The Access Control List that will be placed on the bucket. Acceptable Values are: 'private', 'public-read', 'public-read-write', 'aws-exec-read', 'authenticated-read', 'bucket-owner-read', 'bucket-owner-full-control', or 'log-delivery-write'"
                            },
                            "bucket": {
                                "description": "The base name that will be given to the S3 bucket. This base name can be made unique by specifing values for bucket_prefix, bucket_suffix, or both."
                            },
                            "bucket_prefix": {
                                "default": [],
                                "description": "A prefix list that will be added to the start of the bucket name. For example if bucket_prefix=['test'], then the bucket will be named 'test-${bucket}'. This module will also look for the keywords 'region_prefix' and 'account_prefix' and will substitute the current region, or account_id within the module as in the example: bucket_prefix=['test', 'region_prefix', 'account_prefix'], resulting in the bucket 'test-us-east-1-1234567890101-${bucket}'. If left blank no prefix will be added."
                            },
                            "bucket_suffix": {
                                "default": [],
                                "description": "A suffix list that will be added to the end of the bucket name. For example if bucket_suffix=['test'], then the bucket will be named '${bucket}-test'. This module will also look for the keywords 'region_suffix' and 'account_suffix' and will substitute the current region, or account_id within the module as in the example: bucket_suffix=['region_suffix', 'account_suffix', 'test'], resulting in the bucket name '${bucket}-us-east-1-1234567890101-test'. If left blank no suffix will be added."
                            },
                            "cors_rule": {
                                "default": {
                                    "allowed_headers": [
                                        "*"
                                    ],
                                    "allowed_methods": [
                                        "GET",
                                        "PUT",
                                        "POST"
                                    ],
                                    "allowed_origins": [
                                        "*"
                                    ],
                                    "expose_headers": [],
                                    "max_age_seconds": [
                                        "3000"
                                    ]
                                },
                                "description": "Cross Origin Resource Sharing ruleset to apply to the bucket"
                            },
                            "custom_policy": {
                                "default": null,
                                "description": "A bucket policy in the form of a data iam_policy_document. Use %BUCKET% for bucket name. This policy will be added to the read_access/write_access policy."
                            },
                            "disable_rw_policy": {
                                "default": false,
                                "description": "Setting this optional flag to true will disable any automatically generated policies and will ONLY use the custom_policy. The read_access and write_access vars will be ignored."
                            },
                            "encryption": {
                                "default": false,
                                "description": "Flag to enable bucket object encryption."
                            },
                            "error_document": {
                                "default": "error.html",
                                "description": "Value of the error file served by the static hosting bucket server if static hosting is enabled."
                            },
                            "index_document": {
                                "default": "index.html",
                                "description": "Value of the index file served by the static hosting bucket server if static hosting is enabled."
                            },
                            "kms_master_key_id": {
                                "default": "AES256",
                                "description": "The key that will be used to encrypt objects within the new bucket. If the default value of AES256 is unchanged, S3 will encrypt objects with the default KMS key. If a KMS CMK ARN is provided, then S3 will encrypt objects with the specified KMS key instead."
                            },
                            "logging_bucket": {
                                "default": null,
                                "description": "The base name of an S3 bucket designated as the log bucket for the provisioned s3 buckets access logs"
                            },
                            "mfa_delete": {
                                "default": false,
                                "description": "Flag to enable the requirement of MFA in order to delete a bucket, object, or disable object versioning."
                            },
                            "read_access": {
                                "default": [],
                                "description": "List of users/roles that will be granted permissions to LIST, DESCRIBE, and GET objects from the provisioned S3 bucket."
                            },
                            "region": {
                                "default": "us-east-1",
                                "description": "The AWS region where the S3 bucket will be provisioned."
                            },
                            "static_hosting": {
                                "default": false,
                                "description": "Flag that can be set to turn on static hosting within a bucket."
                            },
                            "tags": {
                                "default": {
                                    "Module_GitHub_URL": "https://github.com/TheCloudMage/TF-AWS-S3-Module.git",
                                    "Provisioned_By": "Terraform"
                                },
                                "description": "Specify any tags that should be added to the S3 bucket being provisioned."
                            },
                            "versioning": {
                                "default": false,
                                "description": "Flag to enable bucket object versioning."
                            },
                            "write_access": {
                                "default": [],
                                "description": "List of users/roles that will be granted permissions to PUT, and DELETE objects to/from the provisioned S3 bucket."
                            }
                        }
                    }
                },
                "logging": {
                    "source": "../",
                    "expressions": {
                        "bucket": {
                            "references": [
                                "var.bucket"
                            ]
                        },
                        "logging_bucket": {
                            "constant_value": "test-logging-bucket-configuration-test"
                        }
                    },
                    "module": {
                        "outputs": {
                            "arn": {
                                "expression": {
                                    "references": [
                                        "aws_s3_bucket.this"
                                    ]
                                },
                                "description": "The Amazon Resource Name (ARN) of the provisioned S3 bucket. Will be of format arn:aws:s3:::bucketname"
                            },
                            "bucket_domain_name": {
                                "expression": {
                                    "references": [
                                        "aws_s3_bucket.this"
                                    ]
                                },
                                "description": "The bucket domain name. Will be of format bucketname.s3.amazonaws.com"
                            },
                            "bucket_regional_domain_name": {
                                "expression": {
                                    "references": [
                                        "aws_s3_bucket.this"
                                    ]
                                },
                                "description": "The bucket region-specific domain name."
                            },
                            "hosted_zone_id": {
                                "expression": {
                                    "references": [
                                        "var.static_hosting",
                                        "aws_s3_bucket.this"
                                    ]
                                },
                                "description": "The Route 53 Hosted Zone ID for this bucket's region."
                            },
                            "id": {
                                "expression": {
                                    "references": [
                                        "aws_s3_bucket.this"
                                    ]
                                },
                                "description": "The globally unique identifier for the provisioned S3 bucket."
                            },
                            "region": {
                                "expression": {
                                    "references": [
                                        "aws_s3_bucket.this"
                                    ]
                                },
                                "description": "The AWS region the provisioned S3 bucket resides in"
                            },
                            "website_domain": {
                                "expression": {
                                    "references": [
                                        "var.static_hosting",
                                        "aws_s3_bucket.this"
                                    ]
                                },
                                "description": "The domain of the static S3 website endpoint, if static_hosting was enabled. If not, this will be an empty string. This is used to create Route 53 alias records."
                            },
                            "website_endpoint": {
                                "expression": {
                                    "references": [
                                        "var.static_hosting",
                                        "aws_s3_bucket.this"
                                    ]
                                },
                                "description": "The static S3 website endpoint, if static_hosting was enabled. If not, this will be an empty string."
                            }
                        },
                        "resources": [
                            {
                                "address": "aws_s3_bucket.this",
                                "mode": "managed",
                                "type": "aws_s3_bucket",
                                "name": "this",
                                "provider_config_key": "logging:aws",
                                "expressions": {
                                    "acl": {
                                        "references": [
                                            "var.acl"
                                        ]
                                    },
                                    "bucket": {
                                        "references": [
                                            "local.bucket_name"
                                        ]
                                    },
                                    "tags": {
                                        "references": [
                                            "var.tags",
                                            "local.bucket_name",
                                            "data.aws_caller_identity.current",
                                            "data.aws_caller_identity.current",
                                            "var.encryption",
                                            "local.sse_algorithm"
                                        ]
                                    },
                                    "versioning": [
                                        {
                                            "enabled": {
                                                "references": [
                                                    "var.versioning"
                                                ]
                                            },
                                            "mfa_delete": {
                                                "references": [
                                                    "var.mfa_delete"
                                                ]
                                            }
                                        }
                                    ]
                                },
                                "schema_version": 0
                            },
                            {
                                "address": "aws_s3_bucket_policy.this",
                                "mode": "managed",
                                "type": "aws_s3_bucket_policy",
                                "name": "this",
                                "provider_config_key": "logging:aws",
                                "expressions": {
                                    "bucket": {
                                        "references": [
                                            "aws_s3_bucket.this"
                                        ]
                                    },
                                    "policy": {
                                        "references": [
                                            "data.aws_iam_policy_document.this"
                                        ]
                                    }
                                },
                                "schema_version": 0
                            },
                            {
                                "address": "data.aws_caller_identity.current",
                                "mode": "data",
                                "type": "aws_caller_identity",
                                "name": "current",
                                "provider_config_key": "logging:aws",
                                "schema_version": 0
                            },
                            {
                                "address": "data.aws_iam_policy_document.custom_policy",
                                "mode": "data",
                                "type": "aws_iam_policy_document",
                                "name": "custom_policy",
                                "provider_config_key": "logging:aws",
                                "expressions": {
                                    "override_json": {
                                        "references": [
                                            "var.custom_policy",
                                            "var.custom_policy",
                                            "aws_s3_bucket.this"
                                        ]
                                    },
                                    "source_json": {
                                        "references": [
                                            "data.aws_iam_policy_document.write_policy"
                                        ]
                                    }
                                },
                                "schema_version": 0
                            },
                            {
                                "address": "data.aws_iam_policy_document.encryption_in_transit",
                                "mode": "data",
                                "type": "aws_iam_policy_document",
                                "name": "encryption_in_transit",
                                "provider_config_key": "logging:aws",
                                "expressions": {
                                    "statement": [
                                        {
                                            "actions": {
                                                "constant_value": [
                                                    "s3:*"
                                                ]
                                            },
                                            "condition": [
                                                {
                                                    "test": {
                                                        "constant_value": "Bool"
                                                    },
                                                    "values": {
                                                        "constant_value": [
                                                            "false"
                                                        ]
                                                    },
                                                    "variable": {
                                                        "constant_value": "aws:SecureTransport"
                                                    }
                                                }
                                            ],
                                            "effect": {
                                                "constant_value": "Deny"
                                            },
                                            "principals": [
                                                {
                                                    "identifiers": {
                                                        "constant_value": [
                                                            "*"
                                                        ]
                                                    },
                                                    "type": {
                                                        "constant_value": "AWS"
                                                    }
                                                }
                                            ],
                                            "resources": {
                                                "references": [
                                                    "local.bucket_name",
                                                    "local.bucket_name"
                                                ]
                                            },
                                            "sid": {
                                                "constant_value": "DenyNonSecureTransport"
                                            }
                                        }
                                    ]
                                },
                                "schema_version": 0
                            },
                            {
                                "address": "data.aws_iam_policy_document.read_access",
                                "mode": "data",
                                "type": "aws_iam_policy_document",
                                "name": "read_access",
                                "provider_config_key": "logging:aws",
                                "expressions": {
                                    "statement": [
                                        {
                                            "actions": {
                                                "constant_value": [
                                                    "s3:HeadBucket",
                                                    "s3:ListBucket*",
                                                    "s3:ListAllMyBuckets",
                                                    "s3:ListBucketVersions",
                                                    "s3:ListBucketMultipartUploads",
                                                    "s3:ListMultipartUploadParts",
                                                    "s3:GetBucketLocation",
                                                    "s3:GetBucketVersioning",
                                                    "s3:GetEncryptionConfiguration",
                                                    "s3:GetObjectTagging",
                                                    "s3:GetObjectVersion",
                                                    "s3:GetObject"
                                                ]
                                            },
                                            "effect": {
                                                "constant_value": "Allow"
                                            },
                                            "principals": [
                                                {
                                                    "identifiers": {
                                                        "references": [
                                                            "var.read_access",
                                                            "var.read_access",
                                                            "data.aws_caller_identity.current"
                                                        ]
                                                    },
                                                    "type": {
                                                        "constant_value": "AWS"
                                                    }
                                                }
                                            ],
                                            "resources": {
                                                "references": [
                                                    "local.bucket_name",
                                                    "local.bucket_name"
                                                ]
                                            },
                                            "sid": {
                                                "constant_value": "ReadAccess"
                                            }
                                        }
                                    ]
                                },
                                "schema_version": 0
                            },
                            {
                                "address": "data.aws_iam_policy_document.read_policy",
                                "mode": "data",
                                "type": "aws_iam_policy_document",
                                "name": "read_policy",
                                "provider_config_key": "logging:aws",
                                "expressions": {
                                    "override_json": {
                                        "references": [
                                            "var.read_access",
                                            "data.aws_iam_policy_document.read_access"
                                        ]
                                    },
                                    "source_json": {
                                        "references": [
                                            "data.aws_iam_policy_document.encryption_in_transit"
                                        ]
                                    }
                                },
                                "schema_version": 0
                            },
                            {
                                "address": "data.aws_iam_policy_document.this",
                                "mode": "data",
                                "type": "aws_iam_policy_document",
                                "name": "this",
                                "provider_config_key": "logging:aws",
                                "expressions": {
                                    "source_json": {
                                        "references": [
                                            "var.disable_rw_policy",
                                            "var.custom_policy",
                                            "aws_s3_bucket.this",
                                            "data.aws_iam_policy_document.custom_policy"
                                        ]
                                    }
                                },
                                "schema_version": 0
                            },
                            {
                                "address": "data.aws_iam_policy_document.write_access",
                                "mode": "data",
                                "type": "aws_iam_policy_document",
                                "name": "write_access",
                                "provider_config_key": "logging:aws",
                                "expressions": {
                                    "statement": [
                                        {
                                            "actions": {
                                                "constant_value": [
                                                    "s3:AbortMultipartUpload",
                                                    "s3:PutObject",
                                                    "s3:PutObjectRetention",
                                                    "s3:DeleteObject",
                                                    "s3:DeleteObjectVersion",
                                                    "s3:RestoreObject"
                                                ]
                                            },
                                            "effect": {
                                                "constant_value": "Allow"
                                            },
                                            "principals": [
                                                {
                                                    "identifiers": {
                                                        "references": [
                                                            "var.write_access",
                                                            "var.write_access",
                                                            "data.aws_caller_identity.current"
                                                        ]
                                                    },
                                                    "type": {
                                                        "constant_value": "AWS"
                                                    }
                                                }
                                            ],
                                            "resources": {
                                                "references": [
                                                    "local.bucket_name",
                                                    "local.bucket_name"
                                                ]
                                            },
                                            "sid": {
                                                "constant_value": "WriteAccess"
                                            }
                                        }
                                    ]
                                },
                                "schema_version": 0
                            },
                            {
                                "address": "data.aws_iam_policy_document.write_policy",
                                "mode": "data",
                                "type": "aws_iam_policy_document",
                                "name": "write_policy",
                                "provider_config_key": "logging:aws",
                                "expressions": {
                                    "override_json": {
                                        "references": [
                                            "var.write_access",
                                            "data.aws_iam_policy_document.write_access"
                                        ]
                                    },
                                    "source_json": {
                                        "references": [
                                            "data.aws_iam_policy_document.read_policy"
                                        ]
                                    }
                                },
                                "schema_version": 0
                            }
                        ],
                        "variables": {
                            "acl": {
                                "default": "private",
                                "description": "The Access Control List that will be placed on the bucket. Acceptable Values are: 'private', 'public-read', 'public-read-write', 'aws-exec-read', 'authenticated-read', 'bucket-owner-read', 'bucket-owner-full-control', or 'log-delivery-write'"
                            },
                            "bucket": {
                                "description": "The base name that will be given to the S3 bucket. This base name can be made unique by specifing values for bucket_prefix, bucket_suffix, or both."
                            },
                            "bucket_prefix": {
                                "default": [],
                                "description": "A prefix list that will be added to the start of the bucket name. For example if bucket_prefix=['test'], then the bucket will be named 'test-${bucket}'. This module will also look for the keywords 'region_prefix' and 'account_prefix' and will substitute the current region, or account_id within the module as in the example: bucket_prefix=['test', 'region_prefix', 'account_prefix'], resulting in the bucket 'test-us-east-1-1234567890101-${bucket}'. If left blank no prefix will be added."
                            },
                            "bucket_suffix": {
                                "default": [],
                                "description": "A suffix list that will be added to the end of the bucket name. For example if bucket_suffix=['test'], then the bucket will be named '${bucket}-test'. This module will also look for the keywords 'region_suffix' and 'account_suffix' and will substitute the current region, or account_id within the module as in the example: bucket_suffix=['region_suffix', 'account_suffix', 'test'], resulting in the bucket name '${bucket}-us-east-1-1234567890101-test'. If left blank no suffix will be added."
                            },
                            "cors_rule": {
                                "default": {
                                    "allowed_headers": [
                                        "*"
                                    ],
                                    "allowed_methods": [
                                        "GET",
                                        "PUT",
                                        "POST"
                                    ],
                                    "allowed_origins": [
                                        "*"
                                    ],
                                    "expose_headers": [],
                                    "max_age_seconds": [
                                        "3000"
                                    ]
                                },
                                "description": "Cross Origin Resource Sharing ruleset to apply to the bucket"
                            },
                            "custom_policy": {
                                "default": null,
                                "description": "A bucket policy in the form of a data iam_policy_document. Use %BUCKET% for bucket name. This policy will be added to the read_access/write_access policy."
                            },
                            "disable_rw_policy": {
                                "default": false,
                                "description": "Setting this optional flag to true will disable any automatically generated policies and will ONLY use the custom_policy. The read_access and write_access vars will be ignored."
                            },
                            "encryption": {
                                "default": false,
                                "description": "Flag to enable bucket object encryption."
                            },
                            "error_document": {
                                "default": "error.html",
                                "description": "Value of the error file served by the static hosting bucket server if static hosting is enabled."
                            },
                            "index_document": {
                                "default": "index.html",
                                "description": "Value of the index file served by the static hosting bucket server if static hosting is enabled."
                            },
                            "kms_master_key_id": {
                                "default": "AES256",
                                "description": "The key that will be used to encrypt objects within the new bucket. If the default value of AES256 is unchanged, S3 will encrypt objects with the default KMS key. If a KMS CMK ARN is provided, then S3 will encrypt objects with the specified KMS key instead."
                            },
                            "logging_bucket": {
                                "default": null,
                                "description": "The base name of an S3 bucket designated as the log bucket for the provisioned s3 buckets access logs"
                            },
                            "mfa_delete": {
                                "default": false,
                                "description": "Flag to enable the requirement of MFA in order to delete a bucket, object, or disable object versioning."
                            },
                            "read_access": {
                                "default": [],
                                "description": "List of users/roles that will be granted permissions to LIST, DESCRIBE, and GET objects from the provisioned S3 bucket."
                            },
                            "region": {
                                "default": "us-east-1",
                                "description": "The AWS region where the S3 bucket will be provisioned."
                            },
                            "static_hosting": {
                                "default": false,
                                "description": "Flag that can be set to turn on static hosting within a bucket."
                            },
                            "tags": {
                                "default": {
                                    "Module_GitHub_URL": "https://github.com/TheCloudMage/TF-AWS-S3-Module.git",
                                    "Provisioned_By": "Terraform"
                                },
                                "description": "Specify any tags that should be added to the S3 bucket being provisioned."
                            },
                            "versioning": {
                                "default": false,
                                "description": "Flag to enable bucket object versioning."
                            },
                            "write_access": {
                                "default": [],
                                "description": "List of users/roles that will be granted permissions to PUT, and DELETE objects to/from the provisioned S3 bucket."
                            }
                        }
                    }
                },
                "naming": {
                    "source": "../",
                    "expressions": {
                        "bucket": {
                            "references": [
                                "var.bucket"
                            ]
                        },
                        "bucket_prefix": {
                            "constant_value": [
                                "account_prefix",
                                "yes"
                            ]
                        },
                        "bucket_suffix": {
                            "constant_value": [
                                "region_suffix",
                                "42"
                            ]
                        },
                        "region": {
                            "constant_value": "us-west-2"
                        }
                    },
                    "module": {
                        "outputs": {
                            "arn": {
                                "expression": {
                                    "references": [
                                        "aws_s3_bucket.this"
                                    ]
                                },
                                "description": "The Amazon Resource Name (ARN) of the provisioned S3 bucket. Will be of format arn:aws:s3:::bucketname"
                            },
                            "bucket_domain_name": {
                                "expression": {
                                    "references": [
                                        "aws_s3_bucket.this"
                                    ]
                                },
                                "description": "The bucket domain name. Will be of format bucketname.s3.amazonaws.com"
                            },
                            "bucket_regional_domain_name": {
                                "expression": {
                                    "references": [
                                        "aws_s3_bucket.this"
                                    ]
                                },
                                "description": "The bucket region-specific domain name."
                            },
                            "hosted_zone_id": {
                                "expression": {
                                    "references": [
                                        "var.static_hosting",
                                        "aws_s3_bucket.this"
                                    ]
                                },
                                "description": "The Route 53 Hosted Zone ID for this bucket's region."
                            },
                            "id": {
                                "expression": {
                                    "references": [
                                        "aws_s3_bucket.this"
                                    ]
                                },
                                "description": "The globally unique identifier for the provisioned S3 bucket."
                            },
                            "region": {
                                "expression": {
                                    "references": [
                                        "aws_s3_bucket.this"
                                    ]
                                },
                                "description": "The AWS region the provisioned S3 bucket resides in"
                            },
                            "website_domain": {
                                "expression": {
                                    "references": [
                                        "var.static_hosting",
                                        "aws_s3_bucket.this"
                                    ]
                                },
                                "description": "The domain of the static S3 website endpoint, if static_hosting was enabled. If not, this will be an empty string. This is used to create Route 53 alias records."
                            },
                            "website_endpoint": {
                                "expression": {
                                    "references": [
                                        "var.static_hosting",
                                        "aws_s3_bucket.this"
                                    ]
                                },
                                "description": "The static S3 website endpoint, if static_hosting was enabled. If not, this will be an empty string."
                            }
                        },
                        "resources": [
                            {
                                "address": "aws_s3_bucket.this",
                                "mode": "managed",
                                "type": "aws_s3_bucket",
                                "name": "this",
                                "provider_config_key": "naming:aws",
                                "expressions": {
                                    "acl": {
                                        "references": [
                                            "var.acl"
                                        ]
                                    },
                                    "bucket": {
                                        "references": [
                                            "local.bucket_name"
                                        ]
                                    },
                                    "tags": {
                                        "references": [
                                            "var.tags",
                                            "local.bucket_name",
                                            "data.aws_caller_identity.current",
                                            "data.aws_caller_identity.current",
                                            "var.encryption",
                                            "local.sse_algorithm"
                                        ]
                                    },
                                    "versioning": [
                                        {
                                            "enabled": {
                                                "references": [
                                                    "var.versioning"
                                                ]
                                            },
                                            "mfa_delete": {
                                                "references": [
                                                    "var.mfa_delete"
                                                ]
                                            }
                                        }
                                    ]
                                },
                                "schema_version": 0
                            },
                            {
                                "address": "aws_s3_bucket_policy.this",
                                "mode": "managed",
                                "type": "aws_s3_bucket_policy",
                                "name": "this",
                                "provider_config_key": "naming:aws",
                                "expressions": {
                                    "bucket": {
                                        "references": [
                                            "aws_s3_bucket.this"
                                        ]
                                    },
                                    "policy": {
                                        "references": [
                                            "data.aws_iam_policy_document.this"
                                        ]
                                    }
                                },
                                "schema_version": 0
                            },
                            {
                                "address": "data.aws_caller_identity.current",
                                "mode": "data",
                                "type": "aws_caller_identity",
                                "name": "current",
                                "provider_config_key": "naming:aws",
                                "schema_version": 0
                            },
                            {
                                "address": "data.aws_iam_policy_document.custom_policy",
                                "mode": "data",
                                "type": "aws_iam_policy_document",
                                "name": "custom_policy",
                                "provider_config_key": "naming:aws",
                                "expressions": {
                                    "override_json": {
                                        "references": [
                                            "var.custom_policy",
                                            "var.custom_policy",
                                            "aws_s3_bucket.this"
                                        ]
                                    },
                                    "source_json": {
                                        "references": [
                                            "data.aws_iam_policy_document.write_policy"
                                        ]
                                    }
                                },
                                "schema_version": 0
                            },
                            {
                                "address": "data.aws_iam_policy_document.encryption_in_transit",
                                "mode": "data",
                                "type": "aws_iam_policy_document",
                                "name": "encryption_in_transit",
                                "provider_config_key": "naming:aws",
                                "expressions": {
                                    "statement": [
                                        {
                                            "actions": {
                                                "constant_value": [
                                                    "s3:*"
                                                ]
                                            },
                                            "condition": [
                                                {
                                                    "test": {
                                                        "constant_value": "Bool"
                                                    },
                                                    "values": {
                                                        "constant_value": [
                                                            "false"
                                                        ]
                                                    },
                                                    "variable": {
                                                        "constant_value": "aws:SecureTransport"
                                                    }
                                                }
                                            ],
                                            "effect": {
                                                "constant_value": "Deny"
                                            },
                                            "principals": [
                                                {
                                                    "identifiers": {
                                                        "constant_value": [
                                                            "*"
                                                        ]
                                                    },
                                                    "type": {
                                                        "constant_value": "AWS"
                                                    }
                                                }
                                            ],
                                            "resources": {
                                                "references": [
                                                    "local.bucket_name",
                                                    "local.bucket_name"
                                                ]
                                            },
                                            "sid": {
                                                "constant_value": "DenyNonSecureTransport"
                                            }
                                        }
                                    ]
                                },
                                "schema_version": 0
                            },
                            {
                                "address": "data.aws_iam_policy_document.read_access",
                                "mode": "data",
                                "type": "aws_iam_policy_document",
                                "name": "read_access",
                                "provider_config_key": "naming:aws",
                                "expressions": {
                                    "statement": [
                                        {
                                            "actions": {
                                                "constant_value": [
                                                    "s3:HeadBucket",
                                                    "s3:ListBucket*",
                                                    "s3:ListAllMyBuckets",
                                                    "s3:ListBucketVersions",
                                                    "s3:ListBucketMultipartUploads",
                                                    "s3:ListMultipartUploadParts",
                                                    "s3:GetBucketLocation",
                                                    "s3:GetBucketVersioning",
                                                    "s3:GetEncryptionConfiguration",
                                                    "s3:GetObjectTagging",
                                                    "s3:GetObjectVersion",
                                                    "s3:GetObject"
                                                ]
                                            },
                                            "effect": {
                                                "constant_value": "Allow"
                                            },
                                            "principals": [
                                                {
                                                    "identifiers": {
                                                        "references": [
                                                            "var.read_access",
                                                            "var.read_access",
                                                            "data.aws_caller_identity.current"
                                                        ]
                                                    },
                                                    "type": {
                                                        "constant_value": "AWS"
                                                    }
                                                }
                                            ],
                                            "resources": {
                                                "references": [
                                                    "local.bucket_name",
                                                    "local.bucket_name"
                                                ]
                                            },
                                            "sid": {
                                                "constant_value": "ReadAccess"
                                            }
                                        }
                                    ]
                                },
                                "schema_version": 0
                            },
                            {
                                "address": "data.aws_iam_policy_document.read_policy",
                                "mode": "data",
                                "type": "aws_iam_policy_document",
                                "name": "read_policy",
                                "provider_config_key": "naming:aws",
                                "expressions": {
                                    "override_json": {
                                        "references": [
                                            "var.read_access",
                                            "data.aws_iam_policy_document.read_access"
                                        ]
                                    },
                                    "source_json": {
                                        "references": [
                                            "data.aws_iam_policy_document.encryption_in_transit"
                                        ]
                                    }
                                },
                                "schema_version": 0
                            },
                            {
                                "address": "data.aws_iam_policy_document.this",
                                "mode": "data",
                                "type": "aws_iam_policy_document",
                                "name": "this",
                                "provider_config_key": "naming:aws",
                                "expressions": {
                                    "source_json": {
                                        "references": [
                                            "var.disable_rw_policy",
                                            "var.custom_policy",
                                            "aws_s3_bucket.this",
                                            "data.aws_iam_policy_document.custom_policy"
                                        ]
                                    }
                                },
                                "schema_version": 0
                            },
                            {
                                "address": "data.aws_iam_policy_document.write_access",
                                "mode": "data",
                                "type": "aws_iam_policy_document",
                                "name": "write_access",
                                "provider_config_key": "naming:aws",
                                "expressions": {
                                    "statement": [
                                        {
                                            "actions": {
                                                "constant_value": [
                                                    "s3:AbortMultipartUpload",
                                                    "s3:PutObject",
                                                    "s3:PutObjectRetention",
                                                    "s3:DeleteObject",
                                                    "s3:DeleteObjectVersion",
                                                    "s3:RestoreObject"
                                                ]
                                            },
                                            "effect": {
                                                "constant_value": "Allow"
                                            },
                                            "principals": [
                                                {
                                                    "identifiers": {
                                                        "references": [
                                                            "var.write_access",
                                                            "var.write_access",
                                                            "data.aws_caller_identity.current"
                                                        ]
                                                    },
                                                    "type": {
                                                        "constant_value": "AWS"
                                                    }
                                                }
                                            ],
                                            "resources": {
                                                "references": [
                                                    "local.bucket_name",
                                                    "local.bucket_name"
                                                ]
                                            },
                                            "sid": {
                                                "constant_value": "WriteAccess"
                                            }
                                        }
                                    ]
                                },
                                "schema_version": 0
                            },
                            {
                                "address": "data.aws_iam_policy_document.write_policy",
                                "mode": "data",
                                "type": "aws_iam_policy_document",
                                "name": "write_policy",
                                "provider_config_key": "naming:aws",
                                "expressions": {
                                    "override_json": {
                                        "references": [
                                            "var.write_access",
                                            "data.aws_iam_policy_document.write_access"
                                        ]
                                    },
                                    "source_json": {
                                        "references": [
                                            "data.aws_iam_policy_document.read_policy"
                                        ]
                                    }
                                },
                                "schema_version": 0
                            }
                        ],
                        "variables": {
                            "acl": {
                                "default": "private",
                                "description": "The Access Control List that will be placed on the bucket. Acceptable Values are: 'private', 'public-read', 'public-read-write', 'aws-exec-read', 'authenticated-read', 'bucket-owner-read', 'bucket-owner-full-control', or 'log-delivery-write'"
                            },
                            "bucket": {
                                "description": "The base name that will be given to the S3 bucket. This base name can be made unique by specifing values for bucket_prefix, bucket_suffix, or both."
                            },
                            "bucket_prefix": {
                                "default": [],
                                "description": "A prefix list that will be added to the start of the bucket name. For example if bucket_prefix=['test'], then the bucket will be named 'test-${bucket}'. This module will also look for the keywords 'region_prefix' and 'account_prefix' and will substitute the current region, or account_id within the module as in the example: bucket_prefix=['test', 'region_prefix', 'account_prefix'], resulting in the bucket 'test-us-east-1-1234567890101-${bucket}'. If left blank no prefix will be added."
                            },
                            "bucket_suffix": {
                                "default": [],
                                "description": "A suffix list that will be added to the end of the bucket name. For example if bucket_suffix=['test'], then the bucket will be named '${bucket}-test'. This module will also look for the keywords 'region_suffix' and 'account_suffix' and will substitute the current region, or account_id within the module as in the example: bucket_suffix=['region_suffix', 'account_suffix', 'test'], resulting in the bucket name '${bucket}-us-east-1-1234567890101-test'. If left blank no suffix will be added."
                            },
                            "cors_rule": {
                                "default": {
                                    "allowed_headers": [
                                        "*"
                                    ],
                                    "allowed_methods": [
                                        "GET",
                                        "PUT",
                                        "POST"
                                    ],
                                    "allowed_origins": [
                                        "*"
                                    ],
                                    "expose_headers": [],
                                    "max_age_seconds": [
                                        "3000"
                                    ]
                                },
                                "description": "Cross Origin Resource Sharing ruleset to apply to the bucket"
                            },
                            "custom_policy": {
                                "default": null,
                                "description": "A bucket policy in the form of a data iam_policy_document. Use %BUCKET% for bucket name. This policy will be added to the read_access/write_access policy."
                            },
                            "disable_rw_policy": {
                                "default": false,
                                "description": "Setting this optional flag to true will disable any automatically generated policies and will ONLY use the custom_policy. The read_access and write_access vars will be ignored."
                            },
                            "encryption": {
                                "default": false,
                                "description": "Flag to enable bucket object encryption."
                            },
                            "error_document": {
                                "default": "error.html",
                                "description": "Value of the error file served by the static hosting bucket server if static hosting is enabled."
                            },
                            "index_document": {
                                "default": "index.html",
                                "description": "Value of the index file served by the static hosting bucket server if static hosting is enabled."
                            },
                            "kms_master_key_id": {
                                "default": "AES256",
                                "description": "The key that will be used to encrypt objects within the new bucket. If the default value of AES256 is unchanged, S3 will encrypt objects with the default KMS key. If a KMS CMK ARN is provided, then S3 will encrypt objects with the specified KMS key instead."
                            },
                            "logging_bucket": {
                                "default": null,
                                "description": "The base name of an S3 bucket designated as the log bucket for the provisioned s3 buckets access logs"
                            },
                            "mfa_delete": {
                                "default": false,
                                "description": "Flag to enable the requirement of MFA in order to delete a bucket, object, or disable object versioning."
                            },
                            "read_access": {
                                "default": [],
                                "description": "List of users/roles that will be granted permissions to LIST, DESCRIBE, and GET objects from the provisioned S3 bucket."
                            },
                            "region": {
                                "default": "us-east-1",
                                "description": "The AWS region where the S3 bucket will be provisioned."
                            },
                            "static_hosting": {
                                "default": false,
                                "description": "Flag that can be set to turn on static hosting within a bucket."
                            },
                            "tags": {
                                "default": {
                                    "Module_GitHub_URL": "https://github.com/TheCloudMage/TF-AWS-S3-Module.git",
                                    "Provisioned_By": "Terraform"
                                },
                                "description": "Specify any tags that should be added to the S3 bucket being provisioned."
                            },
                            "versioning": {
                                "default": false,
                                "description": "Flag to enable bucket object versioning."
                            },
                            "write_access": {
                                "default": [],
                                "description": "List of users/roles that will be granted permissions to PUT, and DELETE objects to/from the provisioned S3 bucket."
                            }
                        }
                    }
                },
                "read_policy": {
                    "source": "../",
                    "expressions": {
                        "bucket": {
                            "references": [
                                "var.bucket"
                            ]
                        },
                        "bucket_suffix": {
                            "constant_value": [
                                "region_suffix",
                                "read_only"
                            ]
                        },
                        "read_access": {
                            "constant_value": [
                                "arn:aws:iam::123456789101:role/AWS-S3-ReadOnly-Role"
                            ]
                        }
                    },
                    "module": {
                        "outputs": {
                            "arn": {
                                "expression": {
                                    "references": [
                                        "aws_s3_bucket.this"
                                    ]
                                },
                                "description": "The Amazon Resource Name (ARN) of the provisioned S3 bucket. Will be of format arn:aws:s3:::bucketname"
                            },
                            "bucket_domain_name": {
                                "expression": {
                                    "references": [
                                        "aws_s3_bucket.this"
                                    ]
                                },
                                "description": "The bucket domain name. Will be of format bucketname.s3.amazonaws.com"
                            },
                            "bucket_regional_domain_name": {
                                "expression": {
                                    "references": [
                                        "aws_s3_bucket.this"
                                    ]
                                },
                                "description": "The bucket region-specific domain name."
                            },
                            "hosted_zone_id": {
                                "expression": {
                                    "references": [
                                        "var.static_hosting",
                                        "aws_s3_bucket.this"
                                    ]
                                },
                                "description": "The Route 53 Hosted Zone ID for this bucket's region."
                            },
                            "id": {
                                "expression": {
                                    "references": [
                                        "aws_s3_bucket.this"
                                    ]
                                },
                                "description": "The globally unique identifier for the provisioned S3 bucket."
                            },
                            "region": {
                                "expression": {
                                    "references": [
                                        "aws_s3_bucket.this"
                                    ]
                                },
                                "description": "The AWS region the provisioned S3 bucket resides in"
                            },
                            "website_domain": {
                                "expression": {
                                    "references": [
                                        "var.static_hosting",
                                        "aws_s3_bucket.this"
                                    ]
                                },
                                "description": "The domain of the static S3 website endpoint, if static_hosting was enabled. If not, this will be an empty string. This is used to create Route 53 alias records."
                            },
                            "website_endpoint": {
                                "expression": {
                                    "references": [
                                        "var.static_hosting",
                                        "aws_s3_bucket.this"
                                    ]
                                },
                                "description": "The static S3 website endpoint, if static_hosting was enabled. If not, this will be an empty string."
                            }
                        },
                        "resources": [
                            {
                                "address": "aws_s3_bucket.this",
                                "mode": "managed",
                                "type": "aws_s3_bucket",
                                "name": "this",
                                "provider_config_key": "read_policy:aws",
                                "expressions": {
                                    "acl": {
                                        "references": [
                                            "var.acl"
                                        ]
                                    },
                                    "bucket": {
                                        "references": [
                                            "local.bucket_name"
                                        ]
                                    },
                                    "tags": {
                                        "references": [
                                            "var.tags",
                                            "local.bucket_name",
                                            "data.aws_caller_identity.current",
                                            "data.aws_caller_identity.current",
                                            "var.encryption",
                                            "local.sse_algorithm"
                                        ]
                                    },
                                    "versioning": [
                                        {
                                            "enabled": {
                                                "references": [
                                                    "var.versioning"
                                                ]
                                            },
                                            "mfa_delete": {
                                                "references": [
                                                    "var.mfa_delete"
                                                ]
                                            }
                                        }
                                    ]
                                },
                                "schema_version": 0
                            },
                            {
                                "address": "aws_s3_bucket_policy.this",
                                "mode": "managed",
                                "type": "aws_s3_bucket_policy",
                                "name": "this",
                                "provider_config_key": "read_policy:aws",
                                "expressions": {
                                    "bucket": {
                                        "references": [
                                            "aws_s3_bucket.this"
                                        ]
                                    },
                                    "policy": {
                                        "references": [
                                            "data.aws_iam_policy_document.this"
                                        ]
                                    }
                                },
                                "schema_version": 0
                            },
                            {
                                "address": "data.aws_caller_identity.current",
                                "mode": "data",
                                "type": "aws_caller_identity",
                                "name": "current",
                                "provider_config_key": "read_policy:aws",
                                "schema_version": 0
                            },
                            {
                                "address": "data.aws_iam_policy_document.custom_policy",
                                "mode": "data",
                                "type": "aws_iam_policy_document",
                                "name": "custom_policy",
                                "provider_config_key": "read_policy:aws",
                                "expressions": {
                                    "override_json": {
                                        "references": [
                                            "var.custom_policy",
                                            "var.custom_policy",
                                            "aws_s3_bucket.this"
                                        ]
                                    },
                                    "source_json": {
                                        "references": [
                                            "data.aws_iam_policy_document.write_policy"
                                        ]
                                    }
                                },
                                "schema_version": 0
                            },
                            {
                                "address": "data.aws_iam_policy_document.encryption_in_transit",
                                "mode": "data",
                                "type": "aws_iam_policy_document",
                                "name": "encryption_in_transit",
                                "provider_config_key": "read_policy:aws",
                                "expressions": {
                                    "statement": [
                                        {
                                            "actions": {
                                                "constant_value": [
                                                    "s3:*"
                                                ]
                                            },
                                            "condition": [
                                                {
                                                    "test": {
                                                        "constant_value": "Bool"
                                                    },
                                                    "values": {
                                                        "constant_value": [
                                                            "false"
                                                        ]
                                                    },
                                                    "variable": {
                                                        "constant_value": "aws:SecureTransport"
                                                    }
                                                }
                                            ],
                                            "effect": {
                                                "constant_value": "Deny"
                                            },
                                            "principals": [
                                                {
                                                    "identifiers": {
                                                        "constant_value": [
                                                            "*"
                                                        ]
                                                    },
                                                    "type": {
                                                        "constant_value": "AWS"
                                                    }
                                                }
                                            ],
                                            "resources": {
                                                "references": [
                                                    "local.bucket_name",
                                                    "local.bucket_name"
                                                ]
                                            },
                                            "sid": {
                                                "constant_value": "DenyNonSecureTransport"
                                            }
                                        }
                                    ]
                                },
                                "schema_version": 0
                            },
                            {
                                "address": "data.aws_iam_policy_document.read_access",
                                "mode": "data",
                                "type": "aws_iam_policy_document",
                                "name": "read_access",
                                "provider_config_key": "read_policy:aws",
                                "expressions": {
                                    "statement": [
                                        {
                                            "actions": {
                                                "constant_value": [
                                                    "s3:HeadBucket",
                                                    "s3:ListBucket*",
                                                    "s3:ListAllMyBuckets",
                                                    "s3:ListBucketVersions",
                                                    "s3:ListBucketMultipartUploads",
                                                    "s3:ListMultipartUploadParts",
                                                    "s3:GetBucketLocation",
                                                    "s3:GetBucketVersioning",
                                                    "s3:GetEncryptionConfiguration",
                                                    "s3:GetObjectTagging",
                                                    "s3:GetObjectVersion",
                                                    "s3:GetObject"
                                                ]
                                            },
                                            "effect": {
                                                "constant_value": "Allow"
                                            },
                                            "principals": [
                                                {
                                                    "identifiers": {
                                                        "references": [
                                                            "var.read_access",
                                                            "var.read_access",
                                                            "data.aws_caller_identity.current"
                                                        ]
                                                    },
                                                    "type": {
                                                        "constant_value": "AWS"
                                                    }
                                                }
                                            ],
                                            "resources": {
                                                "references": [
                                                    "local.bucket_name",
                                                    "local.bucket_name"
                                                ]
                                            },
                                            "sid": {
                                                "constant_value": "ReadAccess"
                                            }
                                        }
                                    ]
                                },
                                "schema_version": 0
                            },
                            {
                                "address": "data.aws_iam_policy_document.read_policy",
                                "mode": "data",
                                "type": "aws_iam_policy_document",
                                "name": "read_policy",
                                "provider_config_key": "read_policy:aws",
                                "expressions": {
                                    "override_json": {
                                        "references": [
                                            "var.read_access",
                                            "data.aws_iam_policy_document.read_access"
                                        ]
                                    },
                                    "source_json": {
                                        "references": [
                                            "data.aws_iam_policy_document.encryption_in_transit"
                                        ]
                                    }
                                },
                                "schema_version": 0
                            },
                            {
                                "address": "data.aws_iam_policy_document.this",
                                "mode": "data",
                                "type": "aws_iam_policy_document",
                                "name": "this",
                                "provider_config_key": "read_policy:aws",
                                "expressions": {
                                    "source_json": {
                                        "references": [
                                            "var.disable_rw_policy",
                                            "var.custom_policy",
                                            "aws_s3_bucket.this",
                                            "data.aws_iam_policy_document.custom_policy"
                                        ]
                                    }
                                },
                                "schema_version": 0
                            },
                            {
                                "address": "data.aws_iam_policy_document.write_access",
                                "mode": "data",
                                "type": "aws_iam_policy_document",
                                "name": "write_access",
                                "provider_config_key": "read_policy:aws",
                                "expressions": {
                                    "statement": [
                                        {
                                            "actions": {
                                                "constant_value": [
                                                    "s3:AbortMultipartUpload",
                                                    "s3:PutObject",
                                                    "s3:PutObjectRetention",
                                                    "s3:DeleteObject",
                                                    "s3:DeleteObjectVersion",
                                                    "s3:RestoreObject"
                                                ]
                                            },
                                            "effect": {
                                                "constant_value": "Allow"
                                            },
                                            "principals": [
                                                {
                                                    "identifiers": {
                                                        "references": [
                                                            "var.write_access",
                                                            "var.write_access",
                                                            "data.aws_caller_identity.current"
                                                        ]
                                                    },
                                                    "type": {
                                                        "constant_value": "AWS"
                                                    }
                                                }
                                            ],
                                            "resources": {
                                                "references": [
                                                    "local.bucket_name",
                                                    "local.bucket_name"
                                                ]
                                            },
                                            "sid": {
                                                "constant_value": "WriteAccess"
                                            }
                                        }
                                    ]
                                },
                                "schema_version": 0
                            },
                            {
                                "address": "data.aws_iam_policy_document.write_policy",
                                "mode": "data",
                                "type": "aws_iam_policy_document",
                                "name": "write_policy",
                                "provider_config_key": "read_policy:aws",
                                "expressions": {
                                    "override_json": {
                                        "references": [
                                            "var.write_access",
                                            "data.aws_iam_policy_document.write_access"
                                        ]
                                    },
                                    "source_json": {
                                        "references": [
                                            "data.aws_iam_policy_document.read_policy"
                                        ]
                                    }
                                },
                                "schema_version": 0
                            }
                        ],
                        "variables": {
                            "acl": {
                                "default": "private",
                                "description": "The Access Control List that will be placed on the bucket. Acceptable Values are: 'private', 'public-read', 'public-read-write', 'aws-exec-read', 'authenticated-read', 'bucket-owner-read', 'bucket-owner-full-control', or 'log-delivery-write'"
                            },
                            "bucket": {
                                "description": "The base name that will be given to the S3 bucket. This base name can be made unique by specifing values for bucket_prefix, bucket_suffix, or both."
                            },
                            "bucket_prefix": {
                                "default": [],
                                "description": "A prefix list that will be added to the start of the bucket name. For example if bucket_prefix=['test'], then the bucket will be named 'test-${bucket}'. This module will also look for the keywords 'region_prefix' and 'account_prefix' and will substitute the current region, or account_id within the module as in the example: bucket_prefix=['test', 'region_prefix', 'account_prefix'], resulting in the bucket 'test-us-east-1-1234567890101-${bucket}'. If left blank no prefix will be added."
                            },
                            "bucket_suffix": {
                                "default": [],
                                "description": "A suffix list that will be added to the end of the bucket name. For example if bucket_suffix=['test'], then the bucket will be named '${bucket}-test'. This module will also look for the keywords 'region_suffix' and 'account_suffix' and will substitute the current region, or account_id within the module as in the example: bucket_suffix=['region_suffix', 'account_suffix', 'test'], resulting in the bucket name '${bucket}-us-east-1-1234567890101-test'. If left blank no suffix will be added."
                            },
                            "cors_rule": {
                                "default": {
                                    "allowed_headers": [
                                        "*"
                                    ],
                                    "allowed_methods": [
                                        "GET",
                                        "PUT",
                                        "POST"
                                    ],
                                    "allowed_origins": [
                                        "*"
                                    ],
                                    "expose_headers": [],
                                    "max_age_seconds": [
                                        "3000"
                                    ]
                                },
                                "description": "Cross Origin Resource Sharing ruleset to apply to the bucket"
                            },
                            "custom_policy": {
                                "default": null,
                                "description": "A bucket policy in the form of a data iam_policy_document. Use %BUCKET% for bucket name. This policy will be added to the read_access/write_access policy."
                            },
                            "disable_rw_policy": {
                                "default": false,
                                "description": "Setting this optional flag to true will disable any automatically generated policies and will ONLY use the custom_policy. The read_access and write_access vars will be ignored."
                            },
                            "encryption": {
                                "default": false,
                                "description": "Flag to enable bucket object encryption."
                            },
                            "error_document": {
                                "default": "error.html",
                                "description": "Value of the error file served by the static hosting bucket server if static hosting is enabled."
                            },
                            "index_document": {
                                "default": "index.html",
                                "description": "Value of the index file served by the static hosting bucket server if static hosting is enabled."
                            },
                            "kms_master_key_id": {
                                "default": "AES256",
                                "description": "The key that will be used to encrypt objects within the new bucket. If the default value of AES256 is unchanged, S3 will encrypt objects with the default KMS key. If a KMS CMK ARN is provided, then S3 will encrypt objects with the specified KMS key instead."
                            },
                            "logging_bucket": {
                                "default": null,
                                "description": "The base name of an S3 bucket designated as the log bucket for the provisioned s3 buckets access logs"
                            },
                            "mfa_delete": {
                                "default": false,
                                "description": "Flag to enable the requirement of MFA in order to delete a bucket, object, or disable object versioning."
                            },
                            "read_access": {
                                "default": [],
                                "description": "List of users/roles that will be granted permissions to LIST, DESCRIBE, and GET objects from the provisioned S3 bucket."
                            },
                            "region": {
                                "default": "us-east-1",
                                "description": "The AWS region where the S3 bucket will be provisioned."
                            },
                            "static_hosting": {
                                "default": false,
                                "description": "Flag that can be set to turn on static hosting within a bucket."
                            },
                            "tags": {
                                "default": {
                                    "Module_GitHub_URL": "https://github.com/TheCloudMage/TF-AWS-S3-Module.git",
                                    "Provisioned_By": "Terraform"
                                },
                                "description": "Specify any tags that should be added to the S3 bucket being provisioned."
                            },
                            "versioning": {
                                "default": false,
                                "description": "Flag to enable bucket object versioning."
                            },
                            "write_access": {
                                "default": [],
                                "description": "List of users/roles that will be granted permissions to PUT, and DELETE objects to/from the provisioned S3 bucket."
                            }
                        }
                    }
                },
                "region_acl": {
                    "source": "../",
                    "expressions": {
                        "acl": {
                            "constant_value": "public-read"
                        },
                        "bucket": {
                            "references": [
                                "var.bucket"
                            ]
                        },
                        "region": {
                            "constant_value": "us-east-1"
                        }
                    },
                    "module": {
                        "outputs": {
                            "arn": {
                                "expression": {
                                    "references": [
                                        "aws_s3_bucket.this"
                                    ]
                                },
                                "description": "The Amazon Resource Name (ARN) of the provisioned S3 bucket. Will be of format arn:aws:s3:::bucketname"
                            },
                            "bucket_domain_name": {
                                "expression": {
                                    "references": [
                                        "aws_s3_bucket.this"
                                    ]
                                },
                                "description": "The bucket domain name. Will be of format bucketname.s3.amazonaws.com"
                            },
                            "bucket_regional_domain_name": {
                                "expression": {
                                    "references": [
                                        "aws_s3_bucket.this"
                                    ]
                                },
                                "description": "The bucket region-specific domain name."
                            },
                            "hosted_zone_id": {
                                "expression": {
                                    "references": [
                                        "var.static_hosting",
                                        "aws_s3_bucket.this"
                                    ]
                                },
                                "description": "The Route 53 Hosted Zone ID for this bucket's region."
                            },
                            "id": {
                                "expression": {
                                    "references": [
                                        "aws_s3_bucket.this"
                                    ]
                                },
                                "description": "The globally unique identifier for the provisioned S3 bucket."
                            },
                            "region": {
                                "expression": {
                                    "references": [
                                        "aws_s3_bucket.this"
                                    ]
                                },
                                "description": "The AWS region the provisioned S3 bucket resides in"
                            },
                            "website_domain": {
                                "expression": {
                                    "references": [
                                        "var.static_hosting",
                                        "aws_s3_bucket.this"
                                    ]
                                },
                                "description": "The domain of the static S3 website endpoint, if static_hosting was enabled. If not, this will be an empty string. This is used to create Route 53 alias records."
                            },
                            "website_endpoint": {
                                "expression": {
                                    "references": [
                                        "var.static_hosting",
                                        "aws_s3_bucket.this"
                                    ]
                                },
                                "description": "The static S3 website endpoint, if static_hosting was enabled. If not, this will be an empty string."
                            }
                        },
                        "resources": [
                            {
                                "address": "aws_s3_bucket.this",
                                "mode": "managed",
                                "type": "aws_s3_bucket",
                                "name": "this",
                                "provider_config_key": "region_acl:aws",
                                "expressions": {
                                    "acl": {
                                        "references": [
                                            "var.acl"
                                        ]
                                    },
                                    "bucket": {
                                        "references": [
                                            "local.bucket_name"
                                        ]
                                    },
                                    "tags": {
                                        "references": [
                                            "var.tags",
                                            "local.bucket_name",
                                            "data.aws_caller_identity.current",
                                            "data.aws_caller_identity.current",
                                            "var.encryption",
                                            "local.sse_algorithm"
                                        ]
                                    },
                                    "versioning": [
                                        {
                                            "enabled": {
                                                "references": [
                                                    "var.versioning"
                                                ]
                                            },
                                            "mfa_delete": {
                                                "references": [
                                                    "var.mfa_delete"
                                                ]
                                            }
                                        }
                                    ]
                                },
                                "schema_version": 0
                            },
                            {
                                "address": "aws_s3_bucket_policy.this",
                                "mode": "managed",
                                "type": "aws_s3_bucket_policy",
                                "name": "this",
                                "provider_config_key": "region_acl:aws",
                                "expressions": {
                                    "bucket": {
                                        "references": [
                                            "aws_s3_bucket.this"
                                        ]
                                    },
                                    "policy": {
                                        "references": [
                                            "data.aws_iam_policy_document.this"
                                        ]
                                    }
                                },
                                "schema_version": 0
                            },
                            {
                                "address": "data.aws_caller_identity.current",
                                "mode": "data",
                                "type": "aws_caller_identity",
                                "name": "current",
                                "provider_config_key": "region_acl:aws",
                                "schema_version": 0
                            },
                            {
                                "address": "data.aws_iam_policy_document.custom_policy",
                                "mode": "data",
                                "type": "aws_iam_policy_document",
                                "name": "custom_policy",
                                "provider_config_key": "region_acl:aws",
                                "expressions": {
                                    "override_json": {
                                        "references": [
                                            "var.custom_policy",
                                            "var.custom_policy",
                                            "aws_s3_bucket.this"
                                        ]
                                    },
                                    "source_json": {
                                        "references": [
                                            "data.aws_iam_policy_document.write_policy"
                                        ]
                                    }
                                },
                                "schema_version": 0
                            },
                            {
                                "address": "data.aws_iam_policy_document.encryption_in_transit",
                                "mode": "data",
                                "type": "aws_iam_policy_document",
                                "name": "encryption_in_transit",
                                "provider_config_key": "region_acl:aws",
                                "expressions": {
                                    "statement": [
                                        {
                                            "actions": {
                                                "constant_value": [
                                                    "s3:*"
                                                ]
                                            },
                                            "condition": [
                                                {
                                                    "test": {
                                                        "constant_value": "Bool"
                                                    },
                                                    "values": {
                                                        "constant_value": [
                                                            "false"
                                                        ]
                                                    },
                                                    "variable": {
                                                        "constant_value": "aws:SecureTransport"
                                                    }
                                                }
                                            ],
                                            "effect": {
                                                "constant_value": "Deny"
                                            },
                                            "principals": [
                                                {
                                                    "identifiers": {
                                                        "constant_value": [
                                                            "*"
                                                        ]
                                                    },
                                                    "type": {
                                                        "constant_value": "AWS"
                                                    }
                                                }
                                            ],
                                            "resources": {
                                                "references": [
                                                    "local.bucket_name",
                                                    "local.bucket_name"
                                                ]
                                            },
                                            "sid": {
                                                "constant_value": "DenyNonSecureTransport"
                                            }
                                        }
                                    ]
                                },
                                "schema_version": 0
                            },
                            {
                                "address": "data.aws_iam_policy_document.read_access",
                                "mode": "data",
                                "type": "aws_iam_policy_document",
                                "name": "read_access",
                                "provider_config_key": "region_acl:aws",
                                "expressions": {
                                    "statement": [
                                        {
                                            "actions": {
                                                "constant_value": [
                                                    "s3:HeadBucket",
                                                    "s3:ListBucket*",
                                                    "s3:ListAllMyBuckets",
                                                    "s3:ListBucketVersions",
                                                    "s3:ListBucketMultipartUploads",
                                                    "s3:ListMultipartUploadParts",
                                                    "s3:GetBucketLocation",
                                                    "s3:GetBucketVersioning",
                                                    "s3:GetEncryptionConfiguration",
                                                    "s3:GetObjectTagging",
                                                    "s3:GetObjectVersion",
                                                    "s3:GetObject"
                                                ]
                                            },
                                            "effect": {
                                                "constant_value": "Allow"
                                            },
                                            "principals": [
                                                {
                                                    "identifiers": {
                                                        "references": [
                                                            "var.read_access",
                                                            "var.read_access",
                                                            "data.aws_caller_identity.current"
                                                        ]
                                                    },
                                                    "type": {
                                                        "constant_value": "AWS"
                                                    }
                                                }
                                            ],
                                            "resources": {
                                                "references": [
                                                    "local.bucket_name",
                                                    "local.bucket_name"
                                                ]
                                            },
                                            "sid": {
                                                "constant_value": "ReadAccess"
                                            }
                                        }
                                    ]
                                },
                                "schema_version": 0
                            },
                            {
                                "address": "data.aws_iam_policy_document.read_policy",
                                "mode": "data",
                                "type": "aws_iam_policy_document",
                                "name": "read_policy",
                                "provider_config_key": "region_acl:aws",
                                "expressions": {
                                    "override_json": {
                                        "references": [
                                            "var.read_access",
                                            "data.aws_iam_policy_document.read_access"
                                        ]
                                    },
                                    "source_json": {
                                        "references": [
                                            "data.aws_iam_policy_document.encryption_in_transit"
                                        ]
                                    }
                                },
                                "schema_version": 0
                            },
                            {
                                "address": "data.aws_iam_policy_document.this",
                                "mode": "data",
                                "type": "aws_iam_policy_document",
                                "name": "this",
                                "provider_config_key": "region_acl:aws",
                                "expressions": {
                                    "source_json": {
                                        "references": [
                                            "var.disable_rw_policy",
                                            "var.custom_policy",
                                            "aws_s3_bucket.this",
                                            "data.aws_iam_policy_document.custom_policy"
                                        ]
                                    }
                                },
                                "schema_version": 0
                            },
                            {
                                "address": "data.aws_iam_policy_document.write_access",
                                "mode": "data",
                                "type": "aws_iam_policy_document",
                                "name": "write_access",
                                "provider_config_key": "region_acl:aws",
                                "expressions": {
                                    "statement": [
                                        {
                                            "actions": {
                                                "constant_value": [
                                                    "s3:AbortMultipartUpload",
                                                    "s3:PutObject",
                                                    "s3:PutObjectRetention",
                                                    "s3:DeleteObject",
                                                    "s3:DeleteObjectVersion",
                                                    "s3:RestoreObject"
                                                ]
                                            },
                                            "effect": {
                                                "constant_value": "Allow"
                                            },
                                            "principals": [
                                                {
                                                    "identifiers": {
                                                        "references": [
                                                            "var.write_access",
                                                            "var.write_access",
                                                            "data.aws_caller_identity.current"
                                                        ]
                                                    },
                                                    "type": {
                                                        "constant_value": "AWS"
                                                    }
                                                }
                                            ],
                                            "resources": {
                                                "references": [
                                                    "local.bucket_name",
                                                    "local.bucket_name"
                                                ]
                                            },
                                            "sid": {
                                                "constant_value": "WriteAccess"
                                            }
                                        }
                                    ]
                                },
                                "schema_version": 0
                            },
                            {
                                "address": "data.aws_iam_policy_document.write_policy",
                                "mode": "data",
                                "type": "aws_iam_policy_document",
                                "name": "write_policy",
                                "provider_config_key": "region_acl:aws",
                                "expressions": {
                                    "override_json": {
                                        "references": [
                                            "var.write_access",
                                            "data.aws_iam_policy_document.write_access"
                                        ]
                                    },
                                    "source_json": {
                                        "references": [
                                            "data.aws_iam_policy_document.read_policy"
                                        ]
                                    }
                                },
                                "schema_version": 0
                            }
                        ],
                        "variables": {
                            "acl": {
                                "default": "private",
                                "description": "The Access Control List that will be placed on the bucket. Acceptable Values are: 'private', 'public-read', 'public-read-write', 'aws-exec-read', 'authenticated-read', 'bucket-owner-read', 'bucket-owner-full-control', or 'log-delivery-write'"
                            },
                            "bucket": {
                                "description": "The base name that will be given to the S3 bucket. This base name can be made unique by specifing values for bucket_prefix, bucket_suffix, or both."
                            },
                            "bucket_prefix": {
                                "default": [],
                                "description": "A prefix list that will be added to the start of the bucket name. For example if bucket_prefix=['test'], then the bucket will be named 'test-${bucket}'. This module will also look for the keywords 'region_prefix' and 'account_prefix' and will substitute the current region, or account_id within the module as in the example: bucket_prefix=['test', 'region_prefix', 'account_prefix'], resulting in the bucket 'test-us-east-1-1234567890101-${bucket}'. If left blank no prefix will be added."
                            },
                            "bucket_suffix": {
                                "default": [],
                                "description": "A suffix list that will be added to the end of the bucket name. For example if bucket_suffix=['test'], then the bucket will be named '${bucket}-test'. This module will also look for the keywords 'region_suffix' and 'account_suffix' and will substitute the current region, or account_id within the module as in the example: bucket_suffix=['region_suffix', 'account_suffix', 'test'], resulting in the bucket name '${bucket}-us-east-1-1234567890101-test'. If left blank no suffix will be added."
                            },
                            "cors_rule": {
                                "default": {
                                    "allowed_headers": [
                                        "*"
                                    ],
                                    "allowed_methods": [
                                        "GET",
                                        "PUT",
                                        "POST"
                                    ],
                                    "allowed_origins": [
                                        "*"
                                    ],
                                    "expose_headers": [],
                                    "max_age_seconds": [
                                        "3000"
                                    ]
                                },
                                "description": "Cross Origin Resource Sharing ruleset to apply to the bucket"
                            },
                            "custom_policy": {
                                "default": null,
                                "description": "A bucket policy in the form of a data iam_policy_document. Use %BUCKET% for bucket name. This policy will be added to the read_access/write_access policy."
                            },
                            "disable_rw_policy": {
                                "default": false,
                                "description": "Setting this optional flag to true will disable any automatically generated policies and will ONLY use the custom_policy. The read_access and write_access vars will be ignored."
                            },
                            "encryption": {
                                "default": false,
                                "description": "Flag to enable bucket object encryption."
                            },
                            "error_document": {
                                "default": "error.html",
                                "description": "Value of the error file served by the static hosting bucket server if static hosting is enabled."
                            },
                            "index_document": {
                                "default": "index.html",
                                "description": "Value of the index file served by the static hosting bucket server if static hosting is enabled."
                            },
                            "kms_master_key_id": {
                                "default": "AES256",
                                "description": "The key that will be used to encrypt objects within the new bucket. If the default value of AES256 is unchanged, S3 will encrypt objects with the default KMS key. If a KMS CMK ARN is provided, then S3 will encrypt objects with the specified KMS key instead."
                            },
                            "logging_bucket": {
                                "default": null,
                                "description": "The base name of an S3 bucket designated as the log bucket for the provisioned s3 buckets access logs"
                            },
                            "mfa_delete": {
                                "default": false,
                                "description": "Flag to enable the requirement of MFA in order to delete a bucket, object, or disable object versioning."
                            },
                            "read_access": {
                                "default": [],
                                "description": "List of users/roles that will be granted permissions to LIST, DESCRIBE, and GET objects from the provisioned S3 bucket."
                            },
                            "region": {
                                "default": "us-east-1",
                                "description": "The AWS region where the S3 bucket will be provisioned."
                            },
                            "static_hosting": {
                                "default": false,
                                "description": "Flag that can be set to turn on static hosting within a bucket."
                            },
                            "tags": {
                                "default": {
                                    "Module_GitHub_URL": "https://github.com/TheCloudMage/TF-AWS-S3-Module.git",
                                    "Provisioned_By": "Terraform"
                                },
                                "description": "Specify any tags that should be added to the S3 bucket being provisioned."
                            },
                            "versioning": {
                                "default": false,
                                "description": "Flag to enable bucket object versioning."
                            },
                            "write_access": {
                                "default": [],
                                "description": "List of users/roles that will be granted permissions to PUT, and DELETE objects to/from the provisioned S3 bucket."
                            }
                        }
                    }
                },
                "standalone_custom_policy": {
                    "source": "../",
                    "expressions": {
                        "bucket": {
                            "references": [
                                "var.bucket"
                            ]
                        },
                        "bucket_prefix": {
                            "constant_value": [
                                "account_prefix",
                                "custom"
                            ]
                        },
                        "custom_policy": {
                            "references": [
                                "data.aws_iam_policy_document.test_policy"
                            ]
                        },
                        "disable_rw_policy": {
                            "constant_value": true
                        },
                        "region": {
                            "constant_value": "us-west-2"
                        },
                        "write_access": {
                            "constant_value": [
                                "arn:aws:iam::123456789101:role/AWS-S3-Write-Role"
                            ]
                        }
                    },
                    "module": {
                        "outputs": {
                            "arn": {
                                "expression": {
                                    "references": [
                                        "aws_s3_bucket.this"
                                    ]
                                },
                                "description": "The Amazon Resource Name (ARN) of the provisioned S3 bucket. Will be of format arn:aws:s3:::bucketname"
                            },
                            "bucket_domain_name": {
                                "expression": {
                                    "references": [
                                        "aws_s3_bucket.this"
                                    ]
                                },
                                "description": "The bucket domain name. Will be of format bucketname.s3.amazonaws.com"
                            },
                            "bucket_regional_domain_name": {
                                "expression": {
                                    "references": [
                                        "aws_s3_bucket.this"
                                    ]
                                },
                                "description": "The bucket region-specific domain name."
                            },
                            "hosted_zone_id": {
                                "expression": {
                                    "references": [
                                        "var.static_hosting",
                                        "aws_s3_bucket.this"
                                    ]
                                },
                                "description": "The Route 53 Hosted Zone ID for this bucket's region."
                            },
                            "id": {
                                "expression": {
                                    "references": [
                                        "aws_s3_bucket.this"
                                    ]
                                },
                                "description": "The globally unique identifier for the provisioned S3 bucket."
                            },
                            "region": {
                                "expression": {
                                    "references": [
                                        "aws_s3_bucket.this"
                                    ]
                                },
                                "description": "The AWS region the provisioned S3 bucket resides in"
                            },
                            "website_domain": {
                                "expression": {
                                    "references": [
                                        "var.static_hosting",
                                        "aws_s3_bucket.this"
                                    ]
                                },
                                "description": "The domain of the static S3 website endpoint, if static_hosting was enabled. If not, this will be an empty string. This is used to create Route 53 alias records."
                            },
                            "website_endpoint": {
                                "expression": {
                                    "references": [
                                        "var.static_hosting",
                                        "aws_s3_bucket.this"
                                    ]
                                },
                                "description": "The static S3 website endpoint, if static_hosting was enabled. If not, this will be an empty string."
                            }
                        },
                        "resources": [
                            {
                                "address": "aws_s3_bucket.this",
                                "mode": "managed",
                                "type": "aws_s3_bucket",
                                "name": "this",
                                "provider_config_key": "standalone_custom_policy:aws",
                                "expressions": {
                                    "acl": {
                                        "references": [
                                            "var.acl"
                                        ]
                                    },
                                    "bucket": {
                                        "references": [
                                            "local.bucket_name"
                                        ]
                                    },
                                    "tags": {
                                        "references": [
                                            "var.tags",
                                            "local.bucket_name",
                                            "data.aws_caller_identity.current",
                                            "data.aws_caller_identity.current",
                                            "var.encryption",
                                            "local.sse_algorithm"
                                        ]
                                    },
                                    "versioning": [
                                        {
                                            "enabled": {
                                                "references": [
                                                    "var.versioning"
                                                ]
                                            },
                                            "mfa_delete": {
                                                "references": [
                                                    "var.mfa_delete"
                                                ]
                                            }
                                        }
                                    ]
                                },
                                "schema_version": 0
                            },
                            {
                                "address": "aws_s3_bucket_policy.this",
                                "mode": "managed",
                                "type": "aws_s3_bucket_policy",
                                "name": "this",
                                "provider_config_key": "standalone_custom_policy:aws",
                                "expressions": {
                                    "bucket": {
                                        "references": [
                                            "aws_s3_bucket.this"
                                        ]
                                    },
                                    "policy": {
                                        "references": [
                                            "data.aws_iam_policy_document.this"
                                        ]
                                    }
                                },
                                "schema_version": 0
                            },
                            {
                                "address": "data.aws_caller_identity.current",
                                "mode": "data",
                                "type": "aws_caller_identity",
                                "name": "current",
                                "provider_config_key": "standalone_custom_policy:aws",
                                "schema_version": 0
                            },
                            {
                                "address": "data.aws_iam_policy_document.custom_policy",
                                "mode": "data",
                                "type": "aws_iam_policy_document",
                                "name": "custom_policy",
                                "provider_config_key": "standalone_custom_policy:aws",
                                "expressions": {
                                    "override_json": {
                                        "references": [
                                            "var.custom_policy",
                                            "var.custom_policy",
                                            "aws_s3_bucket.this"
                                        ]
                                    },
                                    "source_json": {
                                        "references": [
                                            "data.aws_iam_policy_document.write_policy"
                                        ]
                                    }
                                },
                                "schema_version": 0
                            },
                            {
                                "address": "data.aws_iam_policy_document.encryption_in_transit",
                                "mode": "data",
                                "type": "aws_iam_policy_document",
                                "name": "encryption_in_transit",
                                "provider_config_key": "standalone_custom_policy:aws",
                                "expressions": {
                                    "statement": [
                                        {
                                            "actions": {
                                                "constant_value": [
                                                    "s3:*"
                                                ]
                                            },
                                            "condition": [
                                                {
                                                    "test": {
                                                        "constant_value": "Bool"
                                                    },
                                                    "values": {
                                                        "constant_value": [
                                                            "false"
                                                        ]
                                                    },
                                                    "variable": {
                                                        "constant_value": "aws:SecureTransport"
                                                    }
                                                }
                                            ],
                                            "effect": {
                                                "constant_value": "Deny"
                                            },
                                            "principals": [
                                                {
                                                    "identifiers": {
                                                        "constant_value": [
                                                            "*"
                                                        ]
                                                    },
                                                    "type": {
                                                        "constant_value": "AWS"
                                                    }
                                                }
                                            ],
                                            "resources": {
                                                "references": [
                                                    "local.bucket_name",
                                                    "local.bucket_name"
                                                ]
                                            },
                                            "sid": {
                                                "constant_value": "DenyNonSecureTransport"
                                            }
                                        }
                                    ]
                                },
                                "schema_version": 0
                            },
                            {
                                "address": "data.aws_iam_policy_document.read_access",
                                "mode": "data",
                                "type": "aws_iam_policy_document",
                                "name": "read_access",
                                "provider_config_key": "standalone_custom_policy:aws",
                                "expressions": {
                                    "statement": [
                                        {
                                            "actions": {
                                                "constant_value": [
                                                    "s3:HeadBucket",
                                                    "s3:ListBucket*",
                                                    "s3:ListAllMyBuckets",
                                                    "s3:ListBucketVersions",
                                                    "s3:ListBucketMultipartUploads",
                                                    "s3:ListMultipartUploadParts",
                                                    "s3:GetBucketLocation",
                                                    "s3:GetBucketVersioning",
                                                    "s3:GetEncryptionConfiguration",
                                                    "s3:GetObjectTagging",
                                                    "s3:GetObjectVersion",
                                                    "s3:GetObject"
                                                ]
                                            },
                                            "effect": {
                                                "constant_value": "Allow"
                                            },
                                            "principals": [
                                                {
                                                    "identifiers": {
                                                        "references": [
                                                            "var.read_access",
                                                            "var.read_access",
                                                            "data.aws_caller_identity.current"
                                                        ]
                                                    },
                                                    "type": {
                                                        "constant_value": "AWS"
                                                    }
                                                }
                                            ],
                                            "resources": {
                                                "references": [
                                                    "local.bucket_name",
                                                    "local.bucket_name"
                                                ]
                                            },
                                            "sid": {
                                                "constant_value": "ReadAccess"
                                            }
                                        }
                                    ]
                                },
                                "schema_version": 0
                            },
                            {
                                "address": "data.aws_iam_policy_document.read_policy",
                                "mode": "data",
                                "type": "aws_iam_policy_document",
                                "name": "read_policy",
                                "provider_config_key": "standalone_custom_policy:aws",
                                "expressions": {
                                    "override_json": {
                                        "references": [
                                            "var.read_access",
                                            "data.aws_iam_policy_document.read_access"
                                        ]
                                    },
                                    "source_json": {
                                        "references": [
                                            "data.aws_iam_policy_document.encryption_in_transit"
                                        ]
                                    }
                                },
                                "schema_version": 0
                            },
                            {
                                "address": "data.aws_iam_policy_document.this",
                                "mode": "data",
                                "type": "aws_iam_policy_document",
                                "name": "this",
                                "provider_config_key": "standalone_custom_policy:aws",
                                "expressions": {
                                    "source_json": {
                                        "references": [
                                            "var.disable_rw_policy",
                                            "var.custom_policy",
                                            "aws_s3_bucket.this",
                                            "data.aws_iam_policy_document.custom_policy"
                                        ]
                                    }
                                },
                                "schema_version": 0
                            },
                            {
                                "address": "data.aws_iam_policy_document.write_access",
                                "mode": "data",
                                "type": "aws_iam_policy_document",
                                "name": "write_access",
                                "provider_config_key": "standalone_custom_policy:aws",
                                "expressions": {
                                    "statement": [
                                        {
                                            "actions": {
                                                "constant_value": [
                                                    "s3:AbortMultipartUpload",
                                                    "s3:PutObject",
                                                    "s3:PutObjectRetention",
                                                    "s3:DeleteObject",
                                                    "s3:DeleteObjectVersion",
                                                    "s3:RestoreObject"
                                                ]
                                            },
                                            "effect": {
                                                "constant_value": "Allow"
                                            },
                                            "principals": [
                                                {
                                                    "identifiers": {
                                                        "references": [
                                                            "var.write_access",
                                                            "var.write_access",
                                                            "data.aws_caller_identity.current"
                                                        ]
                                                    },
                                                    "type": {
                                                        "constant_value": "AWS"
                                                    }
                                                }
                                            ],
                                            "resources": {
                                                "references": [
                                                    "local.bucket_name",
                                                    "local.bucket_name"
                                                ]
                                            },
                                            "sid": {
                                                "constant_value": "WriteAccess"
                                            }
                                        }
                                    ]
                                },
                                "schema_version": 0
                            },
                            {
                                "address": "data.aws_iam_policy_document.write_policy",
                                "mode": "data",
                                "type": "aws_iam_policy_document",
                                "name": "write_policy",
                                "provider_config_key": "standalone_custom_policy:aws",
                                "expressions": {
                                    "override_json": {
                                        "references": [
                                            "var.write_access",
                                            "data.aws_iam_policy_document.write_access"
                                        ]
                                    },
                                    "source_json": {
                                        "references": [
                                            "data.aws_iam_policy_document.read_policy"
                                        ]
                                    }
                                },
                                "schema_version": 0
                            }
                        ],
                        "variables": {
                            "acl": {
                                "default": "private",
                                "description": "The Access Control List that will be placed on the bucket. Acceptable Values are: 'private', 'public-read', 'public-read-write', 'aws-exec-read', 'authenticated-read', 'bucket-owner-read', 'bucket-owner-full-control', or 'log-delivery-write'"
                            },
                            "bucket": {
                                "description": "The base name that will be given to the S3 bucket. This base name can be made unique by specifing values for bucket_prefix, bucket_suffix, or both."
                            },
                            "bucket_prefix": {
                                "default": [],
                                "description": "A prefix list that will be added to the start of the bucket name. For example if bucket_prefix=['test'], then the bucket will be named 'test-${bucket}'. This module will also look for the keywords 'region_prefix' and 'account_prefix' and will substitute the current region, or account_id within the module as in the example: bucket_prefix=['test', 'region_prefix', 'account_prefix'], resulting in the bucket 'test-us-east-1-1234567890101-${bucket}'. If left blank no prefix will be added."
                            },
                            "bucket_suffix": {
                                "default": [],
                                "description": "A suffix list that will be added to the end of the bucket name. For example if bucket_suffix=['test'], then the bucket will be named '${bucket}-test'. This module will also look for the keywords 'region_suffix' and 'account_suffix' and will substitute the current region, or account_id within the module as in the example: bucket_suffix=['region_suffix', 'account_suffix', 'test'], resulting in the bucket name '${bucket}-us-east-1-1234567890101-test'. If left blank no suffix will be added."
                            },
                            "cors_rule": {
                                "default": {
                                    "allowed_headers": [
                                        "*"
                                    ],
                                    "allowed_methods": [
                                        "GET",
                                        "PUT",
                                        "POST"
                                    ],
                                    "allowed_origins": [
                                        "*"
                                    ],
                                    "expose_headers": [],
                                    "max_age_seconds": [
                                        "3000"
                                    ]
                                },
                                "description": "Cross Origin Resource Sharing ruleset to apply to the bucket"
                            },
                            "custom_policy": {
                                "default": null,
                                "description": "A bucket policy in the form of a data iam_policy_document. Use %BUCKET% for bucket name. This policy will be added to the read_access/write_access policy."
                            },
                            "disable_rw_policy": {
                                "default": false,
                                "description": "Setting this optional flag to true will disable any automatically generated policies and will ONLY use the custom_policy. The read_access and write_access vars will be ignored."
                            },
                            "encryption": {
                                "default": false,
                                "description": "Flag to enable bucket object encryption."
                            },
                            "error_document": {
                                "default": "error.html",
                                "description": "Value of the error file served by the static hosting bucket server if static hosting is enabled."
                            },
                            "index_document": {
                                "default": "index.html",
                                "description": "Value of the index file served by the static hosting bucket server if static hosting is enabled."
                            },
                            "kms_master_key_id": {
                                "default": "AES256",
                                "description": "The key that will be used to encrypt objects within the new bucket. If the default value of AES256 is unchanged, S3 will encrypt objects with the default KMS key. If a KMS CMK ARN is provided, then S3 will encrypt objects with the specified KMS key instead."
                            },
                            "logging_bucket": {
                                "default": null,
                                "description": "The base name of an S3 bucket designated as the log bucket for the provisioned s3 buckets access logs"
                            },
                            "mfa_delete": {
                                "default": false,
                                "description": "Flag to enable the requirement of MFA in order to delete a bucket, object, or disable object versioning."
                            },
                            "read_access": {
                                "default": [],
                                "description": "List of users/roles that will be granted permissions to LIST, DESCRIBE, and GET objects from the provisioned S3 bucket."
                            },
                            "region": {
                                "default": "us-east-1",
                                "description": "The AWS region where the S3 bucket will be provisioned."
                            },
                            "static_hosting": {
                                "default": false,
                                "description": "Flag that can be set to turn on static hosting within a bucket."
                            },
                            "tags": {
                                "default": {
                                    "Module_GitHub_URL": "https://github.com/TheCloudMage/TF-AWS-S3-Module.git",
                                    "Provisioned_By": "Terraform"
                                },
                                "description": "Specify any tags that should be added to the S3 bucket being provisioned."
                            },
                            "versioning": {
                                "default": false,
                                "description": "Flag to enable bucket object versioning."
                            },
                            "write_access": {
                                "default": [],
                                "description": "List of users/roles that will be granted permissions to PUT, and DELETE objects to/from the provisioned S3 bucket."
                            }
                        }
                    }
                },
                "versioning": {
                    "source": "../",
                    "expressions": {
                        "bucket": {
                            "references": [
                                "var.bucket"
                            ]
                        },
                        "mfa_delete": {
                            "constant_value": true
                        },
                        "versioning": {
                            "constant_value": true
                        }
                    },
                    "module": {
                        "outputs": {
                            "arn": {
                                "expression": {
                                    "references": [
                                        "aws_s3_bucket.this"
                                    ]
                                },
                                "description": "The Amazon Resource Name (ARN) of the provisioned S3 bucket. Will be of format arn:aws:s3:::bucketname"
                            },
                            "bucket_domain_name": {
                                "expression": {
                                    "references": [
                                        "aws_s3_bucket.this"
                                    ]
                                },
                                "description": "The bucket domain name. Will be of format bucketname.s3.amazonaws.com"
                            },
                            "bucket_regional_domain_name": {
                                "expression": {
                                    "references": [
                                        "aws_s3_bucket.this"
                                    ]
                                },
                                "description": "The bucket region-specific domain name."
                            },
                            "hosted_zone_id": {
                                "expression": {
                                    "references": [
                                        "var.static_hosting",
                                        "aws_s3_bucket.this"
                                    ]
                                },
                                "description": "The Route 53 Hosted Zone ID for this bucket's region."
                            },
                            "id": {
                                "expression": {
                                    "references": [
                                        "aws_s3_bucket.this"
                                    ]
                                },
                                "description": "The globally unique identifier for the provisioned S3 bucket."
                            },
                            "region": {
                                "expression": {
                                    "references": [
                                        "aws_s3_bucket.this"
                                    ]
                                },
                                "description": "The AWS region the provisioned S3 bucket resides in"
                            },
                            "website_domain": {
                                "expression": {
                                    "references": [
                                        "var.static_hosting",
                                        "aws_s3_bucket.this"
                                    ]
                                },
                                "description": "The domain of the static S3 website endpoint, if static_hosting was enabled. If not, this will be an empty string. This is used to create Route 53 alias records."
                            },
                            "website_endpoint": {
                                "expression": {
                                    "references": [
                                        "var.static_hosting",
                                        "aws_s3_bucket.this"
                                    ]
                                },
                                "description": "The static S3 website endpoint, if static_hosting was enabled. If not, this will be an empty string."
                            }
                        },
                        "resources": [
                            {
                                "address": "aws_s3_bucket.this",
                                "mode": "managed",
                                "type": "aws_s3_bucket",
                                "name": "this",
                                "provider_config_key": "versioning:aws",
                                "expressions": {
                                    "acl": {
                                        "references": [
                                            "var.acl"
                                        ]
                                    },
                                    "bucket": {
                                        "references": [
                                            "local.bucket_name"
                                        ]
                                    },
                                    "tags": {
                                        "references": [
                                            "var.tags",
                                            "local.bucket_name",
                                            "data.aws_caller_identity.current",
                                            "data.aws_caller_identity.current",
                                            "var.encryption",
                                            "local.sse_algorithm"
                                        ]
                                    },
                                    "versioning": [
                                        {
                                            "enabled": {
                                                "references": [
                                                    "var.versioning"
                                                ]
                                            },
                                            "mfa_delete": {
                                                "references": [
                                                    "var.mfa_delete"
                                                ]
                                            }
                                        }
                                    ]
                                },
                                "schema_version": 0
                            },
                            {
                                "address": "aws_s3_bucket_policy.this",
                                "mode": "managed",
                                "type": "aws_s3_bucket_policy",
                                "name": "this",
                                "provider_config_key": "versioning:aws",
                                "expressions": {
                                    "bucket": {
                                        "references": [
                                            "aws_s3_bucket.this"
                                        ]
                                    },
                                    "policy": {
                                        "references": [
                                            "data.aws_iam_policy_document.this"
                                        ]
                                    }
                                },
                                "schema_version": 0
                            },
                            {
                                "address": "data.aws_caller_identity.current",
                                "mode": "data",
                                "type": "aws_caller_identity",
                                "name": "current",
                                "provider_config_key": "versioning:aws",
                                "schema_version": 0
                            },
                            {
                                "address": "data.aws_iam_policy_document.custom_policy",
                                "mode": "data",
                                "type": "aws_iam_policy_document",
                                "name": "custom_policy",
                                "provider_config_key": "versioning:aws",
                                "expressions": {
                                    "override_json": {
                                        "references": [
                                            "var.custom_policy",
                                            "var.custom_policy",
                                            "aws_s3_bucket.this"
                                        ]
                                    },
                                    "source_json": {
                                        "references": [
                                            "data.aws_iam_policy_document.write_policy"
                                        ]
                                    }
                                },
                                "schema_version": 0
                            },
                            {
                                "address": "data.aws_iam_policy_document.encryption_in_transit",
                                "mode": "data",
                                "type": "aws_iam_policy_document",
                                "name": "encryption_in_transit",
                                "provider_config_key": "versioning:aws",
                                "expressions": {
                                    "statement": [
                                        {
                                            "actions": {
                                                "constant_value": [
                                                    "s3:*"
                                                ]
                                            },
                                            "condition": [
                                                {
                                                    "test": {
                                                        "constant_value": "Bool"
                                                    },
                                                    "values": {
                                                        "constant_value": [
                                                            "false"
                                                        ]
                                                    },
                                                    "variable": {
                                                        "constant_value": "aws:SecureTransport"
                                                    }
                                                }
                                            ],
                                            "effect": {
                                                "constant_value": "Deny"
                                            },
                                            "principals": [
                                                {
                                                    "identifiers": {
                                                        "constant_value": [
                                                            "*"
                                                        ]
                                                    },
                                                    "type": {
                                                        "constant_value": "AWS"
                                                    }
                                                }
                                            ],
                                            "resources": {
                                                "references": [
                                                    "local.bucket_name",
                                                    "local.bucket_name"
                                                ]
                                            },
                                            "sid": {
                                                "constant_value": "DenyNonSecureTransport"
                                            }
                                        }
                                    ]
                                },
                                "schema_version": 0
                            },
                            {
                                "address": "data.aws_iam_policy_document.read_access",
                                "mode": "data",
                                "type": "aws_iam_policy_document",
                                "name": "read_access",
                                "provider_config_key": "versioning:aws",
                                "expressions": {
                                    "statement": [
                                        {
                                            "actions": {
                                                "constant_value": [
                                                    "s3:HeadBucket",
                                                    "s3:ListBucket*",
                                                    "s3:ListAllMyBuckets",
                                                    "s3:ListBucketVersions",
                                                    "s3:ListBucketMultipartUploads",
                                                    "s3:ListMultipartUploadParts",
                                                    "s3:GetBucketLocation",
                                                    "s3:GetBucketVersioning",
                                                    "s3:GetEncryptionConfiguration",
                                                    "s3:GetObjectTagging",
                                                    "s3:GetObjectVersion",
                                                    "s3:GetObject"
                                                ]
                                            },
                                            "effect": {
                                                "constant_value": "Allow"
                                            },
                                            "principals": [
                                                {
                                                    "identifiers": {
                                                        "references": [
                                                            "var.read_access",
                                                            "var.read_access",
                                                            "data.aws_caller_identity.current"
                                                        ]
                                                    },
                                                    "type": {
                                                        "constant_value": "AWS"
                                                    }
                                                }
                                            ],
                                            "resources": {
                                                "references": [
                                                    "local.bucket_name",
                                                    "local.bucket_name"
                                                ]
                                            },
                                            "sid": {
                                                "constant_value": "ReadAccess"
                                            }
                                        }
                                    ]
                                },
                                "schema_version": 0
                            },
                            {
                                "address": "data.aws_iam_policy_document.read_policy",
                                "mode": "data",
                                "type": "aws_iam_policy_document",
                                "name": "read_policy",
                                "provider_config_key": "versioning:aws",
                                "expressions": {
                                    "override_json": {
                                        "references": [
                                            "var.read_access",
                                            "data.aws_iam_policy_document.read_access"
                                        ]
                                    },
                                    "source_json": {
                                        "references": [
                                            "data.aws_iam_policy_document.encryption_in_transit"
                                        ]
                                    }
                                },
                                "schema_version": 0
                            },
                            {
                                "address": "data.aws_iam_policy_document.this",
                                "mode": "data",
                                "type": "aws_iam_policy_document",
                                "name": "this",
                                "provider_config_key": "versioning:aws",
                                "expressions": {
                                    "source_json": {
                                        "references": [
                                            "var.disable_rw_policy",
                                            "var.custom_policy",
                                            "aws_s3_bucket.this",
                                            "data.aws_iam_policy_document.custom_policy"
                                        ]
                                    }
                                },
                                "schema_version": 0
                            },
                            {
                                "address": "data.aws_iam_policy_document.write_access",
                                "mode": "data",
                                "type": "aws_iam_policy_document",
                                "name": "write_access",
                                "provider_config_key": "versioning:aws",
                                "expressions": {
                                    "statement": [
                                        {
                                            "actions": {
                                                "constant_value": [
                                                    "s3:AbortMultipartUpload",
                                                    "s3:PutObject",
                                                    "s3:PutObjectRetention",
                                                    "s3:DeleteObject",
                                                    "s3:DeleteObjectVersion",
                                                    "s3:RestoreObject"
                                                ]
                                            },
                                            "effect": {
                                                "constant_value": "Allow"
                                            },
                                            "principals": [
                                                {
                                                    "identifiers": {
                                                        "references": [
                                                            "var.write_access",
                                                            "var.write_access",
                                                            "data.aws_caller_identity.current"
                                                        ]
                                                    },
                                                    "type": {
                                                        "constant_value": "AWS"
                                                    }
                                                }
                                            ],
                                            "resources": {
                                                "references": [
                                                    "local.bucket_name",
                                                    "local.bucket_name"
                                                ]
                                            },
                                            "sid": {
                                                "constant_value": "WriteAccess"
                                            }
                                        }
                                    ]
                                },
                                "schema_version": 0
                            },
                            {
                                "address": "data.aws_iam_policy_document.write_policy",
                                "mode": "data",
                                "type": "aws_iam_policy_document",
                                "name": "write_policy",
                                "provider_config_key": "versioning:aws",
                                "expressions": {
                                    "override_json": {
                                        "references": [
                                            "var.write_access",
                                            "data.aws_iam_policy_document.write_access"
                                        ]
                                    },
                                    "source_json": {
                                        "references": [
                                            "data.aws_iam_policy_document.read_policy"
                                        ]
                                    }
                                },
                                "schema_version": 0
                            }
                        ],
                        "variables": {
                            "acl": {
                                "default": "private",
                                "description": "The Access Control List that will be placed on the bucket. Acceptable Values are: 'private', 'public-read', 'public-read-write', 'aws-exec-read', 'authenticated-read', 'bucket-owner-read', 'bucket-owner-full-control', or 'log-delivery-write'"
                            },
                            "bucket": {
                                "description": "The base name that will be given to the S3 bucket. This base name can be made unique by specifing values for bucket_prefix, bucket_suffix, or both."
                            },
                            "bucket_prefix": {
                                "default": [],
                                "description": "A prefix list that will be added to the start of the bucket name. For example if bucket_prefix=['test'], then the bucket will be named 'test-${bucket}'. This module will also look for the keywords 'region_prefix' and 'account_prefix' and will substitute the current region, or account_id within the module as in the example: bucket_prefix=['test', 'region_prefix', 'account_prefix'], resulting in the bucket 'test-us-east-1-1234567890101-${bucket}'. If left blank no prefix will be added."
                            },
                            "bucket_suffix": {
                                "default": [],
                                "description": "A suffix list that will be added to the end of the bucket name. For example if bucket_suffix=['test'], then the bucket will be named '${bucket}-test'. This module will also look for the keywords 'region_suffix' and 'account_suffix' and will substitute the current region, or account_id within the module as in the example: bucket_suffix=['region_suffix', 'account_suffix', 'test'], resulting in the bucket name '${bucket}-us-east-1-1234567890101-test'. If left blank no suffix will be added."
                            },
                            "cors_rule": {
                                "default": {
                                    "allowed_headers": [
                                        "*"
                                    ],
                                    "allowed_methods": [
                                        "GET",
                                        "PUT",
                                        "POST"
                                    ],
                                    "allowed_origins": [
                                        "*"
                                    ],
                                    "expose_headers": [],
                                    "max_age_seconds": [
                                        "3000"
                                    ]
                                },
                                "description": "Cross Origin Resource Sharing ruleset to apply to the bucket"
                            },
                            "custom_policy": {
                                "default": null,
                                "description": "A bucket policy in the form of a data iam_policy_document. Use %BUCKET% for bucket name. This policy will be added to the read_access/write_access policy."
                            },
                            "disable_rw_policy": {
                                "default": false,
                                "description": "Setting this optional flag to true will disable any automatically generated policies and will ONLY use the custom_policy. The read_access and write_access vars will be ignored."
                            },
                            "encryption": {
                                "default": false,
                                "description": "Flag to enable bucket object encryption."
                            },
                            "error_document": {
                                "default": "error.html",
                                "description": "Value of the error file served by the static hosting bucket server if static hosting is enabled."
                            },
                            "index_document": {
                                "default": "index.html",
                                "description": "Value of the index file served by the static hosting bucket server if static hosting is enabled."
                            },
                            "kms_master_key_id": {
                                "default": "AES256",
                                "description": "The key that will be used to encrypt objects within the new bucket. If the default value of AES256 is unchanged, S3 will encrypt objects with the default KMS key. If a KMS CMK ARN is provided, then S3 will encrypt objects with the specified KMS key instead."
                            },
                            "logging_bucket": {
                                "default": null,
                                "description": "The base name of an S3 bucket designated as the log bucket for the provisioned s3 buckets access logs"
                            },
                            "mfa_delete": {
                                "default": false,
                                "description": "Flag to enable the requirement of MFA in order to delete a bucket, object, or disable object versioning."
                            },
                            "read_access": {
                                "default": [],
                                "description": "List of users/roles that will be granted permissions to LIST, DESCRIBE, and GET objects from the provisioned S3 bucket."
                            },
                            "region": {
                                "default": "us-east-1",
                                "description": "The AWS region where the S3 bucket will be provisioned."
                            },
                            "static_hosting": {
                                "default": false,
                                "description": "Flag that can be set to turn on static hosting within a bucket."
                            },
                            "tags": {
                                "default": {
                                    "Module_GitHub_URL": "https://github.com/TheCloudMage/TF-AWS-S3-Module.git",
                                    "Provisioned_By": "Terraform"
                                },
                                "description": "Specify any tags that should be added to the S3 bucket being provisioned."
                            },
                            "versioning": {
                                "default": false,
                                "description": "Flag to enable bucket object versioning."
                            },
                            "write_access": {
                                "default": [],
                                "description": "List of users/roles that will be granted permissions to PUT, and DELETE objects to/from the provisioned S3 bucket."
                            }
                        }
                    }
                },
                "write_custom_policy": {
                    "source": "../",
                    "expressions": {
                        "bucket": {
                            "references": [
                                "var.bucket"
                            ]
                        },
                        "bucket_prefix": {
                            "constant_value": [
                                "account_prefix",
                                "custom"
                            ]
                        },
                        "bucket_suffix": {
                            "constant_value": [
                                "region_suffix",
                                "write"
                            ]
                        },
                        "custom_policy": {
                            "references": [
                                "data.aws_iam_policy_document.test_policy"
                            ]
                        },
                        "region": {
                            "constant_value": "us-west-2"
                        },
                        "write_access": {
                            "constant_value": [
                                "arn:aws:iam::123456789101:role/AWS-S3-Write-Role"
                            ]
                        }
                    },
                    "module": {
                        "outputs": {
                            "arn": {
                                "expression": {
                                    "references": [
                                        "aws_s3_bucket.this"
                                    ]
                                },
                                "description": "The Amazon Resource Name (ARN) of the provisioned S3 bucket. Will be of format arn:aws:s3:::bucketname"
                            },
                            "bucket_domain_name": {
                                "expression": {
                                    "references": [
                                        "aws_s3_bucket.this"
                                    ]
                                },
                                "description": "The bucket domain name. Will be of format bucketname.s3.amazonaws.com"
                            },
                            "bucket_regional_domain_name": {
                                "expression": {
                                    "references": [
                                        "aws_s3_bucket.this"
                                    ]
                                },
                                "description": "The bucket region-specific domain name."
                            },
                            "hosted_zone_id": {
                                "expression": {
                                    "references": [
                                        "var.static_hosting",
                                        "aws_s3_bucket.this"
                                    ]
                                },
                                "description": "The Route 53 Hosted Zone ID for this bucket's region."
                            },
                            "id": {
                                "expression": {
                                    "references": [
                                        "aws_s3_bucket.this"
                                    ]
                                },
                                "description": "The globally unique identifier for the provisioned S3 bucket."
                            },
                            "region": {
                                "expression": {
                                    "references": [
                                        "aws_s3_bucket.this"
                                    ]
                                },
                                "description": "The AWS region the provisioned S3 bucket resides in"
                            },
                            "website_domain": {
                                "expression": {
                                    "references": [
                                        "var.static_hosting",
                                        "aws_s3_bucket.this"
                                    ]
                                },
                                "description": "The domain of the static S3 website endpoint, if static_hosting was enabled. If not, this will be an empty string. This is used to create Route 53 alias records."
                            },
                            "website_endpoint": {
                                "expression": {
                                    "references": [
                                        "var.static_hosting",
                                        "aws_s3_bucket.this"
                                    ]
                                },
                                "description": "The static S3 website endpoint, if static_hosting was enabled. If not, this will be an empty string."
                            }
                        },
                        "resources": [
                            {
                                "address": "aws_s3_bucket.this",
                                "mode": "managed",
                                "type": "aws_s3_bucket",
                                "name": "this",
                                "provider_config_key": "write_custom_policy:aws",
                                "expressions": {
                                    "acl": {
                                        "references": [
                                            "var.acl"
                                        ]
                                    },
                                    "bucket": {
                                        "references": [
                                            "local.bucket_name"
                                        ]
                                    },
                                    "tags": {
                                        "references": [
                                            "var.tags",
                                            "local.bucket_name",
                                            "data.aws_caller_identity.current",
                                            "data.aws_caller_identity.current",
                                            "var.encryption",
                                            "local.sse_algorithm"
                                        ]
                                    },
                                    "versioning": [
                                        {
                                            "enabled": {
                                                "references": [
                                                    "var.versioning"
                                                ]
                                            },
                                            "mfa_delete": {
                                                "references": [
                                                    "var.mfa_delete"
                                                ]
                                            }
                                        }
                                    ]
                                },
                                "schema_version": 0
                            },
                            {
                                "address": "aws_s3_bucket_policy.this",
                                "mode": "managed",
                                "type": "aws_s3_bucket_policy",
                                "name": "this",
                                "provider_config_key": "write_custom_policy:aws",
                                "expressions": {
                                    "bucket": {
                                        "references": [
                                            "aws_s3_bucket.this"
                                        ]
                                    },
                                    "policy": {
                                        "references": [
                                            "data.aws_iam_policy_document.this"
                                        ]
                                    }
                                },
                                "schema_version": 0
                            },
                            {
                                "address": "data.aws_caller_identity.current",
                                "mode": "data",
                                "type": "aws_caller_identity",
                                "name": "current",
                                "provider_config_key": "write_custom_policy:aws",
                                "schema_version": 0
                            },
                            {
                                "address": "data.aws_iam_policy_document.custom_policy",
                                "mode": "data",
                                "type": "aws_iam_policy_document",
                                "name": "custom_policy",
                                "provider_config_key": "write_custom_policy:aws",
                                "expressions": {
                                    "override_json": {
                                        "references": [
                                            "var.custom_policy",
                                            "var.custom_policy",
                                            "aws_s3_bucket.this"
                                        ]
                                    },
                                    "source_json": {
                                        "references": [
                                            "data.aws_iam_policy_document.write_policy"
                                        ]
                                    }
                                },
                                "schema_version": 0
                            },
                            {
                                "address": "data.aws_iam_policy_document.encryption_in_transit",
                                "mode": "data",
                                "type": "aws_iam_policy_document",
                                "name": "encryption_in_transit",
                                "provider_config_key": "write_custom_policy:aws",
                                "expressions": {
                                    "statement": [
                                        {
                                            "actions": {
                                                "constant_value": [
                                                    "s3:*"
                                                ]
                                            },
                                            "condition": [
                                                {
                                                    "test": {
                                                        "constant_value": "Bool"
                                                    },
                                                    "values": {
                                                        "constant_value": [
                                                            "false"
                                                        ]
                                                    },
                                                    "variable": {
                                                        "constant_value": "aws:SecureTransport"
                                                    }
                                                }
                                            ],
                                            "effect": {
                                                "constant_value": "Deny"
                                            },
                                            "principals": [
                                                {
                                                    "identifiers": {
                                                        "constant_value": [
                                                            "*"
                                                        ]
                                                    },
                                                    "type": {
                                                        "constant_value": "AWS"
                                                    }
                                                }
                                            ],
                                            "resources": {
                                                "references": [
                                                    "local.bucket_name",
                                                    "local.bucket_name"
                                                ]
                                            },
                                            "sid": {
                                                "constant_value": "DenyNonSecureTransport"
                                            }
                                        }
                                    ]
                                },
                                "schema_version": 0
                            },
                            {
                                "address": "data.aws_iam_policy_document.read_access",
                                "mode": "data",
                                "type": "aws_iam_policy_document",
                                "name": "read_access",
                                "provider_config_key": "write_custom_policy:aws",
                                "expressions": {
                                    "statement": [
                                        {
                                            "actions": {
                                                "constant_value": [
                                                    "s3:HeadBucket",
                                                    "s3:ListBucket*",
                                                    "s3:ListAllMyBuckets",
                                                    "s3:ListBucketVersions",
                                                    "s3:ListBucketMultipartUploads",
                                                    "s3:ListMultipartUploadParts",
                                                    "s3:GetBucketLocation",
                                                    "s3:GetBucketVersioning",
                                                    "s3:GetEncryptionConfiguration",
                                                    "s3:GetObjectTagging",
                                                    "s3:GetObjectVersion",
                                                    "s3:GetObject"
                                                ]
                                            },
                                            "effect": {
                                                "constant_value": "Allow"
                                            },
                                            "principals": [
                                                {
                                                    "identifiers": {
                                                        "references": [
                                                            "var.read_access",
                                                            "var.read_access",
                                                            "data.aws_caller_identity.current"
                                                        ]
                                                    },
                                                    "type": {
                                                        "constant_value": "AWS"
                                                    }
                                                }
                                            ],
                                            "resources": {
                                                "references": [
                                                    "local.bucket_name",
                                                    "local.bucket_name"
                                                ]
                                            },
                                            "sid": {
                                                "constant_value": "ReadAccess"
                                            }
                                        }
                                    ]
                                },
                                "schema_version": 0
                            },
                            {
                                "address": "data.aws_iam_policy_document.read_policy",
                                "mode": "data",
                                "type": "aws_iam_policy_document",
                                "name": "read_policy",
                                "provider_config_key": "write_custom_policy:aws",
                                "expressions": {
                                    "override_json": {
                                        "references": [
                                            "var.read_access",
                                            "data.aws_iam_policy_document.read_access"
                                        ]
                                    },
                                    "source_json": {
                                        "references": [
                                            "data.aws_iam_policy_document.encryption_in_transit"
                                        ]
                                    }
                                },
                                "schema_version": 0
                            },
                            {
                                "address": "data.aws_iam_policy_document.this",
                                "mode": "data",
                                "type": "aws_iam_policy_document",
                                "name": "this",
                                "provider_config_key": "write_custom_policy:aws",
                                "expressions": {
                                    "source_json": {
                                        "references": [
                                            "var.disable_rw_policy",
                                            "var.custom_policy",
                                            "aws_s3_bucket.this",
                                            "data.aws_iam_policy_document.custom_policy"
                                        ]
                                    }
                                },
                                "schema_version": 0
                            },
                            {
                                "address": "data.aws_iam_policy_document.write_access",
                                "mode": "data",
                                "type": "aws_iam_policy_document",
                                "name": "write_access",
                                "provider_config_key": "write_custom_policy:aws",
                                "expressions": {
                                    "statement": [
                                        {
                                            "actions": {
                                                "constant_value": [
                                                    "s3:AbortMultipartUpload",
                                                    "s3:PutObject",
                                                    "s3:PutObjectRetention",
                                                    "s3:DeleteObject",
                                                    "s3:DeleteObjectVersion",
                                                    "s3:RestoreObject"
                                                ]
                                            },
                                            "effect": {
                                                "constant_value": "Allow"
                                            },
                                            "principals": [
                                                {
                                                    "identifiers": {
                                                        "references": [
                                                            "var.write_access",
                                                            "var.write_access",
                                                            "data.aws_caller_identity.current"
                                                        ]
                                                    },
                                                    "type": {
                                                        "constant_value": "AWS"
                                                    }
                                                }
                                            ],
                                            "resources": {
                                                "references": [
                                                    "local.bucket_name",
                                                    "local.bucket_name"
                                                ]
                                            },
                                            "sid": {
                                                "constant_value": "WriteAccess"
                                            }
                                        }
                                    ]
                                },
                                "schema_version": 0
                            },
                            {
                                "address": "data.aws_iam_policy_document.write_policy",
                                "mode": "data",
                                "type": "aws_iam_policy_document",
                                "name": "write_policy",
                                "provider_config_key": "write_custom_policy:aws",
                                "expressions": {
                                    "override_json": {
                                        "references": [
                                            "var.write_access",
                                            "data.aws_iam_policy_document.write_access"
                                        ]
                                    },
                                    "source_json": {
                                        "references": [
                                            "data.aws_iam_policy_document.read_policy"
                                        ]
                                    }
                                },
                                "schema_version": 0
                            }
                        ],
                        "variables": {
                            "acl": {
                                "default": "private",
                                "description": "The Access Control List that will be placed on the bucket. Acceptable Values are: 'private', 'public-read', 'public-read-write', 'aws-exec-read', 'authenticated-read', 'bucket-owner-read', 'bucket-owner-full-control', or 'log-delivery-write'"
                            },
                            "bucket": {
                                "description": "The base name that will be given to the S3 bucket. This base name can be made unique by specifing values for bucket_prefix, bucket_suffix, or both."
                            },
                            "bucket_prefix": {
                                "default": [],
                                "description": "A prefix list that will be added to the start of the bucket name. For example if bucket_prefix=['test'], then the bucket will be named 'test-${bucket}'. This module will also look for the keywords 'region_prefix' and 'account_prefix' and will substitute the current region, or account_id within the module as in the example: bucket_prefix=['test', 'region_prefix', 'account_prefix'], resulting in the bucket 'test-us-east-1-1234567890101-${bucket}'. If left blank no prefix will be added."
                            },
                            "bucket_suffix": {
                                "default": [],
                                "description": "A suffix list that will be added to the end of the bucket name. For example if bucket_suffix=['test'], then the bucket will be named '${bucket}-test'. This module will also look for the keywords 'region_suffix' and 'account_suffix' and will substitute the current region, or account_id within the module as in the example: bucket_suffix=['region_suffix', 'account_suffix', 'test'], resulting in the bucket name '${bucket}-us-east-1-1234567890101-test'. If left blank no suffix will be added."
                            },
                            "cors_rule": {
                                "default": {
                                    "allowed_headers": [
                                        "*"
                                    ],
                                    "allowed_methods": [
                                        "GET",
                                        "PUT",
                                        "POST"
                                    ],
                                    "allowed_origins": [
                                        "*"
                                    ],
                                    "expose_headers": [],
                                    "max_age_seconds": [
                                        "3000"
                                    ]
                                },
                                "description": "Cross Origin Resource Sharing ruleset to apply to the bucket"
                            },
                            "custom_policy": {
                                "default": null,
                                "description": "A bucket policy in the form of a data iam_policy_document. Use %BUCKET% for bucket name. This policy will be added to the read_access/write_access policy."
                            },
                            "disable_rw_policy": {
                                "default": false,
                                "description": "Setting this optional flag to true will disable any automatically generated policies and will ONLY use the custom_policy. The read_access and write_access vars will be ignored."
                            },
                            "encryption": {
                                "default": false,
                                "description": "Flag to enable bucket object encryption."
                            },
                            "error_document": {
                                "default": "error.html",
                                "description": "Value of the error file served by the static hosting bucket server if static hosting is enabled."
                            },
                            "index_document": {
                                "default": "index.html",
                                "description": "Value of the index file served by the static hosting bucket server if static hosting is enabled."
                            },
                            "kms_master_key_id": {
                                "default": "AES256",
                                "description": "The key that will be used to encrypt objects within the new bucket. If the default value of AES256 is unchanged, S3 will encrypt objects with the default KMS key. If a KMS CMK ARN is provided, then S3 will encrypt objects with the specified KMS key instead."
                            },
                            "logging_bucket": {
                                "default": null,
                                "description": "The base name of an S3 bucket designated as the log bucket for the provisioned s3 buckets access logs"
                            },
                            "mfa_delete": {
                                "default": false,
                                "description": "Flag to enable the requirement of MFA in order to delete a bucket, object, or disable object versioning."
                            },
                            "read_access": {
                                "default": [],
                                "description": "List of users/roles that will be granted permissions to LIST, DESCRIBE, and GET objects from the provisioned S3 bucket."
                            },
                            "region": {
                                "default": "us-east-1",
                                "description": "The AWS region where the S3 bucket will be provisioned."
                            },
                            "static_hosting": {
                                "default": false,
                                "description": "Flag that can be set to turn on static hosting within a bucket."
                            },
                            "tags": {
                                "default": {
                                    "Module_GitHub_URL": "https://github.com/TheCloudMage/TF-AWS-S3-Module.git",
                                    "Provisioned_By": "Terraform"
                                },
                                "description": "Specify any tags that should be added to the S3 bucket being provisioned."
                            },
                            "versioning": {
                                "default": false,
                                "description": "Flag to enable bucket object versioning."
                            },
                            "write_access": {
                                "default": [],
                                "description": "List of users/roles that will be granted permissions to PUT, and DELETE objects to/from the provisioned S3 bucket."
                            }
                        }
                    }
                },
                "write_policy": {
                    "source": "../",
                    "expressions": {
                        "bucket": {
                            "references": [
                                "var.bucket"
                            ]
                        },
                        "bucket_suffix": {
                            "constant_value": [
                                "region_suffix",
                                "write"
                            ]
                        },
                        "region": {
                            "constant_value": "us-west-2"
                        },
                        "write_access": {
                            "constant_value": [
                                "arn:aws:iam::123456789101:role/AWS-S3-Write-Role"
                            ]
                        }
                    },
                    "module": {
                        "outputs": {
                            "arn": {
                                "expression": {
                                    "references": [
                                        "aws_s3_bucket.this"
                                    ]
                                },
                                "description": "The Amazon Resource Name (ARN) of the provisioned S3 bucket. Will be of format arn:aws:s3:::bucketname"
                            },
                            "bucket_domain_name": {
                                "expression": {
                                    "references": [
                                        "aws_s3_bucket.this"
                                    ]
                                },
                                "description": "The bucket domain name. Will be of format bucketname.s3.amazonaws.com"
                            },
                            "bucket_regional_domain_name": {
                                "expression": {
                                    "references": [
                                        "aws_s3_bucket.this"
                                    ]
                                },
                                "description": "The bucket region-specific domain name."
                            },
                            "hosted_zone_id": {
                                "expression": {
                                    "references": [
                                        "var.static_hosting",
                                        "aws_s3_bucket.this"
                                    ]
                                },
                                "description": "The Route 53 Hosted Zone ID for this bucket's region."
                            },
                            "id": {
                                "expression": {
                                    "references": [
                                        "aws_s3_bucket.this"
                                    ]
                                },
                                "description": "The globally unique identifier for the provisioned S3 bucket."
                            },
                            "region": {
                                "expression": {
                                    "references": [
                                        "aws_s3_bucket.this"
                                    ]
                                },
                                "description": "The AWS region the provisioned S3 bucket resides in"
                            },
                            "website_domain": {
                                "expression": {
                                    "references": [
                                        "var.static_hosting",
                                        "aws_s3_bucket.this"
                                    ]
                                },
                                "description": "The domain of the static S3 website endpoint, if static_hosting was enabled. If not, this will be an empty string. This is used to create Route 53 alias records."
                            },
                            "website_endpoint": {
                                "expression": {
                                    "references": [
                                        "var.static_hosting",
                                        "aws_s3_bucket.this"
                                    ]
                                },
                                "description": "The static S3 website endpoint, if static_hosting was enabled. If not, this will be an empty string."
                            }
                        },
                        "resources": [
                            {
                                "address": "aws_s3_bucket.this",
                                "mode": "managed",
                                "type": "aws_s3_bucket",
                                "name": "this",
                                "provider_config_key": "write_policy:aws",
                                "expressions": {
                                    "acl": {
                                        "references": [
                                            "var.acl"
                                        ]
                                    },
                                    "bucket": {
                                        "references": [
                                            "local.bucket_name"
                                        ]
                                    },
                                    "tags": {
                                        "references": [
                                            "var.tags",
                                            "local.bucket_name",
                                            "data.aws_caller_identity.current",
                                            "data.aws_caller_identity.current",
                                            "var.encryption",
                                            "local.sse_algorithm"
                                        ]
                                    },
                                    "versioning": [
                                        {
                                            "enabled": {
                                                "references": [
                                                    "var.versioning"
                                                ]
                                            },
                                            "mfa_delete": {
                                                "references": [
                                                    "var.mfa_delete"
                                                ]
                                            }
                                        }
                                    ]
                                },
                                "schema_version": 0
                            },
                            {
                                "address": "aws_s3_bucket_policy.this",
                                "mode": "managed",
                                "type": "aws_s3_bucket_policy",
                                "name": "this",
                                "provider_config_key": "write_policy:aws",
                                "expressions": {
                                    "bucket": {
                                        "references": [
                                            "aws_s3_bucket.this"
                                        ]
                                    },
                                    "policy": {
                                        "references": [
                                            "data.aws_iam_policy_document.this"
                                        ]
                                    }
                                },
                                "schema_version": 0
                            },
                            {
                                "address": "data.aws_caller_identity.current",
                                "mode": "data",
                                "type": "aws_caller_identity",
                                "name": "current",
                                "provider_config_key": "write_policy:aws",
                                "schema_version": 0
                            },
                            {
                                "address": "data.aws_iam_policy_document.custom_policy",
                                "mode": "data",
                                "type": "aws_iam_policy_document",
                                "name": "custom_policy",
                                "provider_config_key": "write_policy:aws",
                                "expressions": {
                                    "override_json": {
                                        "references": [
                                            "var.custom_policy",
                                            "var.custom_policy",
                                            "aws_s3_bucket.this"
                                        ]
                                    },
                                    "source_json": {
                                        "references": [
                                            "data.aws_iam_policy_document.write_policy"
                                        ]
                                    }
                                },
                                "schema_version": 0
                            },
                            {
                                "address": "data.aws_iam_policy_document.encryption_in_transit",
                                "mode": "data",
                                "type": "aws_iam_policy_document",
                                "name": "encryption_in_transit",
                                "provider_config_key": "write_policy:aws",
                                "expressions": {
                                    "statement": [
                                        {
                                            "actions": {
                                                "constant_value": [
                                                    "s3:*"
                                                ]
                                            },
                                            "condition": [
                                                {
                                                    "test": {
                                                        "constant_value": "Bool"
                                                    },
                                                    "values": {
                                                        "constant_value": [
                                                            "false"
                                                        ]
                                                    },
                                                    "variable": {
                                                        "constant_value": "aws:SecureTransport"
                                                    }
                                                }
                                            ],
                                            "effect": {
                                                "constant_value": "Deny"
                                            },
                                            "principals": [
                                                {
                                                    "identifiers": {
                                                        "constant_value": [
                                                            "*"
                                                        ]
                                                    },
                                                    "type": {
                                                        "constant_value": "AWS"
                                                    }
                                                }
                                            ],
                                            "resources": {
                                                "references": [
                                                    "local.bucket_name",
                                                    "local.bucket_name"
                                                ]
                                            },
                                            "sid": {
                                                "constant_value": "DenyNonSecureTransport"
                                            }
                                        }
                                    ]
                                },
                                "schema_version": 0
                            },
                            {
                                "address": "data.aws_iam_policy_document.read_access",
                                "mode": "data",
                                "type": "aws_iam_policy_document",
                                "name": "read_access",
                                "provider_config_key": "write_policy:aws",
                                "expressions": {
                                    "statement": [
                                        {
                                            "actions": {
                                                "constant_value": [
                                                    "s3:HeadBucket",
                                                    "s3:ListBucket*",
                                                    "s3:ListAllMyBuckets",
                                                    "s3:ListBucketVersions",
                                                    "s3:ListBucketMultipartUploads",
                                                    "s3:ListMultipartUploadParts",
                                                    "s3:GetBucketLocation",
                                                    "s3:GetBucketVersioning",
                                                    "s3:GetEncryptionConfiguration",
                                                    "s3:GetObjectTagging",
                                                    "s3:GetObjectVersion",
                                                    "s3:GetObject"
                                                ]
                                            },
                                            "effect": {
                                                "constant_value": "Allow"
                                            },
                                            "principals": [
                                                {
                                                    "identifiers": {
                                                        "references": [
                                                            "var.read_access",
                                                            "var.read_access",
                                                            "data.aws_caller_identity.current"
                                                        ]
                                                    },
                                                    "type": {
                                                        "constant_value": "AWS"
                                                    }
                                                }
                                            ],
                                            "resources": {
                                                "references": [
                                                    "local.bucket_name",
                                                    "local.bucket_name"
                                                ]
                                            },
                                            "sid": {
                                                "constant_value": "ReadAccess"
                                            }
                                        }
                                    ]
                                },
                                "schema_version": 0
                            },
                            {
                                "address": "data.aws_iam_policy_document.read_policy",
                                "mode": "data",
                                "type": "aws_iam_policy_document",
                                "name": "read_policy",
                                "provider_config_key": "write_policy:aws",
                                "expressions": {
                                    "override_json": {
                                        "references": [
                                            "var.read_access",
                                            "data.aws_iam_policy_document.read_access"
                                        ]
                                    },
                                    "source_json": {
                                        "references": [
                                            "data.aws_iam_policy_document.encryption_in_transit"
                                        ]
                                    }
                                },
                                "schema_version": 0
                            },
                            {
                                "address": "data.aws_iam_policy_document.this",
                                "mode": "data",
                                "type": "aws_iam_policy_document",
                                "name": "this",
                                "provider_config_key": "write_policy:aws",
                                "expressions": {
                                    "source_json": {
                                        "references": [
                                            "var.disable_rw_policy",
                                            "var.custom_policy",
                                            "aws_s3_bucket.this",
                                            "data.aws_iam_policy_document.custom_policy"
                                        ]
                                    }
                                },
                                "schema_version": 0
                            },
                            {
                                "address": "data.aws_iam_policy_document.write_access",
                                "mode": "data",
                                "type": "aws_iam_policy_document",
                                "name": "write_access",
                                "provider_config_key": "write_policy:aws",
                                "expressions": {
                                    "statement": [
                                        {
                                            "actions": {
                                                "constant_value": [
                                                    "s3:AbortMultipartUpload",
                                                    "s3:PutObject",
                                                    "s3:PutObjectRetention",
                                                    "s3:DeleteObject",
                                                    "s3:DeleteObjectVersion",
                                                    "s3:RestoreObject"
                                                ]
                                            },
                                            "effect": {
                                                "constant_value": "Allow"
                                            },
                                            "principals": [
                                                {
                                                    "identifiers": {
                                                        "references": [
                                                            "var.write_access",
                                                            "var.write_access",
                                                            "data.aws_caller_identity.current"
                                                        ]
                                                    },
                                                    "type": {
                                                        "constant_value": "AWS"
                                                    }
                                                }
                                            ],
                                            "resources": {
                                                "references": [
                                                    "local.bucket_name",
                                                    "local.bucket_name"
                                                ]
                                            },
                                            "sid": {
                                                "constant_value": "WriteAccess"
                                            }
                                        }
                                    ]
                                },
                                "schema_version": 0
                            },
                            {
                                "address": "data.aws_iam_policy_document.write_policy",
                                "mode": "data",
                                "type": "aws_iam_policy_document",
                                "name": "write_policy",
                                "provider_config_key": "write_policy:aws",
                                "expressions": {
                                    "override_json": {
                                        "references": [
                                            "var.write_access",
                                            "data.aws_iam_policy_document.write_access"
                                        ]
                                    },
                                    "source_json": {
                                        "references": [
                                            "data.aws_iam_policy_document.read_policy"
                                        ]
                                    }
                                },
                                "schema_version": 0
                            }
                        ],
                        "variables": {
                            "acl": {
                                "default": "private",
                                "description": "The Access Control List that will be placed on the bucket. Acceptable Values are: 'private', 'public-read', 'public-read-write', 'aws-exec-read', 'authenticated-read', 'bucket-owner-read', 'bucket-owner-full-control', or 'log-delivery-write'"
                            },
                            "bucket": {
                                "description": "The base name that will be given to the S3 bucket. This base name can be made unique by specifing values for bucket_prefix, bucket_suffix, or both."
                            },
                            "bucket_prefix": {
                                "default": [],
                                "description": "A prefix list that will be added to the start of the bucket name. For example if bucket_prefix=['test'], then the bucket will be named 'test-${bucket}'. This module will also look for the keywords 'region_prefix' and 'account_prefix' and will substitute the current region, or account_id within the module as in the example: bucket_prefix=['test', 'region_prefix', 'account_prefix'], resulting in the bucket 'test-us-east-1-1234567890101-${bucket}'. If left blank no prefix will be added."
                            },
                            "bucket_suffix": {
                                "default": [],
                                "description": "A suffix list that will be added to the end of the bucket name. For example if bucket_suffix=['test'], then the bucket will be named '${bucket}-test'. This module will also look for the keywords 'region_suffix' and 'account_suffix' and will substitute the current region, or account_id within the module as in the example: bucket_suffix=['region_suffix', 'account_suffix', 'test'], resulting in the bucket name '${bucket}-us-east-1-1234567890101-test'. If left blank no suffix will be added."
                            },
                            "cors_rule": {
                                "default": {
                                    "allowed_headers": [
                                        "*"
                                    ],
                                    "allowed_methods": [
                                        "GET",
                                        "PUT",
                                        "POST"
                                    ],
                                    "allowed_origins": [
                                        "*"
                                    ],
                                    "expose_headers": [],
                                    "max_age_seconds": [
                                        "3000"
                                    ]
                                },
                                "description": "Cross Origin Resource Sharing ruleset to apply to the bucket"
                            },
                            "custom_policy": {
                                "default": null,
                                "description": "A bucket policy in the form of a data iam_policy_document. Use %BUCKET% for bucket name. This policy will be added to the read_access/write_access policy."
                            },
                            "disable_rw_policy": {
                                "default": false,
                                "description": "Setting this optional flag to true will disable any automatically generated policies and will ONLY use the custom_policy. The read_access and write_access vars will be ignored."
                            },
                            "encryption": {
                                "default": false,
                                "description": "Flag to enable bucket object encryption."
                            },
                            "error_document": {
                                "default": "error.html",
                                "description": "Value of the error file served by the static hosting bucket server if static hosting is enabled."
                            },
                            "index_document": {
                                "default": "index.html",
                                "description": "Value of the index file served by the static hosting bucket server if static hosting is enabled."
                            },
                            "kms_master_key_id": {
                                "default": "AES256",
                                "description": "The key that will be used to encrypt objects within the new bucket. If the default value of AES256 is unchanged, S3 will encrypt objects with the default KMS key. If a KMS CMK ARN is provided, then S3 will encrypt objects with the specified KMS key instead."
                            },
                            "logging_bucket": {
                                "default": null,
                                "description": "The base name of an S3 bucket designated as the log bucket for the provisioned s3 buckets access logs"
                            },
                            "mfa_delete": {
                                "default": false,
                                "description": "Flag to enable the requirement of MFA in order to delete a bucket, object, or disable object versioning."
                            },
                            "read_access": {
                                "default": [],
                                "description": "List of users/roles that will be granted permissions to LIST, DESCRIBE, and GET objects from the provisioned S3 bucket."
                            },
                            "region": {
                                "default": "us-east-1",
                                "description": "The AWS region where the S3 bucket will be provisioned."
                            },
                            "static_hosting": {
                                "default": false,
                                "description": "Flag that can be set to turn on static hosting within a bucket."
                            },
                            "tags": {
                                "default": {
                                    "Module_GitHub_URL": "https://github.com/TheCloudMage/TF-AWS-S3-Module.git",
                                    "Provisioned_By": "Terraform"
                                },
                                "description": "Specify any tags that should be added to the S3 bucket being provisioned."
                            },
                            "versioning": {
                                "default": false,
                                "description": "Flag to enable bucket object versioning."
                            },
                            "write_access": {
                                "default": [],
                                "description": "List of users/roles that will be granted permissions to PUT, and DELETE objects to/from the provisioned S3 bucket."
                            }
                        }
                    }
                }
            },
            "variables": {
                "acl": {
                    "default": "private",
                    "description": "The Access Control List that will be placed on the bucket. Acceptable Values are: 'private', 'public-read', 'public-read-write', 'aws-exec-read', 'authenticated-read', 'bucket-owner-read', 'bucket-owner-full-control', or 'log-delivery-write'"
                },
                "bucket": {
                    "description": "The base name of the S3 bucket that is being requested. This base name can be made unique by specifing values for either the bucket_prefix, the bucket_suffix, or both module variables."
                },
                "bucket_prefix": {
                    "default": [],
                    "description": "A prefix list that will be added to the start of the bucket name. For example if bucket_prefix=['test'], then the bucket will be named 'test-${bucket}'. This module will also look for the keywords 'region_prefix' and 'account_prefix' and will substitute the current region, or account_id within the module as in the example: bucket_prefix=['test', 'region_prefix', 'account_prefix'], resulting in the bucket 'test-us-east-1-1234567890101-${bucket}'. If left blank no prefix will be added."
                },
                "bucket_suffix": {
                    "default": [],
                    "description": "A suffix list that will be added to the end of the bucket name. For example if bucket_suffix=['test'], then the bucket will be named '${bucket}-test'. This module will also look for the keywords 'region_suffix' and 'account_suffix' and will substitute the current region, or account_id within the module as in the example: bucket_suffix=['region_suffix', 'account_suffix', 'test'], resulting in the bucket name '${bucket}-us-east-1-1234567890101-test'. If left blank no suffix will be added."
                },
                "cors_rule": {
                    "default": {
                        "allowed_headers": [
                            "*"
                        ],
                        "allowed_methods": [
                            "GET",
                            "PUT",
                            "POST"
                        ],
                        "allowed_origins": [
                            "*"
                        ],
                        "expose_headers": [],
                        "max_age_seconds": [
                            "3000"
                        ]
                    },
                    "description": "Cross Origin Resource Sharing ruleset to apply to the bucket"
                },
                "custom_policy": {
                    "default": null,
                    "description": "A bucket policy in the form of a data iam_policy_document. Use %BUCKET% for bucket name. This policy will be added to the read_access/write_access policy."
                },
                "disable_rw_policy": {
                    "default": false,
                    "description": "Setting this optional flag to true will disable any automatically generated policies and will ONLY use the custom_policy. The read_access and write_access vars will be ignored."
                },
                "encryption": {
                    "default": false,
                    "description": "Flag to enable bucket object encryption."
                },
                "error_document": {
                    "default": "error.html",
                    "description": "Value of the error file served by the static hosting bucket server if static hosting is enabled."
                },
                "index_document": {
                    "default": "index.html",
                    "description": "Value of the index file served by the static hosting bucket server if static hosting is enabled."
                },
                "kms_master_key_id": {
                    "default": "AES256",
                    "description": "The key that will be used to encrypt objects within the new bucket. If the default value of AES256 is unchanged, S3 will encrypt objects with the default KMS key. If a KMS CMK ARN is provided, then S3 will encrypt objects with the specified KMS key instead."
                },
                "logging_bucket": {
                    "default": null,
                    "description": "The base name of the S3 bucket that will be used as the log bucket for the provisioned s3 buckets access logs"
                },
                "mfa_delete": {
                    "default": false,
                    "description": "Flag to enable the requirement of MFA in order to delete a bucket, object, or disable object versioning."
                },
                "provider_region": {
                    "default": "us-east-1",
                    "description": "AWS region to use when making calls to the AWS provider."
                },
                "read_access": {
                    "default": [],
                    "description": "List of users/roles that will be granted permissions to LIST, DESCRIBE, and GET objects from the provisioned S3 bucket."
                },
                "region": {
                    "default": "us-east-1",
                    "description": "The AWS region where the S3 bucket will be provisioned."
                },
                "static_hosting": {
                    "default": false,
                    "description": "Flag that can be set to turn on static hosting within a bucket."
                },
                "tags": {
                    "default": {
                        "Module_GitHub_URL": "https://github.com/TheCloudMage/TF-AWS-S3-Module.git",
                        "Provisioned_By": "Terraform"
                    },
                    "description": "Specify any tags that should be added to the S3 bucket being provisioned."
                },
                "versioning": {
                    "default": false,
                    "description": "Flag to enable bucket object versioning."
                },
                "write_access": {
                    "default": [],
                    "description": "List of users/roles that will be granted permissions to PUT, and DELETE objects to/from the provisioned S3 bucket."
                }
            }
        }
    }
}